// !$*UTF8*$!
{
	archiveVersion = 1;
	classes = {
	};
	objectVersion = 46;
	objects = {

/* Begin PBXBuildFile section */
		127437573AB123E2BCE39558 /* libPods.a in Frameworks */ = {isa = PBXBuildFile; fileRef = 32E8EF9BBE4402875978F035 /* libPods.a */; };
		2B8D54241CEA18E400AF43CA /* CYXuanfuView.m in Sources */ = {isa = PBXBuildFile; fileRef = 2B8D54031CEA18E400AF43CA /* CYXuanfuView.m */; };
		2B8D54251CEA18E400AF43CA /* CYXuanfuView.xib in Resources */ = {isa = PBXBuildFile; fileRef = 2B8D54041CEA18E400AF43CA /* CYXuanfuView.xib */; };
		2B8D54261CEA18E400AF43CA /* FindViewController.m in Sources */ = {isa = PBXBuildFile; fileRef = 2B8D54061CEA18E400AF43CA /* FindViewController.m */; };
		2B8D54271CEA18E400AF43CA /* CYDoDiViewController.m in Sources */ = {isa = PBXBuildFile; fileRef = 2B8D54091CEA18E400AF43CA /* CYDoDiViewController.m */; };
		2B8D54281CEA18E400AF43CA /* CYPoViewController.m in Sources */ = {isa = PBXBuildFile; fileRef = 2B8D540C1CEA18E400AF43CA /* CYPoViewController.m */; };
		2B8D54291CEA18E400AF43CA /* CYDizhuCell.m in Sources */ = {isa = PBXBuildFile; fileRef = 2B8D540F1CEA18E400AF43CA /* CYDizhuCell.m */; };
		2B8D542A1CEA18E400AF43CA /* CYDizhuCell.xib in Resources */ = {isa = PBXBuildFile; fileRef = 2B8D54101CEA18E400AF43CA /* CYDizhuCell.xib */; };
		2B8D542D1CEA18E400AF43CA /* CYDizhuResultData.m in Sources */ = {isa = PBXBuildFile; fileRef = 2B8D54161CEA18E400AF43CA /* CYDizhuResultData.m */; };
		2B8D542E1CEA18E400AF43CA /* CYDizhuTableView.m in Sources */ = {isa = PBXBuildFile; fileRef = 2B8D54181CEA18E400AF43CA /* CYDizhuTableView.m */; };
		2B8D542F1CEA18E400AF43CA /* CYJoinedViewController.m in Sources */ = {isa = PBXBuildFile; fileRef = 2B8D541B1CEA18E400AF43CA /* CYJoinedViewController.m */; };
		2B8D54301CEA18E400AF43CA /* CYPartyCell.m in Sources */ = {isa = PBXBuildFile; fileRef = 2B8D541E1CEA18E400AF43CA /* CYPartyCell.m */; };
		2B8D54311CEA18E400AF43CA /* CYPartyCell.xib in Resources */ = {isa = PBXBuildFile; fileRef = 2B8D541F1CEA18E400AF43CA /* CYPartyCell.xib */; };
		2B8D54321CEA18E400AF43CA /* CYPartyCellData.m in Sources */ = {isa = PBXBuildFile; fileRef = 2B8D54211CEA18E400AF43CA /* CYPartyCellData.m */; };
		2B8D54331CEA18E400AF43CA /* CYPartyTableView.m in Sources */ = {isa = PBXBuildFile; fileRef = 2B8D54231CEA18E400AF43CA /* CYPartyTableView.m */; };
		2B97A12F1CDC264700B4989C /* main.m in Sources */ = {isa = PBXBuildFile; fileRef = 2B97A12E1CDC264700B4989C /* main.m */; };
		2B97A1321CDC264700B4989C /* AppDelegate.m in Sources */ = {isa = PBXBuildFile; fileRef = 2B97A1311CDC264700B4989C /* AppDelegate.m */; };
		2B97A13D1CDC264700B4989C /* LaunchScreen.storyboard in Resources */ = {isa = PBXBuildFile; fileRef = 2B97A13B1CDC264700B4989C /* LaunchScreen.storyboard */; };
		2B97A1481CDC264700B4989C /* banlvTests.m in Sources */ = {isa = PBXBuildFile; fileRef = 2B97A1471CDC264700B4989C /* banlvTests.m */; };
		2B97A1531CDC264700B4989C /* banlvUITests.m in Sources */ = {isa = PBXBuildFile; fileRef = 2B97A1521CDC264700B4989C /* banlvUITests.m */; };
		2B97A1661CDC2A6300B4989C /* CYMyTabBar.m in Sources */ = {isa = PBXBuildFile; fileRef = 2B97A1631CDC2A6300B4989C /* CYMyTabBar.m */; };
		2B97A1671CDC2A6300B4989C /* CYTabBarController.m in Sources */ = {isa = PBXBuildFile; fileRef = 2B97A1651CDC2A6300B4989C /* CYTabBarController.m */; };
		2B97A17B1CDC2B0400B4989C /* UIBarButtonItem+CustomButton.m in Sources */ = {isa = PBXBuildFile; fileRef = 2B97A16E1CDC2B0400B4989C /* UIBarButtonItem+CustomButton.m */; };
		2B97A17C1CDC2B0400B4989C /* UIStoryboard+IndentifierVC.m in Sources */ = {isa = PBXBuildFile; fileRef = 2B97A1711CDC2B0400B4989C /* UIStoryboard+IndentifierVC.m */; };
		2B97A17D1CDC2B0400B4989C /* UINavigationController+Jump.m in Sources */ = {isa = PBXBuildFile; fileRef = 2B97A1741CDC2B0400B4989C /* UINavigationController+Jump.m */; };
		2B97A17E1CDC2B0400B4989C /* UIView+GroupAnimation.m in Sources */ = {isa = PBXBuildFile; fileRef = 2B97A1771CDC2B0400B4989C /* UIView+GroupAnimation.m */; };
		2B97A17F1CDC2B0400B4989C /* UIView+frame.m in Sources */ = {isa = PBXBuildFile; fileRef = 2B97A17A1CDC2B0400B4989C /* UIView+frame.m */; };
		2B97A18A1CDC2BE200B4989C /* SearchViewController.m in Sources */ = {isa = PBXBuildFile; fileRef = 2B97A1891CDC2BE200B4989C /* SearchViewController.m */; };
		2B97A18D1CDC2BF900B4989C /* HomeViewController.m in Sources */ = {isa = PBXBuildFile; fileRef = 2B97A18C1CDC2BF900B4989C /* HomeViewController.m */; };
		2B97A1901CDC2C0E00B4989C /* MainViewController.m in Sources */ = {isa = PBXBuildFile; fileRef = 2B97A18F1CDC2C0E00B4989C /* MainViewController.m */; };
		2B97A1931CDC2C4B00B4989C /* OrderViewController.m in Sources */ = {isa = PBXBuildFile; fileRef = 2B97A1921CDC2C4B00B4989C /* OrderViewController.m */; };
		2B9946A61CEC943A00D21942 /* CYTableViewData.m in Sources */ = {isa = PBXBuildFile; fileRef = 2B9946A51CEC943A00D21942 /* CYTableViewData.m */; };
		2B9946A91CEC98F500D21942 /* CYPoHeaderView.m in Sources */ = {isa = PBXBuildFile; fileRef = 2B9946A81CEC98F500D21942 /* CYPoHeaderView.m */; };
		2B9946AB1CEC992000D21942 /* CYPoHeaderView.xib in Resources */ = {isa = PBXBuildFile; fileRef = 2B9946AA1CEC992000D21942 /* CYPoHeaderView.xib */; };
		2B9B48571CEDE9F900FB2169 /* CYDoDizhuView.m in Sources */ = {isa = PBXBuildFile; fileRef = 2B9B48561CEDE9F900FB2169 /* CYDoDizhuView.m */; };
		2B9B48591CEDEA1400FB2169 /* CYDoDizhuView.xib in Resources */ = {isa = PBXBuildFile; fileRef = 2B9B48581CEDEA1400FB2169 /* CYDoDizhuView.xib */; };
		2BB006181CEB39A00076485D /* CYMySegment.m in Sources */ = {isa = PBXBuildFile; fileRef = 2BB006171CEB39A00076485D /* CYMySegment.m */; };
		7A2FD7EF1CE86DE40049267C /* BLOrdersViewController.m in Sources */ = {isa = PBXBuildFile; fileRef = 7A2FD7EE1CE86DE40049267C /* BLOrdersViewController.m */; };
		7A2FD8301CE86E330049267C /* BLMyCollectController.m in Sources */ = {isa = PBXBuildFile; fileRef = 7A2FD7F61CE86E330049267C /* BLMyCollectController.m */; };
		7A2FD8311CE86E330049267C /* BLMyCollectController.xib in Resources */ = {isa = PBXBuildFile; fileRef = 7A2FD7F71CE86E330049267C /* BLMyCollectController.xib */; };
		7A2FD8321CE86E330049267C /* BLEditProfilesController.m in Sources */ = {isa = PBXBuildFile; fileRef = 7A2FD7FD1CE86E330049267C /* BLEditProfilesController.m */; };
		7A2FD8331CE86E330049267C /* BLFeedbackController.m in Sources */ = {isa = PBXBuildFile; fileRef = 7A2FD8031CE86E330049267C /* BLFeedbackController.m */; };
		7A2FD8341CE86E330049267C /* BLMineViewController.m in Sources */ = {isa = PBXBuildFile; fileRef = 7A2FD8091CE86E330049267C /* BLMineViewController.m */; };
		7A2FD8351CE86E330049267C /* BLSetController.m in Sources */ = {isa = PBXBuildFile; fileRef = 7A2FD80B1CE86E330049267C /* BLSetController.m */; };
		7A2FD8361CE86E330049267C /* BLTempController.m in Sources */ = {isa = PBXBuildFile; fileRef = 7A2FD80D1CE86E330049267C /* BLTempController.m */; };
		7A2FD8371CE86E330049267C /* BLAboutUsView.m in Sources */ = {isa = PBXBuildFile; fileRef = 7A2FD8111CE86E330049267C /* BLAboutUsView.m */; };
		7A2FD8381CE86E330049267C /* BLIconView.m in Sources */ = {isa = PBXBuildFile; fileRef = 7A2FD8131CE86E330049267C /* BLIconView.m */; };
		7A2FD8391CE86E330049267C /* BLIconView.xib in Resources */ = {isa = PBXBuildFile; fileRef = 7A2FD8141CE86E330049267C /* BLIconView.xib */; };
		7A2FD83A1CE86E330049267C /* BLLogoView.m in Sources */ = {isa = PBXBuildFile; fileRef = 7A2FD8161CE86E330049267C /* BLLogoView.m */; };
		7A2FD83B1CE86E330049267C /* BLLogoView.xib in Resources */ = {isa = PBXBuildFile; fileRef = 7A2FD8171CE86E330049267C /* BLLogoView.xib */; };
		7A2FD83C1CE86E330049267C /* BLProfilesController.m in Sources */ = {isa = PBXBuildFile; fileRef = 7A2FD81B1CE86E330049267C /* BLProfilesController.m */; };
		7A2FD83D1CE86E330049267C /* BLBannerCell.m in Sources */ = {isa = PBXBuildFile; fileRef = 7A2FD81F1CE86E330049267C /* BLBannerCell.m */; };
		7A2FD83E1CE86E330049267C /* BLBannerCell.xib in Resources */ = {isa = PBXBuildFile; fileRef = 7A2FD8201CE86E330049267C /* BLBannerCell.xib */; };
		7A2FD83F1CE86E330049267C /* BLBannerView.m in Sources */ = {isa = PBXBuildFile; fileRef = 7A2FD8221CE86E330049267C /* BLBannerView.m */; };
		7A2FD8401CE86E330049267C /* BLBannerView.xib in Resources */ = {isa = PBXBuildFile; fileRef = 7A2FD8231CE86E330049267C /* BLBannerView.xib */; };
		7A2FD8411CE86E330049267C /* BLMyWalletController.m in Sources */ = {isa = PBXBuildFile; fileRef = 7A2FD82C1CE86E330049267C /* BLMyWalletController.m */; };
		7A2FD8421CE86E330049267C /* BLMyWalletController.xib in Resources */ = {isa = PBXBuildFile; fileRef = 7A2FD82D1CE86E330049267C /* BLMyWalletController.xib */; };
		7A2FD84D1CE870470049267C /* MMDrawerBarButtonItem.m in Sources */ = {isa = PBXBuildFile; fileRef = 7A2FD8451CE870470049267C /* MMDrawerBarButtonItem.m */; };
		7A2FD84E1CE870470049267C /* MMDrawerController.m in Sources */ = {isa = PBXBuildFile; fileRef = 7A2FD8481CE870470049267C /* MMDrawerController.m */; };
		7A2FD84F1CE870470049267C /* MMDrawerVisualState.m in Sources */ = {isa = PBXBuildFile; fileRef = 7A2FD84A1CE870470049267C /* MMDrawerVisualState.m */; };
		7A2FD8501CE870470049267C /* UIViewController+MMDrawerController.m in Sources */ = {isa = PBXBuildFile; fileRef = 7A2FD84C1CE870470049267C /* UIViewController+MMDrawerController.m */; };
		CB038E3D1CE6F0F30090839D /* NSString+FYURLEncode.m in Sources */ = {isa = PBXBuildFile; fileRef = CB038E3C1CE6F0F30090839D /* NSString+FYURLEncode.m */; };
		CB038E411CE6FA100090839D /* FYCarouselPic.m in Sources */ = {isa = PBXBuildFile; fileRef = CB038E401CE6FA100090839D /* FYCarouselPic.m */; };
		CB038E441CE6FD910090839D /* FYCarouselCell.m in Sources */ = {isa = PBXBuildFile; fileRef = CB038E431CE6FD910090839D /* FYCarouselCell.m */; };
		CB038E471CE717780090839D /* FYCityHouseListData.m in Sources */ = {isa = PBXBuildFile; fileRef = CB038E461CE717780090839D /* FYCityHouseListData.m */; };
		CB0A76901CE5B6E700EB6E7D /* FYCityHouseListVC.m in Sources */ = {isa = PBXBuildFile; fileRef = CB0A768F1CE5B6E700EB6E7D /* FYCityHouseListVC.m */; };
		CB120DB21CE73F99007D71C6 /* FYCityHouseListCell.m in Sources */ = {isa = PBXBuildFile; fileRef = CB120DB01CE73F99007D71C6 /* FYCityHouseListCell.m */; };
		CB120DB31CE73F99007D71C6 /* FYCityHouseListCell.xib in Resources */ = {isa = PBXBuildFile; fileRef = CB120DB11CE73F99007D71C6 /* FYCityHouseListCell.xib */; };
		CB1AA7481CEC323F009C18E2 /* BaiduMapAPI_Base.framework in Frameworks */ = {isa = PBXBuildFile; fileRef = CB1AA7451CEC323F009C18E2 /* BaiduMapAPI_Base.framework */; };
		CB1AA7491CEC323F009C18E2 /* BaiduMapAPI_Location.framework in Frameworks */ = {isa = PBXBuildFile; fileRef = CB1AA7461CEC323F009C18E2 /* BaiduMapAPI_Location.framework */; };
		CB1AA74A1CEC323F009C18E2 /* BaiduMapAPI_Map.framework in Frameworks */ = {isa = PBXBuildFile; fileRef = CB1AA7471CEC323F009C18E2 /* BaiduMapAPI_Map.framework */; };
		CB1AA74C1CEC3280009C18E2 /* CoreLocation.framework in Frameworks */ = {isa = PBXBuildFile; fileRef = CB1AA74B1CEC3280009C18E2 /* CoreLocation.framework */; };
		CB1AA74E1CEC328C009C18E2 /* QuartzCore.framework in Frameworks */ = {isa = PBXBuildFile; fileRef = CB1AA74D1CEC328C009C18E2 /* QuartzCore.framework */; };
		CB1AA7501CEC3296009C18E2 /* OpenGLES.framework in Frameworks */ = {isa = PBXBuildFile; fileRef = CB1AA74F1CEC3296009C18E2 /* OpenGLES.framework */; };
		CB1AA7521CEC32A2009C18E2 /* SystemConfiguration.framework in Frameworks */ = {isa = PBXBuildFile; fileRef = CB1AA7511CEC32A2009C18E2 /* SystemConfiguration.framework */; };
		CB1AA7541CEC32AC009C18E2 /* CoreGraphics.framework in Frameworks */ = {isa = PBXBuildFile; fileRef = CB1AA7531CEC32AC009C18E2 /* CoreGraphics.framework */; };
		CB1AA7561CEC32B6009C18E2 /* Security.framework in Frameworks */ = {isa = PBXBuildFile; fileRef = CB1AA7551CEC32B6009C18E2 /* Security.framework */; };
		CB1AA7581CEC32C5009C18E2 /* libsqlite3.0.tbd in Frameworks */ = {isa = PBXBuildFile; fileRef = CB1AA7571CEC32C5009C18E2 /* libsqlite3.0.tbd */; };
		CB1AA75A1CEC32D3009C18E2 /* CoreTelephony.framework in Frameworks */ = {isa = PBXBuildFile; fileRef = CB1AA7591CEC32D3009C18E2 /* CoreTelephony.framework */; };
		CB1AA75C1CEC32E2009C18E2 /* libstdc++.6.0.9.tbd in Frameworks */ = {isa = PBXBuildFile; fileRef = CB1AA75B1CEC32E2009C18E2 /* libstdc++.6.0.9.tbd */; };
		CB1AA75E1CEC3339009C18E2 /* mapapi.bundle in Resources */ = {isa = PBXBuildFile; fileRef = CB1AA75D1CEC3339009C18E2 /* mapapi.bundle */; };
		CB2503321CE579FF007004AB /* FYLookMoreCityData.m in Sources */ = {isa = PBXBuildFile; fileRef = CB2503311CE579FF007004AB /* FYLookMoreCityData.m */; };
		CB2503351CE57CA2007004AB /* FYSingleCityData.m in Sources */ = {isa = PBXBuildFile; fileRef = CB2503341CE57CA2007004AB /* FYSingleCityData.m */; };
		CB2503381CE58F2C007004AB /* FYSearchedCityTableView.m in Sources */ = {isa = PBXBuildFile; fileRef = CB2503371CE58F2C007004AB /* FYSearchedCityTableView.m */; };
		CB4EF9641CE388DD008046EF /* FYHomeViewCell.m in Sources */ = {isa = PBXBuildFile; fileRef = CB4EF9621CE388DD008046EF /* FYHomeViewCell.m */; };
		CB4EF9651CE388DD008046EF /* FYHomeViewCell.xib in Resources */ = {isa = PBXBuildFile; fileRef = CB4EF9631CE388DD008046EF /* FYHomeViewCell.xib */; };
		CB6BAC821CE4461B006457BC /* FYCollectionFooter.m in Sources */ = {isa = PBXBuildFile; fileRef = CB6BAC811CE4461B006457BC /* FYCollectionFooter.m */; };
		CB6BAC8A1CE4584A006457BC /* FYCollectionHeader.m in Sources */ = {isa = PBXBuildFile; fileRef = CB6BAC891CE4584A006457BC /* FYCollectionHeader.m */; };
		CB6BAC8E1CE45912006457BC /* FYHeaderViewCell.m in Sources */ = {isa = PBXBuildFile; fileRef = CB6BAC8C1CE45912006457BC /* FYHeaderViewCell.m */; };
		CB6BAC8F1CE45912006457BC /* FYHeaderViewCell.xib in Resources */ = {isa = PBXBuildFile; fileRef = CB6BAC8D1CE45912006457BC /* FYHeaderViewCell.xib */; };
		CB741F301CE4D744002FA686 /* FYLookMoreCityVC.m in Sources */ = {isa = PBXBuildFile; fileRef = CB741F2F1CE4D744002FA686 /* FYLookMoreCityVC.m */; };
		CB7CF5021CE4BB4100716F5D /* FYHomeWebViewVC.m in Sources */ = {isa = PBXBuildFile; fileRef = CB7CF5001CE4BB4100716F5D /* FYHomeWebViewVC.m */; };
		CB902C5C1CE2DDA500DCE806 /* Assets.xcassets in Resources */ = {isa = PBXBuildFile; fileRef = CB902C5B1CE2DDA500DCE806 /* Assets.xcassets */; };
		CBD6548F1CE3591500499922 /* FYHomeViewData.m in Sources */ = {isa = PBXBuildFile; fileRef = CBD6548E1CE3591500499922 /* FYHomeViewData.m */; };
		CBD654921CE35A9B00499922 /* FYHomeViewBannerData.m in Sources */ = {isa = PBXBuildFile; fileRef = CBD654911CE35A9B00499922 /* FYHomeViewBannerData.m */; };
		CBD654951CE35B4B00499922 /* FYHomeViewCityData.m in Sources */ = {isa = PBXBuildFile; fileRef = CBD654941CE35B4B00499922 /* FYHomeViewCityData.m */; };
		CBD6E4051CEF29C9003BFA5F /* FYMoreChooseVC.m in Sources */ = {isa = PBXBuildFile; fileRef = CBF61C021CEDF12500311C3F /* FYMoreChooseVC.m */; };
		CBDF7DE41CEB4BDC00762867 /* FYCityHouseMapData.m in Sources */ = {isa = PBXBuildFile; fileRef = CBDF7DE31CEB4BDC00762867 /* FYCityHouseMapData.m */; };
		CBDF7DE81CEB4C3300762867 /* FYCityHouseMapCell.m in Sources */ = {isa = PBXBuildFile; fileRef = CBDF7DE61CEB4C3300762867 /* FYCityHouseMapCell.m */; };
		CBDF7DE91CEB4C3300762867 /* FYCityHouseMapCell.xib in Resources */ = {isa = PBXBuildFile; fileRef = CBDF7DE71CEB4C3300762867 /* FYCityHouseMapCell.xib */; };
		CBDF7DEC1CEB4C7100762867 /* FYCityHouseMapVC.m in Sources */ = {isa = PBXBuildFile; fileRef = CBDF7DEB1CEB4C7100762867 /* FYCityHouseMapVC.m */; };
		CBE1DA9E1CE21A5E00B36A18 /* FYAFNetworkingManager.m in Sources */ = {isa = PBXBuildFile; fileRef = CBE1DA9D1CE21A5E00B36A18 /* FYAFNetworkingManager.m */; };
		CBF61BFD1CEDD57400311C3F /* BLNavigationController.m in Sources */ = {isa = PBXBuildFile; fileRef = CBF61BFC1CEDD57400311C3F /* BLNavigationController.m */; };
		CBF61C001CEDE7CF00311C3F /* FYMoreChoose.m in Sources */ = {isa = PBXBuildFile; fileRef = CBF61BFF1CEDE7CF00311C3F /* FYMoreChoose.m */; };
		CBF61C051CEDF12500311C3F /* FYMoreChooseVC.xib in Resources */ = {isa = PBXBuildFile; fileRef = CBF61C031CEDF12500311C3F /* FYMoreChooseVC.xib */; };
/* End PBXBuildFile section */

/* Begin PBXContainerItemProxy section */
		2B97A1441CDC264700B4989C /* PBXContainerItemProxy */ = {
			isa = PBXContainerItemProxy;
			containerPortal = 2B97A1221CDC264700B4989C /* Project object */;
			proxyType = 1;
			remoteGlobalIDString = 2B97A1291CDC264700B4989C;
			remoteInfo = banlv;
		};
		2B97A14F1CDC264700B4989C /* PBXContainerItemProxy */ = {
			isa = PBXContainerItemProxy;
			containerPortal = 2B97A1221CDC264700B4989C /* Project object */;
			proxyType = 1;
			remoteGlobalIDString = 2B97A1291CDC264700B4989C;
			remoteInfo = banlv;
		};
/* End PBXContainerItemProxy section */

/* Begin PBXFileReference section */
		2B8D54021CEA18E400AF43CA /* CYXuanfuView.h */ = {isa = PBXFileReference; fileEncoding = 4; lastKnownFileType = sourcecode.c.h; path = CYXuanfuView.h; sourceTree = "<group>"; };
		2B8D54031CEA18E400AF43CA /* CYXuanfuView.m */ = {isa = PBXFileReference; fileEncoding = 4; lastKnownFileType = sourcecode.c.objc; path = CYXuanfuView.m; sourceTree = "<group>"; };
		2B8D54041CEA18E400AF43CA /* CYXuanfuView.xib */ = {isa = PBXFileReference; fileEncoding = 4; lastKnownFileType = file.xib; path = CYXuanfuView.xib; sourceTree = "<group>"; };
		2B8D54051CEA18E400AF43CA /* FindViewController.h */ = {isa = PBXFileReference; fileEncoding = 4; lastKnownFileType = sourcecode.c.h; path = FindViewController.h; sourceTree = "<group>"; };
		2B8D54061CEA18E400AF43CA /* FindViewController.m */ = {isa = PBXFileReference; fileEncoding = 4; lastKnownFileType = sourcecode.c.objc; path = FindViewController.m; sourceTree = "<group>"; };
		2B8D54081CEA18E400AF43CA /* CYDoDiViewController.h */ = {isa = PBXFileReference; fileEncoding = 4; lastKnownFileType = sourcecode.c.h; path = CYDoDiViewController.h; sourceTree = "<group>"; };
		2B8D54091CEA18E400AF43CA /* CYDoDiViewController.m */ = {isa = PBXFileReference; fileEncoding = 4; lastKnownFileType = sourcecode.c.objc; path = CYDoDiViewController.m; sourceTree = "<group>"; };
		2B8D540B1CEA18E400AF43CA /* CYPoViewController.h */ = {isa = PBXFileReference; fileEncoding = 4; lastKnownFileType = sourcecode.c.h; path = CYPoViewController.h; sourceTree = "<group>"; };
		2B8D540C1CEA18E400AF43CA /* CYPoViewController.m */ = {isa = PBXFileReference; fileEncoding = 4; lastKnownFileType = sourcecode.c.objc; path = CYPoViewController.m; sourceTree = "<group>"; };
		2B8D540E1CEA18E400AF43CA /* CYDizhuCell.h */ = {isa = PBXFileReference; fileEncoding = 4; lastKnownFileType = sourcecode.c.h; path = CYDizhuCell.h; sourceTree = "<group>"; };
		2B8D540F1CEA18E400AF43CA /* CYDizhuCell.m */ = {isa = PBXFileReference; fileEncoding = 4; lastKnownFileType = sourcecode.c.objc; path = CYDizhuCell.m; sourceTree = "<group>"; };
		2B8D54101CEA18E400AF43CA /* CYDizhuCell.xib */ = {isa = PBXFileReference; fileEncoding = 4; lastKnownFileType = file.xib; path = CYDizhuCell.xib; sourceTree = "<group>"; };
		2B8D54151CEA18E400AF43CA /* CYDizhuResultData.h */ = {isa = PBXFileReference; fileEncoding = 4; lastKnownFileType = sourcecode.c.h; path = CYDizhuResultData.h; sourceTree = "<group>"; };
		2B8D54161CEA18E400AF43CA /* CYDizhuResultData.m */ = {isa = PBXFileReference; fileEncoding = 4; lastKnownFileType = sourcecode.c.objc; path = CYDizhuResultData.m; sourceTree = "<group>"; };
		2B8D54171CEA18E400AF43CA /* CYDizhuTableView.h */ = {isa = PBXFileReference; fileEncoding = 4; lastKnownFileType = sourcecode.c.h; path = CYDizhuTableView.h; sourceTree = "<group>"; };
		2B8D54181CEA18E400AF43CA /* CYDizhuTableView.m */ = {isa = PBXFileReference; fileEncoding = 4; lastKnownFileType = sourcecode.c.objc; path = CYDizhuTableView.m; sourceTree = "<group>"; };
		2B8D541A1CEA18E400AF43CA /* CYJoinedViewController.h */ = {isa = PBXFileReference; fileEncoding = 4; lastKnownFileType = sourcecode.c.h; path = CYJoinedViewController.h; sourceTree = "<group>"; };
		2B8D541B1CEA18E400AF43CA /* CYJoinedViewController.m */ = {isa = PBXFileReference; fileEncoding = 4; lastKnownFileType = sourcecode.c.objc; path = CYJoinedViewController.m; sourceTree = "<group>"; };
		2B8D541D1CEA18E400AF43CA /* CYPartyCell.h */ = {isa = PBXFileReference; fileEncoding = 4; lastKnownFileType = sourcecode.c.h; path = CYPartyCell.h; sourceTree = "<group>"; };
		2B8D541E1CEA18E400AF43CA /* CYPartyCell.m */ = {isa = PBXFileReference; fileEncoding = 4; lastKnownFileType = sourcecode.c.objc; path = CYPartyCell.m; sourceTree = "<group>"; };
		2B8D541F1CEA18E400AF43CA /* CYPartyCell.xib */ = {isa = PBXFileReference; fileEncoding = 4; lastKnownFileType = file.xib; path = CYPartyCell.xib; sourceTree = "<group>"; };
		2B8D54201CEA18E400AF43CA /* CYPartyCellData.h */ = {isa = PBXFileReference; fileEncoding = 4; lastKnownFileType = sourcecode.c.h; path = CYPartyCellData.h; sourceTree = "<group>"; };
		2B8D54211CEA18E400AF43CA /* CYPartyCellData.m */ = {isa = PBXFileReference; fileEncoding = 4; lastKnownFileType = sourcecode.c.objc; path = CYPartyCellData.m; sourceTree = "<group>"; };
		2B8D54221CEA18E400AF43CA /* CYPartyTableView.h */ = {isa = PBXFileReference; fileEncoding = 4; lastKnownFileType = sourcecode.c.h; path = CYPartyTableView.h; sourceTree = "<group>"; };
		2B8D54231CEA18E400AF43CA /* CYPartyTableView.m */ = {isa = PBXFileReference; fileEncoding = 4; lastKnownFileType = sourcecode.c.objc; path = CYPartyTableView.m; sourceTree = "<group>"; };
		2B97A12A1CDC264700B4989C /* banlv.app */ = {isa = PBXFileReference; explicitFileType = wrapper.application; includeInIndex = 0; path = banlv.app; sourceTree = BUILT_PRODUCTS_DIR; };
		2B97A12E1CDC264700B4989C /* main.m */ = {isa = PBXFileReference; lastKnownFileType = sourcecode.c.objc; path = main.m; sourceTree = "<group>"; };
		2B97A1301CDC264700B4989C /* AppDelegate.h */ = {isa = PBXFileReference; lastKnownFileType = sourcecode.c.h; path = AppDelegate.h; sourceTree = "<group>"; };
		2B97A1311CDC264700B4989C /* AppDelegate.m */ = {isa = PBXFileReference; lastKnownFileType = sourcecode.c.objc; path = AppDelegate.m; sourceTree = "<group>"; };
		2B97A13C1CDC264700B4989C /* Base */ = {isa = PBXFileReference; lastKnownFileType = file.storyboard; name = Base; path = Base.lproj/LaunchScreen.storyboard; sourceTree = "<group>"; };
		2B97A13E1CDC264700B4989C /* Info.plist */ = {isa = PBXFileReference; lastKnownFileType = text.plist.xml; path = Info.plist; sourceTree = "<group>"; };
		2B97A1431CDC264700B4989C /* banlvTests.xctest */ = {isa = PBXFileReference; explicitFileType = wrapper.cfbundle; includeInIndex = 0; path = banlvTests.xctest; sourceTree = BUILT_PRODUCTS_DIR; };
		2B97A1471CDC264700B4989C /* banlvTests.m */ = {isa = PBXFileReference; lastKnownFileType = sourcecode.c.objc; path = banlvTests.m; sourceTree = "<group>"; };
		2B97A1491CDC264700B4989C /* Info.plist */ = {isa = PBXFileReference; lastKnownFileType = text.plist.xml; path = Info.plist; sourceTree = "<group>"; };
		2B97A14E1CDC264700B4989C /* banlvUITests.xctest */ = {isa = PBXFileReference; explicitFileType = wrapper.cfbundle; includeInIndex = 0; path = banlvUITests.xctest; sourceTree = BUILT_PRODUCTS_DIR; };
		2B97A1521CDC264700B4989C /* banlvUITests.m */ = {isa = PBXFileReference; lastKnownFileType = sourcecode.c.objc; path = banlvUITests.m; sourceTree = "<group>"; };
		2B97A1541CDC264700B4989C /* Info.plist */ = {isa = PBXFileReference; lastKnownFileType = text.plist.xml; path = Info.plist; sourceTree = "<group>"; };
		2B97A1601CDC270600B4989C /* CYGlobal.pch */ = {isa = PBXFileReference; lastKnownFileType = sourcecode.c.h; path = CYGlobal.pch; sourceTree = "<group>"; };
		2B97A1621CDC2A6300B4989C /* CYMyTabBar.h */ = {isa = PBXFileReference; fileEncoding = 4; lastKnownFileType = sourcecode.c.h; path = CYMyTabBar.h; sourceTree = "<group>"; };
		2B97A1631CDC2A6300B4989C /* CYMyTabBar.m */ = {isa = PBXFileReference; fileEncoding = 4; lastKnownFileType = sourcecode.c.objc; path = CYMyTabBar.m; sourceTree = "<group>"; };
		2B97A1641CDC2A6300B4989C /* CYTabBarController.h */ = {isa = PBXFileReference; fileEncoding = 4; lastKnownFileType = sourcecode.c.h; path = CYTabBarController.h; sourceTree = "<group>"; };
		2B97A1651CDC2A6300B4989C /* CYTabBarController.m */ = {isa = PBXFileReference; fileEncoding = 4; lastKnownFileType = sourcecode.c.objc; path = CYTabBarController.m; sourceTree = "<group>"; };
		2B97A16D1CDC2B0400B4989C /* UIBarButtonItem+CustomButton.h */ = {isa = PBXFileReference; fileEncoding = 4; lastKnownFileType = sourcecode.c.h; path = "UIBarButtonItem+CustomButton.h"; sourceTree = "<group>"; };
		2B97A16E1CDC2B0400B4989C /* UIBarButtonItem+CustomButton.m */ = {isa = PBXFileReference; fileEncoding = 4; lastKnownFileType = sourcecode.c.objc; path = "UIBarButtonItem+CustomButton.m"; sourceTree = "<group>"; };
		2B97A1701CDC2B0400B4989C /* UIStoryboard+IndentifierVC.h */ = {isa = PBXFileReference; fileEncoding = 4; lastKnownFileType = sourcecode.c.h; path = "UIStoryboard+IndentifierVC.h"; sourceTree = "<group>"; };
		2B97A1711CDC2B0400B4989C /* UIStoryboard+IndentifierVC.m */ = {isa = PBXFileReference; fileEncoding = 4; lastKnownFileType = sourcecode.c.objc; path = "UIStoryboard+IndentifierVC.m"; sourceTree = "<group>"; };
		2B97A1731CDC2B0400B4989C /* UINavigationController+Jump.h */ = {isa = PBXFileReference; fileEncoding = 4; lastKnownFileType = sourcecode.c.h; path = "UINavigationController+Jump.h"; sourceTree = "<group>"; };
		2B97A1741CDC2B0400B4989C /* UINavigationController+Jump.m */ = {isa = PBXFileReference; fileEncoding = 4; lastKnownFileType = sourcecode.c.objc; path = "UINavigationController+Jump.m"; sourceTree = "<group>"; };
		2B97A1761CDC2B0400B4989C /* UIView+GroupAnimation.h */ = {isa = PBXFileReference; fileEncoding = 4; lastKnownFileType = sourcecode.c.h; path = "UIView+GroupAnimation.h"; sourceTree = "<group>"; };
		2B97A1771CDC2B0400B4989C /* UIView+GroupAnimation.m */ = {isa = PBXFileReference; fileEncoding = 4; lastKnownFileType = sourcecode.c.objc; path = "UIView+GroupAnimation.m"; sourceTree = "<group>"; };
		2B97A1791CDC2B0400B4989C /* UIView+frame.h */ = {isa = PBXFileReference; fileEncoding = 4; lastKnownFileType = sourcecode.c.h; path = "UIView+frame.h"; sourceTree = "<group>"; };
		2B97A17A1CDC2B0400B4989C /* UIView+frame.m */ = {isa = PBXFileReference; fileEncoding = 4; lastKnownFileType = sourcecode.c.objc; path = "UIView+frame.m"; sourceTree = "<group>"; };
		2B97A1881CDC2BE200B4989C /* SearchViewController.h */ = {isa = PBXFileReference; fileEncoding = 4; lastKnownFileType = sourcecode.c.h; path = SearchViewController.h; sourceTree = "<group>"; };
		2B97A1891CDC2BE200B4989C /* SearchViewController.m */ = {isa = PBXFileReference; fileEncoding = 4; lastKnownFileType = sourcecode.c.objc; path = SearchViewController.m; sourceTree = "<group>"; };
		2B97A18B1CDC2BF900B4989C /* HomeViewController.h */ = {isa = PBXFileReference; fileEncoding = 4; lastKnownFileType = sourcecode.c.h; path = HomeViewController.h; sourceTree = "<group>"; };
		2B97A18C1CDC2BF900B4989C /* HomeViewController.m */ = {isa = PBXFileReference; fileEncoding = 4; lastKnownFileType = sourcecode.c.objc; path = HomeViewController.m; sourceTree = "<group>"; };
		2B97A18E1CDC2C0E00B4989C /* MainViewController.h */ = {isa = PBXFileReference; fileEncoding = 4; lastKnownFileType = sourcecode.c.h; path = MainViewController.h; sourceTree = "<group>"; };
		2B97A18F1CDC2C0E00B4989C /* MainViewController.m */ = {isa = PBXFileReference; fileEncoding = 4; lastKnownFileType = sourcecode.c.objc; path = MainViewController.m; sourceTree = "<group>"; };
		2B97A1911CDC2C4B00B4989C /* OrderViewController.h */ = {isa = PBXFileReference; fileEncoding = 4; lastKnownFileType = sourcecode.c.h; path = OrderViewController.h; sourceTree = "<group>"; };
		2B97A1921CDC2C4B00B4989C /* OrderViewController.m */ = {isa = PBXFileReference; fileEncoding = 4; lastKnownFileType = sourcecode.c.objc; path = OrderViewController.m; sourceTree = "<group>"; };
		2B9946A41CEC943A00D21942 /* CYTableViewData.h */ = {isa = PBXFileReference; fileEncoding = 4; lastKnownFileType = sourcecode.c.h; path = CYTableViewData.h; sourceTree = "<group>"; };
		2B9946A51CEC943A00D21942 /* CYTableViewData.m */ = {isa = PBXFileReference; fileEncoding = 4; lastKnownFileType = sourcecode.c.objc; path = CYTableViewData.m; sourceTree = "<group>"; };
		2B9946A71CEC98F500D21942 /* CYPoHeaderView.h */ = {isa = PBXFileReference; fileEncoding = 4; lastKnownFileType = sourcecode.c.h; path = CYPoHeaderView.h; sourceTree = "<group>"; };
		2B9946A81CEC98F500D21942 /* CYPoHeaderView.m */ = {isa = PBXFileReference; fileEncoding = 4; lastKnownFileType = sourcecode.c.objc; path = CYPoHeaderView.m; sourceTree = "<group>"; };
		2B9946AA1CEC992000D21942 /* CYPoHeaderView.xib */ = {isa = PBXFileReference; fileEncoding = 4; lastKnownFileType = file.xib; path = CYPoHeaderView.xib; sourceTree = "<group>"; };
		2B9B48551CEDE9F900FB2169 /* CYDoDizhuView.h */ = {isa = PBXFileReference; fileEncoding = 4; lastKnownFileType = sourcecode.c.h; path = CYDoDizhuView.h; sourceTree = "<group>"; };
		2B9B48561CEDE9F900FB2169 /* CYDoDizhuView.m */ = {isa = PBXFileReference; fileEncoding = 4; lastKnownFileType = sourcecode.c.objc; path = CYDoDizhuView.m; sourceTree = "<group>"; };
		2B9B48581CEDEA1400FB2169 /* CYDoDizhuView.xib */ = {isa = PBXFileReference; fileEncoding = 4; lastKnownFileType = file.xib; path = CYDoDizhuView.xib; sourceTree = "<group>"; };
		2BB006161CEB39A00076485D /* CYMySegment.h */ = {isa = PBXFileReference; fileEncoding = 4; lastKnownFileType = sourcecode.c.h; path = CYMySegment.h; sourceTree = "<group>"; };
		2BB006171CEB39A00076485D /* CYMySegment.m */ = {isa = PBXFileReference; fileEncoding = 4; lastKnownFileType = sourcecode.c.objc; path = CYMySegment.m; sourceTree = "<group>"; };
		32E8EF9BBE4402875978F035 /* libPods.a */ = {isa = PBXFileReference; explicitFileType = archive.ar; includeInIndex = 0; path = libPods.a; sourceTree = BUILT_PRODUCTS_DIR; };
		7A2FD7ED1CE86DE40049267C /* BLOrdersViewController.h */ = {isa = PBXFileReference; fileEncoding = 4; lastKnownFileType = sourcecode.c.h; path = BLOrdersViewController.h; sourceTree = "<group>"; };
		7A2FD7EE1CE86DE40049267C /* BLOrdersViewController.m */ = {isa = PBXFileReference; fileEncoding = 4; lastKnownFileType = sourcecode.c.objc; path = BLOrdersViewController.m; sourceTree = "<group>"; };
		7A2FD7F51CE86E330049267C /* BLMyCollectController.h */ = {isa = PBXFileReference; fileEncoding = 4; lastKnownFileType = sourcecode.c.h; path = BLMyCollectController.h; sourceTree = "<group>"; };
		7A2FD7F61CE86E330049267C /* BLMyCollectController.m */ = {isa = PBXFileReference; fileEncoding = 4; lastKnownFileType = sourcecode.c.objc; path = BLMyCollectController.m; sourceTree = "<group>"; };
		7A2FD7F71CE86E330049267C /* BLMyCollectController.xib */ = {isa = PBXFileReference; fileEncoding = 4; lastKnownFileType = file.xib; path = BLMyCollectController.xib; sourceTree = "<group>"; };
		7A2FD7FC1CE86E330049267C /* BLEditProfilesController.h */ = {isa = PBXFileReference; fileEncoding = 4; lastKnownFileType = sourcecode.c.h; path = BLEditProfilesController.h; sourceTree = "<group>"; };
		7A2FD7FD1CE86E330049267C /* BLEditProfilesController.m */ = {isa = PBXFileReference; fileEncoding = 4; lastKnownFileType = sourcecode.c.objc; path = BLEditProfilesController.m; sourceTree = "<group>"; };
		7A2FD8021CE86E330049267C /* BLFeedbackController.h */ = {isa = PBXFileReference; fileEncoding = 4; lastKnownFileType = sourcecode.c.h; path = BLFeedbackController.h; sourceTree = "<group>"; };
		7A2FD8031CE86E330049267C /* BLFeedbackController.m */ = {isa = PBXFileReference; fileEncoding = 4; lastKnownFileType = sourcecode.c.objc; path = BLFeedbackController.m; sourceTree = "<group>"; };
		7A2FD8081CE86E330049267C /* BLMineViewController.h */ = {isa = PBXFileReference; fileEncoding = 4; lastKnownFileType = sourcecode.c.h; path = BLMineViewController.h; sourceTree = "<group>"; };
		7A2FD8091CE86E330049267C /* BLMineViewController.m */ = {isa = PBXFileReference; fileEncoding = 4; lastKnownFileType = sourcecode.c.objc; path = BLMineViewController.m; sourceTree = "<group>"; };
		7A2FD80A1CE86E330049267C /* BLSetController.h */ = {isa = PBXFileReference; fileEncoding = 4; lastKnownFileType = sourcecode.c.h; path = BLSetController.h; sourceTree = "<group>"; };
		7A2FD80B1CE86E330049267C /* BLSetController.m */ = {isa = PBXFileReference; fileEncoding = 4; lastKnownFileType = sourcecode.c.objc; path = BLSetController.m; sourceTree = "<group>"; };
		7A2FD80C1CE86E330049267C /* BLTempController.h */ = {isa = PBXFileReference; fileEncoding = 4; lastKnownFileType = sourcecode.c.h; path = BLTempController.h; sourceTree = "<group>"; };
		7A2FD80D1CE86E330049267C /* BLTempController.m */ = {isa = PBXFileReference; fileEncoding = 4; lastKnownFileType = sourcecode.c.objc; path = BLTempController.m; sourceTree = "<group>"; };
		7A2FD8101CE86E330049267C /* BLAboutUsView.h */ = {isa = PBXFileReference; fileEncoding = 4; lastKnownFileType = sourcecode.c.h; path = BLAboutUsView.h; sourceTree = "<group>"; };
		7A2FD8111CE86E330049267C /* BLAboutUsView.m */ = {isa = PBXFileReference; fileEncoding = 4; lastKnownFileType = sourcecode.c.objc; path = BLAboutUsView.m; sourceTree = "<group>"; };
		7A2FD8121CE86E330049267C /* BLIconView.h */ = {isa = PBXFileReference; fileEncoding = 4; lastKnownFileType = sourcecode.c.h; path = BLIconView.h; sourceTree = "<group>"; };
		7A2FD8131CE86E330049267C /* BLIconView.m */ = {isa = PBXFileReference; fileEncoding = 4; lastKnownFileType = sourcecode.c.objc; path = BLIconView.m; sourceTree = "<group>"; };
		7A2FD8141CE86E330049267C /* BLIconView.xib */ = {isa = PBXFileReference; fileEncoding = 4; lastKnownFileType = file.xib; path = BLIconView.xib; sourceTree = "<group>"; };
		7A2FD8151CE86E330049267C /* BLLogoView.h */ = {isa = PBXFileReference; fileEncoding = 4; lastKnownFileType = sourcecode.c.h; path = BLLogoView.h; sourceTree = "<group>"; };
		7A2FD8161CE86E330049267C /* BLLogoView.m */ = {isa = PBXFileReference; fileEncoding = 4; lastKnownFileType = sourcecode.c.objc; path = BLLogoView.m; sourceTree = "<group>"; };
		7A2FD8171CE86E330049267C /* BLLogoView.xib */ = {isa = PBXFileReference; fileEncoding = 4; lastKnownFileType = file.xib; path = BLLogoView.xib; sourceTree = "<group>"; };
		7A2FD81A1CE86E330049267C /* BLProfilesController.h */ = {isa = PBXFileReference; fileEncoding = 4; lastKnownFileType = sourcecode.c.h; path = BLProfilesController.h; sourceTree = "<group>"; };
		7A2FD81B1CE86E330049267C /* BLProfilesController.m */ = {isa = PBXFileReference; fileEncoding = 4; lastKnownFileType = sourcecode.c.objc; path = BLProfilesController.m; sourceTree = "<group>"; };
		7A2FD81E1CE86E330049267C /* BLBannerCell.h */ = {isa = PBXFileReference; fileEncoding = 4; lastKnownFileType = sourcecode.c.h; path = BLBannerCell.h; sourceTree = "<group>"; };
		7A2FD81F1CE86E330049267C /* BLBannerCell.m */ = {isa = PBXFileReference; fileEncoding = 4; lastKnownFileType = sourcecode.c.objc; path = BLBannerCell.m; sourceTree = "<group>"; };
		7A2FD8201CE86E330049267C /* BLBannerCell.xib */ = {isa = PBXFileReference; fileEncoding = 4; lastKnownFileType = file.xib; path = BLBannerCell.xib; sourceTree = "<group>"; };
		7A2FD8211CE86E330049267C /* BLBannerView.h */ = {isa = PBXFileReference; fileEncoding = 4; lastKnownFileType = sourcecode.c.h; path = BLBannerView.h; sourceTree = "<group>"; };
		7A2FD8221CE86E330049267C /* BLBannerView.m */ = {isa = PBXFileReference; fileEncoding = 4; lastKnownFileType = sourcecode.c.objc; path = BLBannerView.m; sourceTree = "<group>"; };
		7A2FD8231CE86E330049267C /* BLBannerView.xib */ = {isa = PBXFileReference; fileEncoding = 4; lastKnownFileType = file.xib; path = BLBannerView.xib; sourceTree = "<group>"; };
		7A2FD82B1CE86E330049267C /* BLMyWalletController.h */ = {isa = PBXFileReference; fileEncoding = 4; lastKnownFileType = sourcecode.c.h; path = BLMyWalletController.h; sourceTree = "<group>"; };
		7A2FD82C1CE86E330049267C /* BLMyWalletController.m */ = {isa = PBXFileReference; fileEncoding = 4; lastKnownFileType = sourcecode.c.objc; path = BLMyWalletController.m; sourceTree = "<group>"; };
		7A2FD82D1CE86E330049267C /* BLMyWalletController.xib */ = {isa = PBXFileReference; fileEncoding = 4; lastKnownFileType = file.xib; path = BLMyWalletController.xib; sourceTree = "<group>"; };
		7A2FD8441CE870470049267C /* MMDrawerBarButtonItem.h */ = {isa = PBXFileReference; fileEncoding = 4; lastKnownFileType = sourcecode.c.h; path = MMDrawerBarButtonItem.h; sourceTree = "<group>"; };
		7A2FD8451CE870470049267C /* MMDrawerBarButtonItem.m */ = {isa = PBXFileReference; fileEncoding = 4; lastKnownFileType = sourcecode.c.objc; path = MMDrawerBarButtonItem.m; sourceTree = "<group>"; };
		7A2FD8461CE870470049267C /* MMDrawerController+Subclass.h */ = {isa = PBXFileReference; fileEncoding = 4; lastKnownFileType = sourcecode.c.h; path = "MMDrawerController+Subclass.h"; sourceTree = "<group>"; };
		7A2FD8471CE870470049267C /* MMDrawerController.h */ = {isa = PBXFileReference; fileEncoding = 4; lastKnownFileType = sourcecode.c.h; path = MMDrawerController.h; sourceTree = "<group>"; };
		7A2FD8481CE870470049267C /* MMDrawerController.m */ = {isa = PBXFileReference; fileEncoding = 4; lastKnownFileType = sourcecode.c.objc; path = MMDrawerController.m; sourceTree = "<group>"; };
		7A2FD8491CE870470049267C /* MMDrawerVisualState.h */ = {isa = PBXFileReference; fileEncoding = 4; lastKnownFileType = sourcecode.c.h; path = MMDrawerVisualState.h; sourceTree = "<group>"; };
		7A2FD84A1CE870470049267C /* MMDrawerVisualState.m */ = {isa = PBXFileReference; fileEncoding = 4; lastKnownFileType = sourcecode.c.objc; path = MMDrawerVisualState.m; sourceTree = "<group>"; };
		7A2FD84B1CE870470049267C /* UIViewController+MMDrawerController.h */ = {isa = PBXFileReference; fileEncoding = 4; lastKnownFileType = sourcecode.c.h; path = "UIViewController+MMDrawerController.h"; sourceTree = "<group>"; };
		7A2FD84C1CE870470049267C /* UIViewController+MMDrawerController.m */ = {isa = PBXFileReference; fileEncoding = 4; lastKnownFileType = sourcecode.c.objc; path = "UIViewController+MMDrawerController.m"; sourceTree = "<group>"; };
		84B32E114A75699846B69112 /* Pods.debug.xcconfig */ = {isa = PBXFileReference; includeInIndex = 1; lastKnownFileType = text.xcconfig; name = Pods.debug.xcconfig; path = "Pods/Target Support Files/Pods/Pods.debug.xcconfig"; sourceTree = "<group>"; };
		CB038E3B1CE6F0F30090839D /* NSString+FYURLEncode.h */ = {isa = PBXFileReference; fileEncoding = 4; lastKnownFileType = sourcecode.c.h; path = "NSString+FYURLEncode.h"; sourceTree = "<group>"; };
		CB038E3C1CE6F0F30090839D /* NSString+FYURLEncode.m */ = {isa = PBXFileReference; fileEncoding = 4; lastKnownFileType = sourcecode.c.objc; path = "NSString+FYURLEncode.m"; sourceTree = "<group>"; };
		CB038E3F1CE6FA100090839D /* FYCarouselPic.h */ = {isa = PBXFileReference; fileEncoding = 4; lastKnownFileType = sourcecode.c.h; path = FYCarouselPic.h; sourceTree = "<group>"; };
		CB038E401CE6FA100090839D /* FYCarouselPic.m */ = {isa = PBXFileReference; fileEncoding = 4; lastKnownFileType = sourcecode.c.objc; path = FYCarouselPic.m; sourceTree = "<group>"; };
		CB038E421CE6FD910090839D /* FYCarouselCell.h */ = {isa = PBXFileReference; fileEncoding = 4; lastKnownFileType = sourcecode.c.h; path = FYCarouselCell.h; sourceTree = "<group>"; };
		CB038E431CE6FD910090839D /* FYCarouselCell.m */ = {isa = PBXFileReference; fileEncoding = 4; lastKnownFileType = sourcecode.c.objc; path = FYCarouselCell.m; sourceTree = "<group>"; };
		CB038E451CE717780090839D /* FYCityHouseListData.h */ = {isa = PBXFileReference; fileEncoding = 4; lastKnownFileType = sourcecode.c.h; path = FYCityHouseListData.h; sourceTree = "<group>"; };
		CB038E461CE717780090839D /* FYCityHouseListData.m */ = {isa = PBXFileReference; fileEncoding = 4; lastKnownFileType = sourcecode.c.objc; path = FYCityHouseListData.m; sourceTree = "<group>"; };
		CB0A768E1CE5B6E700EB6E7D /* FYCityHouseListVC.h */ = {isa = PBXFileReference; fileEncoding = 4; lastKnownFileType = sourcecode.c.h; path = FYCityHouseListVC.h; sourceTree = "<group>"; };
		CB0A768F1CE5B6E700EB6E7D /* FYCityHouseListVC.m */ = {isa = PBXFileReference; fileEncoding = 4; lastKnownFileType = sourcecode.c.objc; path = FYCityHouseListVC.m; sourceTree = "<group>"; };
		CB120DAF1CE73F99007D71C6 /* FYCityHouseListCell.h */ = {isa = PBXFileReference; fileEncoding = 4; lastKnownFileType = sourcecode.c.h; path = FYCityHouseListCell.h; sourceTree = "<group>"; };
		CB120DB01CE73F99007D71C6 /* FYCityHouseListCell.m */ = {isa = PBXFileReference; fileEncoding = 4; lastKnownFileType = sourcecode.c.objc; path = FYCityHouseListCell.m; sourceTree = "<group>"; };
		CB120DB11CE73F99007D71C6 /* FYCityHouseListCell.xib */ = {isa = PBXFileReference; fileEncoding = 4; lastKnownFileType = file.xib; path = FYCityHouseListCell.xib; sourceTree = "<group>"; };
		CB1AA7451CEC323F009C18E2 /* BaiduMapAPI_Base.framework */ = {isa = PBXFileReference; lastKnownFileType = wrapper.framework; path = BaiduMapAPI_Base.framework; sourceTree = "<group>"; };
		CB1AA7461CEC323F009C18E2 /* BaiduMapAPI_Location.framework */ = {isa = PBXFileReference; lastKnownFileType = wrapper.framework; path = BaiduMapAPI_Location.framework; sourceTree = "<group>"; };
		CB1AA7471CEC323F009C18E2 /* BaiduMapAPI_Map.framework */ = {isa = PBXFileReference; lastKnownFileType = wrapper.framework; path = BaiduMapAPI_Map.framework; sourceTree = "<group>"; };
		CB1AA74B1CEC3280009C18E2 /* CoreLocation.framework */ = {isa = PBXFileReference; lastKnownFileType = wrapper.framework; name = CoreLocation.framework; path = System/Library/Frameworks/CoreLocation.framework; sourceTree = SDKROOT; };
		CB1AA74D1CEC328C009C18E2 /* QuartzCore.framework */ = {isa = PBXFileReference; lastKnownFileType = wrapper.framework; name = QuartzCore.framework; path = System/Library/Frameworks/QuartzCore.framework; sourceTree = SDKROOT; };
		CB1AA74F1CEC3296009C18E2 /* OpenGLES.framework */ = {isa = PBXFileReference; lastKnownFileType = wrapper.framework; name = OpenGLES.framework; path = System/Library/Frameworks/OpenGLES.framework; sourceTree = SDKROOT; };
		CB1AA7511CEC32A2009C18E2 /* SystemConfiguration.framework */ = {isa = PBXFileReference; lastKnownFileType = wrapper.framework; name = SystemConfiguration.framework; path = System/Library/Frameworks/SystemConfiguration.framework; sourceTree = SDKROOT; };
		CB1AA7531CEC32AC009C18E2 /* CoreGraphics.framework */ = {isa = PBXFileReference; lastKnownFileType = wrapper.framework; name = CoreGraphics.framework; path = System/Library/Frameworks/CoreGraphics.framework; sourceTree = SDKROOT; };
		CB1AA7551CEC32B6009C18E2 /* Security.framework */ = {isa = PBXFileReference; lastKnownFileType = wrapper.framework; name = Security.framework; path = System/Library/Frameworks/Security.framework; sourceTree = SDKROOT; };
		CB1AA7571CEC32C5009C18E2 /* libsqlite3.0.tbd */ = {isa = PBXFileReference; lastKnownFileType = "sourcecode.text-based-dylib-definition"; name = libsqlite3.0.tbd; path = usr/lib/libsqlite3.0.tbd; sourceTree = SDKROOT; };
		CB1AA7591CEC32D3009C18E2 /* CoreTelephony.framework */ = {isa = PBXFileReference; lastKnownFileType = wrapper.framework; name = CoreTelephony.framework; path = System/Library/Frameworks/CoreTelephony.framework; sourceTree = SDKROOT; };
		CB1AA75B1CEC32E2009C18E2 /* libstdc++.6.0.9.tbd */ = {isa = PBXFileReference; lastKnownFileType = "sourcecode.text-based-dylib-definition"; name = "libstdc++.6.0.9.tbd"; path = "usr/lib/libstdc++.6.0.9.tbd"; sourceTree = SDKROOT; };
		CB1AA75D1CEC3339009C18E2 /* mapapi.bundle */ = {isa = PBXFileReference; lastKnownFileType = "wrapper.plug-in"; name = mapapi.bundle; path = ../mapapi.bundle; sourceTree = "<group>"; };
		CB2503301CE579FF007004AB /* FYLookMoreCityData.h */ = {isa = PBXFileReference; fileEncoding = 4; lastKnownFileType = sourcecode.c.h; path = FYLookMoreCityData.h; sourceTree = "<group>"; };
		CB2503311CE579FF007004AB /* FYLookMoreCityData.m */ = {isa = PBXFileReference; fileEncoding = 4; lastKnownFileType = sourcecode.c.objc; path = FYLookMoreCityData.m; sourceTree = "<group>"; };
		CB2503331CE57CA2007004AB /* FYSingleCityData.h */ = {isa = PBXFileReference; fileEncoding = 4; lastKnownFileType = sourcecode.c.h; path = FYSingleCityData.h; sourceTree = "<group>"; };
		CB2503341CE57CA2007004AB /* FYSingleCityData.m */ = {isa = PBXFileReference; fileEncoding = 4; lastKnownFileType = sourcecode.c.objc; path = FYSingleCityData.m; sourceTree = "<group>"; };
		CB2503361CE58F2C007004AB /* FYSearchedCityTableView.h */ = {isa = PBXFileReference; fileEncoding = 4; lastKnownFileType = sourcecode.c.h; name = FYSearchedCityTableView.h; path = "banlv/首页/View/FYSearchedCityTableView.h"; sourceTree = SOURCE_ROOT; };
		CB2503371CE58F2C007004AB /* FYSearchedCityTableView.m */ = {isa = PBXFileReference; fileEncoding = 4; lastKnownFileType = sourcecode.c.objc; name = FYSearchedCityTableView.m; path = "banlv/首页/View/FYSearchedCityTableView.m"; sourceTree = SOURCE_ROOT; };
		CB4EF9611CE388DD008046EF /* FYHomeViewCell.h */ = {isa = PBXFileReference; fileEncoding = 4; lastKnownFileType = sourcecode.c.h; path = FYHomeViewCell.h; sourceTree = "<group>"; };
		CB4EF9621CE388DD008046EF /* FYHomeViewCell.m */ = {isa = PBXFileReference; fileEncoding = 4; lastKnownFileType = sourcecode.c.objc; path = FYHomeViewCell.m; sourceTree = "<group>"; };
		CB4EF9631CE388DD008046EF /* FYHomeViewCell.xib */ = {isa = PBXFileReference; fileEncoding = 4; lastKnownFileType = file.xib; path = FYHomeViewCell.xib; sourceTree = "<group>"; };
		CB6BAC801CE4461B006457BC /* FYCollectionFooter.h */ = {isa = PBXFileReference; fileEncoding = 4; lastKnownFileType = sourcecode.c.h; path = FYCollectionFooter.h; sourceTree = "<group>"; };
		CB6BAC811CE4461B006457BC /* FYCollectionFooter.m */ = {isa = PBXFileReference; fileEncoding = 4; lastKnownFileType = sourcecode.c.objc; path = FYCollectionFooter.m; sourceTree = "<group>"; };
		CB6BAC881CE4584A006457BC /* FYCollectionHeader.h */ = {isa = PBXFileReference; fileEncoding = 4; lastKnownFileType = sourcecode.c.h; path = FYCollectionHeader.h; sourceTree = "<group>"; };
		CB6BAC891CE4584A006457BC /* FYCollectionHeader.m */ = {isa = PBXFileReference; fileEncoding = 4; lastKnownFileType = sourcecode.c.objc; path = FYCollectionHeader.m; sourceTree = "<group>"; };
		CB6BAC8B1CE45912006457BC /* FYHeaderViewCell.h */ = {isa = PBXFileReference; fileEncoding = 4; lastKnownFileType = sourcecode.c.h; path = FYHeaderViewCell.h; sourceTree = "<group>"; };
		CB6BAC8C1CE45912006457BC /* FYHeaderViewCell.m */ = {isa = PBXFileReference; fileEncoding = 4; lastKnownFileType = sourcecode.c.objc; path = FYHeaderViewCell.m; sourceTree = "<group>"; };
		CB6BAC8D1CE45912006457BC /* FYHeaderViewCell.xib */ = {isa = PBXFileReference; fileEncoding = 4; lastKnownFileType = file.xib; path = FYHeaderViewCell.xib; sourceTree = "<group>"; };
		CB741F2E1CE4D744002FA686 /* FYLookMoreCityVC.h */ = {isa = PBXFileReference; fileEncoding = 4; lastKnownFileType = sourcecode.c.h; path = FYLookMoreCityVC.h; sourceTree = "<group>"; };
		CB741F2F1CE4D744002FA686 /* FYLookMoreCityVC.m */ = {isa = PBXFileReference; fileEncoding = 4; lastKnownFileType = sourcecode.c.objc; path = FYLookMoreCityVC.m; sourceTree = "<group>"; };
		CB7CF4FF1CE4BB4100716F5D /* FYHomeWebViewVC.h */ = {isa = PBXFileReference; fileEncoding = 4; lastKnownFileType = sourcecode.c.h; path = FYHomeWebViewVC.h; sourceTree = "<group>"; };
		CB7CF5001CE4BB4100716F5D /* FYHomeWebViewVC.m */ = {isa = PBXFileReference; fileEncoding = 4; lastKnownFileType = sourcecode.c.objc; path = FYHomeWebViewVC.m; sourceTree = "<group>"; };
		CB902C5B1CE2DDA500DCE806 /* Assets.xcassets */ = {isa = PBXFileReference; lastKnownFileType = folder.assetcatalog; path = Assets.xcassets; sourceTree = "<group>"; };
		CBD6548D1CE3591500499922 /* FYHomeViewData.h */ = {isa = PBXFileReference; fileEncoding = 4; lastKnownFileType = sourcecode.c.h; path = FYHomeViewData.h; sourceTree = "<group>"; };
		CBD6548E1CE3591500499922 /* FYHomeViewData.m */ = {isa = PBXFileReference; fileEncoding = 4; lastKnownFileType = sourcecode.c.objc; path = FYHomeViewData.m; sourceTree = "<group>"; };
		CBD654901CE35A9B00499922 /* FYHomeViewBannerData.h */ = {isa = PBXFileReference; fileEncoding = 4; lastKnownFileType = sourcecode.c.h; path = FYHomeViewBannerData.h; sourceTree = "<group>"; };
		CBD654911CE35A9B00499922 /* FYHomeViewBannerData.m */ = {isa = PBXFileReference; fileEncoding = 4; lastKnownFileType = sourcecode.c.objc; path = FYHomeViewBannerData.m; sourceTree = "<group>"; };
		CBD654931CE35B4B00499922 /* FYHomeViewCityData.h */ = {isa = PBXFileReference; fileEncoding = 4; lastKnownFileType = sourcecode.c.h; path = FYHomeViewCityData.h; sourceTree = "<group>"; };
		CBD654941CE35B4B00499922 /* FYHomeViewCityData.m */ = {isa = PBXFileReference; fileEncoding = 4; lastKnownFileType = sourcecode.c.objc; path = FYHomeViewCityData.m; sourceTree = "<group>"; };
		CBDF7DE21CEB4BDC00762867 /* FYCityHouseMapData.h */ = {isa = PBXFileReference; fileEncoding = 4; lastKnownFileType = sourcecode.c.h; path = FYCityHouseMapData.h; sourceTree = "<group>"; };
		CBDF7DE31CEB4BDC00762867 /* FYCityHouseMapData.m */ = {isa = PBXFileReference; fileEncoding = 4; lastKnownFileType = sourcecode.c.objc; path = FYCityHouseMapData.m; sourceTree = "<group>"; };
		CBDF7DE51CEB4C3300762867 /* FYCityHouseMapCell.h */ = {isa = PBXFileReference; fileEncoding = 4; lastKnownFileType = sourcecode.c.h; path = FYCityHouseMapCell.h; sourceTree = "<group>"; };
		CBDF7DE61CEB4C3300762867 /* FYCityHouseMapCell.m */ = {isa = PBXFileReference; fileEncoding = 4; lastKnownFileType = sourcecode.c.objc; path = FYCityHouseMapCell.m; sourceTree = "<group>"; };
		CBDF7DE71CEB4C3300762867 /* FYCityHouseMapCell.xib */ = {isa = PBXFileReference; fileEncoding = 4; lastKnownFileType = file.xib; path = FYCityHouseMapCell.xib; sourceTree = "<group>"; };
		CBDF7DEA1CEB4C7100762867 /* FYCityHouseMapVC.h */ = {isa = PBXFileReference; fileEncoding = 4; lastKnownFileType = sourcecode.c.h; path = FYCityHouseMapVC.h; sourceTree = "<group>"; };
		CBDF7DEB1CEB4C7100762867 /* FYCityHouseMapVC.m */ = {isa = PBXFileReference; fileEncoding = 4; lastKnownFileType = sourcecode.c.objc; path = FYCityHouseMapVC.m; sourceTree = "<group>"; };
		CBE1DA9C1CE21A5E00B36A18 /* FYAFNetworkingManager.h */ = {isa = PBXFileReference; fileEncoding = 4; lastKnownFileType = sourcecode.c.h; path = FYAFNetworkingManager.h; sourceTree = "<group>"; };
		CBE1DA9D1CE21A5E00B36A18 /* FYAFNetworkingManager.m */ = {isa = PBXFileReference; fileEncoding = 4; lastKnownFileType = sourcecode.c.objc; path = FYAFNetworkingManager.m; sourceTree = "<group>"; };
		CBF61BFB1CEDD57400311C3F /* BLNavigationController.h */ = {isa = PBXFileReference; fileEncoding = 4; lastKnownFileType = sourcecode.c.h; path = BLNavigationController.h; sourceTree = "<group>"; };
		CBF61BFC1CEDD57400311C3F /* BLNavigationController.m */ = {isa = PBXFileReference; fileEncoding = 4; lastKnownFileType = sourcecode.c.objc; path = BLNavigationController.m; sourceTree = "<group>"; };
		CBF61BFE1CEDE7CE00311C3F /* FYMoreChoose.h */ = {isa = PBXFileReference; fileEncoding = 4; lastKnownFileType = sourcecode.c.h; path = FYMoreChoose.h; sourceTree = "<group>"; };
		CBF61BFF1CEDE7CF00311C3F /* FYMoreChoose.m */ = {isa = PBXFileReference; fileEncoding = 4; lastKnownFileType = sourcecode.c.objc; path = FYMoreChoose.m; sourceTree = "<group>"; };
		CBF61C011CEDF12500311C3F /* FYMoreChooseVC.h */ = {isa = PBXFileReference; fileEncoding = 4; lastKnownFileType = sourcecode.c.h; path = FYMoreChooseVC.h; sourceTree = "<group>"; };
		CBF61C021CEDF12500311C3F /* FYMoreChooseVC.m */ = {isa = PBXFileReference; fileEncoding = 4; lastKnownFileType = sourcecode.c.objc; path = FYMoreChooseVC.m; sourceTree = "<group>"; };
		CBF61C031CEDF12500311C3F /* FYMoreChooseVC.xib */ = {isa = PBXFileReference; fileEncoding = 4; lastKnownFileType = file.xib; path = FYMoreChooseVC.xib; sourceTree = "<group>"; };
		F0AFC9F2EE209C0A3A7F964C /* Pods.release.xcconfig */ = {isa = PBXFileReference; includeInIndex = 1; lastKnownFileType = text.xcconfig; name = Pods.release.xcconfig; path = "Pods/Target Support Files/Pods/Pods.release.xcconfig"; sourceTree = "<group>"; };
/* End PBXFileReference section */

/* Begin PBXFrameworksBuildPhase section */
		2B97A1271CDC264700B4989C /* Frameworks */ = {
			isa = PBXFrameworksBuildPhase;
			buildActionMask = 2147483647;
			files = (
				CB1AA75C1CEC32E2009C18E2 /* libstdc++.6.0.9.tbd in Frameworks */,
				CB1AA75A1CEC32D3009C18E2 /* CoreTelephony.framework in Frameworks */,
				CB1AA7581CEC32C5009C18E2 /* libsqlite3.0.tbd in Frameworks */,
				CB1AA7561CEC32B6009C18E2 /* Security.framework in Frameworks */,
				CB1AA7541CEC32AC009C18E2 /* CoreGraphics.framework in Frameworks */,
				CB1AA7521CEC32A2009C18E2 /* SystemConfiguration.framework in Frameworks */,
				CB1AA7501CEC3296009C18E2 /* OpenGLES.framework in Frameworks */,
				CB1AA74E1CEC328C009C18E2 /* QuartzCore.framework in Frameworks */,
				CB1AA74C1CEC3280009C18E2 /* CoreLocation.framework in Frameworks */,
				127437573AB123E2BCE39558 /* libPods.a in Frameworks */,
				CB1AA7491CEC323F009C18E2 /* BaiduMapAPI_Location.framework in Frameworks */,
				CB1AA7481CEC323F009C18E2 /* BaiduMapAPI_Base.framework in Frameworks */,
				CB1AA74A1CEC323F009C18E2 /* BaiduMapAPI_Map.framework in Frameworks */,
			);
			runOnlyForDeploymentPostprocessing = 0;
		};
		2B97A1401CDC264700B4989C /* Frameworks */ = {
			isa = PBXFrameworksBuildPhase;
			buildActionMask = 2147483647;
			files = (
			);
			runOnlyForDeploymentPostprocessing = 0;
		};
		2B97A14B1CDC264700B4989C /* Frameworks */ = {
			isa = PBXFrameworksBuildPhase;
			buildActionMask = 2147483647;
			files = (
			);
			runOnlyForDeploymentPostprocessing = 0;
		};
/* End PBXFrameworksBuildPhase section */

/* Begin PBXGroup section */
		2B8D54011CEA18E400AF43CA /* 发现 */ = {
			isa = PBXGroup;
			children = (
				2B91675F1CEF288D009D2A48 /* ViewController */,
				2B8D541C1CEA18E400AF43CA /* 聚会 */,
				2B8D540D1CEA18E400AF43CA /* 叫地主 */,
				2B8D54071CEA18E400AF43CA /* 做地主 */,
				2B8D540A1CEA18E400AF43CA /* 发布 */,
				2B8D54191CEA18E400AF43CA /* 我参加的 */,
			);
			path = "发现";
			sourceTree = "<group>";
		};
		2B8D54071CEA18E400AF43CA /* 做地主 */ = {
			isa = PBXGroup;
			children = (
				2B8D54081CEA18E400AF43CA /* CYDoDiViewController.h */,
				2B8D54091CEA18E400AF43CA /* CYDoDiViewController.m */,
				2B9B48551CEDE9F900FB2169 /* CYDoDizhuView.h */,
				2B9B48561CEDE9F900FB2169 /* CYDoDizhuView.m */,
				2B9B48581CEDEA1400FB2169 /* CYDoDizhuView.xib */,
			);
			path = "做地主";
			sourceTree = "<group>";
		};
		2B8D540A1CEA18E400AF43CA /* 发布 */ = {
			isa = PBXGroup;
			children = (
				2B9946A71CEC98F500D21942 /* CYPoHeaderView.h */,
				2B9946A81CEC98F500D21942 /* CYPoHeaderView.m */,
				2B9946AA1CEC992000D21942 /* CYPoHeaderView.xib */,
				2B8D540B1CEA18E400AF43CA /* CYPoViewController.h */,
				2B8D540C1CEA18E400AF43CA /* CYPoViewController.m */,
				2B9946A41CEC943A00D21942 /* CYTableViewData.h */,
				2B9946A51CEC943A00D21942 /* CYTableViewData.m */,
			);
			path = "发布";
			sourceTree = "<group>";
		};
		2B8D540D1CEA18E400AF43CA /* 叫地主 */ = {
			isa = PBXGroup;
			children = (
				2B91675E1CEF2867009D2A48 /* model */,
				2B91675D1CEF284D009D2A48 /* cell */,
				2B8D54171CEA18E400AF43CA /* CYDizhuTableView.h */,
				2B8D54181CEA18E400AF43CA /* CYDizhuTableView.m */,
			);
			path = "叫地主";
			sourceTree = "<group>";
		};
		2B8D54191CEA18E400AF43CA /* 我参加的 */ = {
			isa = PBXGroup;
			children = (
				2BB006161CEB39A00076485D /* CYMySegment.h */,
				2BB006171CEB39A00076485D /* CYMySegment.m */,
				2B8D541A1CEA18E400AF43CA /* CYJoinedViewController.h */,
				2B8D541B1CEA18E400AF43CA /* CYJoinedViewController.m */,
			);
			path = "我参加的";
			sourceTree = "<group>";
		};
		2B8D541C1CEA18E400AF43CA /* 聚会 */ = {
			isa = PBXGroup;
			children = (
				2B9167621CEF29D6009D2A48 /* model */,
				2B9167611CEF29BB009D2A48 /* cell */,
				2B8D54221CEA18E400AF43CA /* CYPartyTableView.h */,
				2B8D54231CEA18E400AF43CA /* CYPartyTableView.m */,
			);
			path = "聚会";
			sourceTree = "<group>";
		};
		2B91675D1CEF284D009D2A48 /* cell */ = {
			isa = PBXGroup;
			children = (
				2B8D540E1CEA18E400AF43CA /* CYDizhuCell.h */,
				2B8D540F1CEA18E400AF43CA /* CYDizhuCell.m */,
				2B8D54101CEA18E400AF43CA /* CYDizhuCell.xib */,
			);
			name = cell;
			sourceTree = "<group>";
		};
		2B91675E1CEF2867009D2A48 /* model */ = {
			isa = PBXGroup;
			children = (
				2B8D54151CEA18E400AF43CA /* CYDizhuResultData.h */,
				2B8D54161CEA18E400AF43CA /* CYDizhuResultData.m */,
			);
			name = model;
			sourceTree = "<group>";
		};
		2B91675F1CEF288D009D2A48 /* ViewController */ = {
			isa = PBXGroup;
			children = (
				2B8D54051CEA18E400AF43CA /* FindViewController.h */,
				2B8D54061CEA18E400AF43CA /* FindViewController.m */,
				2B9167601CEF28A6009D2A48 /* view */,
			);
			name = ViewController;
			sourceTree = "<group>";
		};
		2B9167601CEF28A6009D2A48 /* view */ = {
			isa = PBXGroup;
			children = (
				2B8D54021CEA18E400AF43CA /* CYXuanfuView.h */,
				2B8D54031CEA18E400AF43CA /* CYXuanfuView.m */,
				2B8D54041CEA18E400AF43CA /* CYXuanfuView.xib */,
			);
			name = view;
			sourceTree = "<group>";
		};
		2B9167611CEF29BB009D2A48 /* cell */ = {
			isa = PBXGroup;
			children = (
				2B8D541D1CEA18E400AF43CA /* CYPartyCell.h */,
				2B8D541E1CEA18E400AF43CA /* CYPartyCell.m */,
				2B8D541F1CEA18E400AF43CA /* CYPartyCell.xib */,
			);
			name = cell;
			sourceTree = "<group>";
		};
		2B9167621CEF29D6009D2A48 /* model */ = {
			isa = PBXGroup;
			children = (
				2B8D54201CEA18E400AF43CA /* CYPartyCellData.h */,
				2B8D54211CEA18E400AF43CA /* CYPartyCellData.m */,
			);
			name = model;
			sourceTree = "<group>";
		};
		2B97A1211CDC264700B4989C = {
			isa = PBXGroup;
			children = (
				2B97A12C1CDC264700B4989C /* banlv */,
				2B97A1461CDC264700B4989C /* banlvTests */,
				2B97A1511CDC264700B4989C /* banlvUITests */,
				2B97A12B1CDC264700B4989C /* Products */,
				C147FA287A0943B1762168F1 /* Pods */,
				938E96DF1B047757F4B0CBE1 /* Frameworks */,
			);
			sourceTree = "<group>";
		};
		2B97A12B1CDC264700B4989C /* Products */ = {
			isa = PBXGroup;
			children = (
				2B97A12A1CDC264700B4989C /* banlv.app */,
				2B97A1431CDC264700B4989C /* banlvTests.xctest */,
				2B97A14E1CDC264700B4989C /* banlvUITests.xctest */,
			);
			name = Products;
			sourceTree = "<group>";
		};
		2B97A12C1CDC264700B4989C /* banlv */ = {
			isa = PBXGroup;
			children = (
				2B8D54011CEA18E400AF43CA /* 发现 */,
				2B97A1611CDC2A4700B4989C /* 管理全局的类 */,
				CBE1DA991CE2191C00B36A18 /* 功能模块 */,
				2B97A16B1CDC2B0400B4989C /* 类别 */,
				CBE1DA961CE1FAB600B36A18 /* 其他 */,
				2B97A1801CDC2B3100B4989C /* 首页 */,
				2B97A1821CDC2B4D00B4989C /* 搜索 */,
				2B97A1831CDC2B5200B4989C /* 订单 */,
				2B97A1841CDC2B5900B4989C /* 我的 */,
				2B97A12D1CDC264700B4989C /* Supporting Files */,
			);
			path = banlv;
			sourceTree = "<group>";
		};
		2B97A12D1CDC264700B4989C /* Supporting Files */ = {
			isa = PBXGroup;
			children = (
				CB1AA75D1CEC3339009C18E2 /* mapapi.bundle */,
				7A2FD8431CE870470049267C /* MMDrawerController */,
				2B97A13E1CDC264700B4989C /* Info.plist */,
				2B97A12E1CDC264700B4989C /* main.m */,
				2B97A1601CDC270600B4989C /* CYGlobal.pch */,
			);
			name = "Supporting Files";
			sourceTree = "<group>";
		};
		2B97A1461CDC264700B4989C /* banlvTests */ = {
			isa = PBXGroup;
			children = (
				2B97A1471CDC264700B4989C /* banlvTests.m */,
				2B97A1491CDC264700B4989C /* Info.plist */,
			);
			path = banlvTests;
			sourceTree = "<group>";
		};
		2B97A1511CDC264700B4989C /* banlvUITests */ = {
			isa = PBXGroup;
			children = (
				2B97A1521CDC264700B4989C /* banlvUITests.m */,
				2B97A1541CDC264700B4989C /* Info.plist */,
			);
			path = banlvUITests;
			sourceTree = "<group>";
		};
		2B97A1611CDC2A4700B4989C /* 管理全局的类 */ = {
			isa = PBXGroup;
			children = (
				2B97A1681CDC2A7600B4989C /* tabbar */,
				CBF61BFB1CEDD57400311C3F /* BLNavigationController.h */,
				CBF61BFC1CEDD57400311C3F /* BLNavigationController.m */,
			);
			path = "管理全局的类";
			sourceTree = "<group>";
		};
		2B97A1681CDC2A7600B4989C /* tabbar */ = {
			isa = PBXGroup;
			children = (
				2B97A1621CDC2A6300B4989C /* CYMyTabBar.h */,
				2B97A1631CDC2A6300B4989C /* CYMyTabBar.m */,
				2B97A1641CDC2A6300B4989C /* CYTabBarController.h */,
				2B97A1651CDC2A6300B4989C /* CYTabBarController.m */,
			);
			path = tabbar;
			sourceTree = "<group>";
		};
		2B97A16B1CDC2B0400B4989C /* 类别 */ = {
			isa = PBXGroup;
			children = (
				2B97A16C1CDC2B0400B4989C /* CustomBarButton */,
				2B97A16F1CDC2B0400B4989C /* GetVC-StoryBoard */,
				2B97A1721CDC2B0400B4989C /* NavJump */,
				2B97A1751CDC2B0400B4989C /* ViewAnimation */,
				2B97A1781CDC2B0400B4989C /* ViewFrame */,
				CB038E3B1CE6F0F30090839D /* NSString+FYURLEncode.h */,
				CB038E3C1CE6F0F30090839D /* NSString+FYURLEncode.m */,
			);
			path = "类别";
			sourceTree = "<group>";
		};
		2B97A16C1CDC2B0400B4989C /* CustomBarButton */ = {
			isa = PBXGroup;
			children = (
				2B97A16D1CDC2B0400B4989C /* UIBarButtonItem+CustomButton.h */,
				2B97A16E1CDC2B0400B4989C /* UIBarButtonItem+CustomButton.m */,
			);
			path = CustomBarButton;
			sourceTree = "<group>";
		};
		2B97A16F1CDC2B0400B4989C /* GetVC-StoryBoard */ = {
			isa = PBXGroup;
			children = (
				2B97A1701CDC2B0400B4989C /* UIStoryboard+IndentifierVC.h */,
				2B97A1711CDC2B0400B4989C /* UIStoryboard+IndentifierVC.m */,
			);
			path = "GetVC-StoryBoard";
			sourceTree = "<group>";
		};
		2B97A1721CDC2B0400B4989C /* NavJump */ = {
			isa = PBXGroup;
			children = (
				2B97A1731CDC2B0400B4989C /* UINavigationController+Jump.h */,
				2B97A1741CDC2B0400B4989C /* UINavigationController+Jump.m */,
			);
			path = NavJump;
			sourceTree = "<group>";
		};
		2B97A1751CDC2B0400B4989C /* ViewAnimation */ = {
			isa = PBXGroup;
			children = (
				2B97A1761CDC2B0400B4989C /* UIView+GroupAnimation.h */,
				2B97A1771CDC2B0400B4989C /* UIView+GroupAnimation.m */,
			);
			path = ViewAnimation;
			sourceTree = "<group>";
		};
		2B97A1781CDC2B0400B4989C /* ViewFrame */ = {
			isa = PBXGroup;
			children = (
				2B97A1791CDC2B0400B4989C /* UIView+frame.h */,
				2B97A17A1CDC2B0400B4989C /* UIView+frame.m */,
			);
			path = ViewFrame;
			sourceTree = "<group>";
		};
		2B97A1801CDC2B3100B4989C /* 首页 */ = {
			isa = PBXGroup;
			children = (
				CBD6548A1CE3581A00499922 /* Controller */,
				CBD6548B1CE3582A00499922 /* View */,
				CBD6548C1CE3583100499922 /* Model */,
			);
			path = "首页";
			sourceTree = "<group>";
		};
		2B97A1821CDC2B4D00B4989C /* 搜索 */ = {
			isa = PBXGroup;
			children = (
				2B97A1881CDC2BE200B4989C /* SearchViewController.h */,
				2B97A1891CDC2BE200B4989C /* SearchViewController.m */,
			);
			path = "搜索";
			sourceTree = "<group>";
		};
		2B97A1831CDC2B5200B4989C /* 订单 */ = {
			isa = PBXGroup;
			children = (
				7A2FD7EC1CE86DE40049267C /* Controllers */,
				7A2FD7F01CE86E080049267C /* Model */,
				7A2FD7F11CE86E080049267C /* Views */,
				2B97A1911CDC2C4B00B4989C /* OrderViewController.h */,
				2B97A1921CDC2C4B00B4989C /* OrderViewController.m */,
			);
			path = "订单";
			sourceTree = "<group>";
		};
		2B97A1841CDC2B5900B4989C /* 我的 */ = {
			isa = PBXGroup;
			children = (
				7A2FD8061CE86E330049267C /* Mine */,
				7A2FD7F21CE86E330049267C /* AboutUs */,
				7A2FD7F31CE86E330049267C /* Collect */,
				7A2FD7FA1CE86E330049267C /* EditProfiles */,
				7A2FD8001CE86E330049267C /* Feedback */,
				7A2FD8181CE86E330049267C /* Profiles */,
				7A2FD8241CE86E330049267C /* RoomSource */,
				7A2FD8281CE86E330049267C /* Share */,
				7A2FD8291CE86E330049267C /* Wallet */,
				2B97A18E1CDC2C0E00B4989C /* MainViewController.h */,
				2B97A18F1CDC2C0E00B4989C /* MainViewController.m */,
			);
			path = "我的";
			sourceTree = "<group>";
		};
		7A2FD7EC1CE86DE40049267C /* Controllers */ = {
			isa = PBXGroup;
			children = (
				7A2FD7ED1CE86DE40049267C /* BLOrdersViewController.h */,
				7A2FD7EE1CE86DE40049267C /* BLOrdersViewController.m */,
			);
			path = Controllers;
			sourceTree = "<group>";
		};
		7A2FD7F01CE86E080049267C /* Model */ = {
			isa = PBXGroup;
			children = (
			);
			path = Model;
			sourceTree = "<group>";
		};
		7A2FD7F11CE86E080049267C /* Views */ = {
			isa = PBXGroup;
			children = (
			);
			path = Views;
			sourceTree = "<group>";
		};
		7A2FD7F21CE86E330049267C /* AboutUs */ = {
			isa = PBXGroup;
			children = (
			);
			path = AboutUs;
			sourceTree = "<group>";
		};
		7A2FD7F31CE86E330049267C /* Collect */ = {
			isa = PBXGroup;
			children = (
				7A2FD7F41CE86E330049267C /* Controlers */,
				7A2FD7F81CE86E330049267C /* Model */,
				7A2FD7F91CE86E330049267C /* Views */,
			);
			path = Collect;
			sourceTree = "<group>";
		};
		7A2FD7F41CE86E330049267C /* Controlers */ = {
			isa = PBXGroup;
			children = (
				7A2FD7F51CE86E330049267C /* BLMyCollectController.h */,
				7A2FD7F61CE86E330049267C /* BLMyCollectController.m */,
				7A2FD7F71CE86E330049267C /* BLMyCollectController.xib */,
			);
			path = Controlers;
			sourceTree = "<group>";
		};
		7A2FD7F81CE86E330049267C /* Model */ = {
			isa = PBXGroup;
			children = (
			);
			path = Model;
			sourceTree = "<group>";
		};
		7A2FD7F91CE86E330049267C /* Views */ = {
			isa = PBXGroup;
			children = (
			);
			path = Views;
			sourceTree = "<group>";
		};
		7A2FD7FA1CE86E330049267C /* EditProfiles */ = {
			isa = PBXGroup;
			children = (
				7A2FD7FB1CE86E330049267C /* Controlers */,
				7A2FD7FE1CE86E330049267C /* Model */,
				7A2FD7FF1CE86E330049267C /* Views */,
			);
			path = EditProfiles;
			sourceTree = "<group>";
		};
		7A2FD7FB1CE86E330049267C /* Controlers */ = {
			isa = PBXGroup;
			children = (
				7A2FD7FC1CE86E330049267C /* BLEditProfilesController.h */,
				7A2FD7FD1CE86E330049267C /* BLEditProfilesController.m */,
			);
			path = Controlers;
			sourceTree = "<group>";
		};
		7A2FD7FE1CE86E330049267C /* Model */ = {
			isa = PBXGroup;
			children = (
			);
			path = Model;
			sourceTree = "<group>";
		};
		7A2FD7FF1CE86E330049267C /* Views */ = {
			isa = PBXGroup;
			children = (
			);
			path = Views;
			sourceTree = "<group>";
		};
		7A2FD8001CE86E330049267C /* Feedback */ = {
			isa = PBXGroup;
			children = (
				7A2FD8011CE86E330049267C /* Controlers */,
				7A2FD8041CE86E330049267C /* Model */,
				7A2FD8051CE86E330049267C /* Views */,
			);
			path = Feedback;
			sourceTree = "<group>";
		};
		7A2FD8011CE86E330049267C /* Controlers */ = {
			isa = PBXGroup;
			children = (
				7A2FD8021CE86E330049267C /* BLFeedbackController.h */,
				7A2FD8031CE86E330049267C /* BLFeedbackController.m */,
			);
			path = Controlers;
			sourceTree = "<group>";
		};
		7A2FD8041CE86E330049267C /* Model */ = {
			isa = PBXGroup;
			children = (
			);
			path = Model;
			sourceTree = "<group>";
		};
		7A2FD8051CE86E330049267C /* Views */ = {
			isa = PBXGroup;
			children = (
			);
			path = Views;
			sourceTree = "<group>";
		};
		7A2FD8061CE86E330049267C /* Mine */ = {
			isa = PBXGroup;
			children = (
				7A2FD8071CE86E330049267C /* Controlers */,
				7A2FD80E1CE86E330049267C /* Model */,
				7A2FD80F1CE86E330049267C /* Views */,
			);
			path = Mine;
			sourceTree = "<group>";
		};
		7A2FD8071CE86E330049267C /* Controlers */ = {
			isa = PBXGroup;
			children = (
				7A2FD8081CE86E330049267C /* BLMineViewController.h */,
				7A2FD8091CE86E330049267C /* BLMineViewController.m */,
				7A2FD80A1CE86E330049267C /* BLSetController.h */,
				7A2FD80B1CE86E330049267C /* BLSetController.m */,
				7A2FD80C1CE86E330049267C /* BLTempController.h */,
				7A2FD80D1CE86E330049267C /* BLTempController.m */,
			);
			path = Controlers;
			sourceTree = "<group>";
		};
		7A2FD80E1CE86E330049267C /* Model */ = {
			isa = PBXGroup;
			children = (
			);
			path = Model;
			sourceTree = "<group>";
		};
		7A2FD80F1CE86E330049267C /* Views */ = {
			isa = PBXGroup;
			children = (
				7A2FD8101CE86E330049267C /* BLAboutUsView.h */,
				7A2FD8111CE86E330049267C /* BLAboutUsView.m */,
				7A2FD8121CE86E330049267C /* BLIconView.h */,
				7A2FD8131CE86E330049267C /* BLIconView.m */,
				7A2FD8141CE86E330049267C /* BLIconView.xib */,
				7A2FD8151CE86E330049267C /* BLLogoView.h */,
				7A2FD8161CE86E330049267C /* BLLogoView.m */,
				7A2FD8171CE86E330049267C /* BLLogoView.xib */,
			);
			path = Views;
			sourceTree = "<group>";
		};
		7A2FD8181CE86E330049267C /* Profiles */ = {
			isa = PBXGroup;
			children = (
				7A2FD8191CE86E330049267C /* Controlers */,
				7A2FD81C1CE86E330049267C /* Model */,
				7A2FD81D1CE86E330049267C /* Views */,
			);
			path = Profiles;
			sourceTree = "<group>";
		};
		7A2FD8191CE86E330049267C /* Controlers */ = {
			isa = PBXGroup;
			children = (
				7A2FD81A1CE86E330049267C /* BLProfilesController.h */,
				7A2FD81B1CE86E330049267C /* BLProfilesController.m */,
			);
			path = Controlers;
			sourceTree = "<group>";
		};
		7A2FD81C1CE86E330049267C /* Model */ = {
			isa = PBXGroup;
			children = (
			);
			path = Model;
			sourceTree = "<group>";
		};
		7A2FD81D1CE86E330049267C /* Views */ = {
			isa = PBXGroup;
			children = (
				7A2FD81E1CE86E330049267C /* BLBannerCell.h */,
				7A2FD81F1CE86E330049267C /* BLBannerCell.m */,
				7A2FD8201CE86E330049267C /* BLBannerCell.xib */,
				7A2FD8211CE86E330049267C /* BLBannerView.h */,
				7A2FD8221CE86E330049267C /* BLBannerView.m */,
				7A2FD8231CE86E330049267C /* BLBannerView.xib */,
			);
			path = Views;
			sourceTree = "<group>";
		};
		7A2FD8241CE86E330049267C /* RoomSource */ = {
			isa = PBXGroup;
			children = (
				7A2FD8251CE86E330049267C /* Controlers */,
				7A2FD8261CE86E330049267C /* Model */,
				7A2FD8271CE86E330049267C /* Views */,
			);
			path = RoomSource;
			sourceTree = "<group>";
		};
		7A2FD8251CE86E330049267C /* Controlers */ = {
			isa = PBXGroup;
			children = (
			);
			path = Controlers;
			sourceTree = "<group>";
		};
		7A2FD8261CE86E330049267C /* Model */ = {
			isa = PBXGroup;
			children = (
			);
			path = Model;
			sourceTree = "<group>";
		};
		7A2FD8271CE86E330049267C /* Views */ = {
			isa = PBXGroup;
			children = (
			);
			path = Views;
			sourceTree = "<group>";
		};
		7A2FD8281CE86E330049267C /* Share */ = {
			isa = PBXGroup;
			children = (
			);
			path = Share;
			sourceTree = "<group>";
		};
		7A2FD8291CE86E330049267C /* Wallet */ = {
			isa = PBXGroup;
			children = (
				7A2FD82A1CE86E330049267C /* Controlers */,
				7A2FD82E1CE86E330049267C /* Model */,
				7A2FD82F1CE86E330049267C /* Views */,
			);
			path = Wallet;
			sourceTree = "<group>";
		};
		7A2FD82A1CE86E330049267C /* Controlers */ = {
			isa = PBXGroup;
			children = (
				7A2FD82B1CE86E330049267C /* BLMyWalletController.h */,
				7A2FD82C1CE86E330049267C /* BLMyWalletController.m */,
				7A2FD82D1CE86E330049267C /* BLMyWalletController.xib */,
			);
			path = Controlers;
			sourceTree = "<group>";
		};
		7A2FD82E1CE86E330049267C /* Model */ = {
			isa = PBXGroup;
			children = (
			);
			path = Model;
			sourceTree = "<group>";
		};
		7A2FD82F1CE86E330049267C /* Views */ = {
			isa = PBXGroup;
			children = (
			);
			path = Views;
			sourceTree = "<group>";
		};
		7A2FD8431CE870470049267C /* MMDrawerController */ = {
			isa = PBXGroup;
			children = (
				7A2FD8441CE870470049267C /* MMDrawerBarButtonItem.h */,
				7A2FD8451CE870470049267C /* MMDrawerBarButtonItem.m */,
				7A2FD8461CE870470049267C /* MMDrawerController+Subclass.h */,
				7A2FD8471CE870470049267C /* MMDrawerController.h */,
				7A2FD8481CE870470049267C /* MMDrawerController.m */,
				7A2FD8491CE870470049267C /* MMDrawerVisualState.h */,
				7A2FD84A1CE870470049267C /* MMDrawerVisualState.m */,
				7A2FD84B1CE870470049267C /* UIViewController+MMDrawerController.h */,
				7A2FD84C1CE870470049267C /* UIViewController+MMDrawerController.m */,
			);
			path = MMDrawerController;
			sourceTree = "<group>";
		};
		938E96DF1B047757F4B0CBE1 /* Frameworks */ = {
			isa = PBXGroup;
			children = (
				CB1AA75B1CEC32E2009C18E2 /* libstdc++.6.0.9.tbd */,
				CB1AA7591CEC32D3009C18E2 /* CoreTelephony.framework */,
				CB1AA7571CEC32C5009C18E2 /* libsqlite3.0.tbd */,
				CB1AA7551CEC32B6009C18E2 /* Security.framework */,
				CB1AA7531CEC32AC009C18E2 /* CoreGraphics.framework */,
				CB1AA7511CEC32A2009C18E2 /* SystemConfiguration.framework */,
				CB1AA74F1CEC3296009C18E2 /* OpenGLES.framework */,
				CB1AA74D1CEC328C009C18E2 /* QuartzCore.framework */,
				CB1AA74B1CEC3280009C18E2 /* CoreLocation.framework */,
				CB1AA7451CEC323F009C18E2 /* BaiduMapAPI_Base.framework */,
				CB1AA7461CEC323F009C18E2 /* BaiduMapAPI_Location.framework */,
				CB1AA7471CEC323F009C18E2 /* BaiduMapAPI_Map.framework */,
				32E8EF9BBE4402875978F035 /* libPods.a */,
			);
			name = Frameworks;
			sourceTree = "<group>";
		};
		C147FA287A0943B1762168F1 /* Pods */ = {
			isa = PBXGroup;
			children = (
				84B32E114A75699846B69112 /* Pods.debug.xcconfig */,
				F0AFC9F2EE209C0A3A7F964C /* Pods.release.xcconfig */,
			);
			name = Pods;
			sourceTree = "<group>";
		};
		CB038E3E1CE6F9B40090839D /* 轮播图 */ = {
			isa = PBXGroup;
			children = (
				CB038E3F1CE6FA100090839D /* FYCarouselPic.h */,
				CB038E401CE6FA100090839D /* FYCarouselPic.m */,
				CB038E421CE6FD910090839D /* FYCarouselCell.h */,
				CB038E431CE6FD910090839D /* FYCarouselCell.m */,
			);
			path = "轮播图";
			sourceTree = "<group>";
		};
		CBD6548A1CE3581A00499922 /* Controller */ = {
			isa = PBXGroup;
			children = (
				2B97A18B1CDC2BF900B4989C /* HomeViewController.h */,
				2B97A18C1CDC2BF900B4989C /* HomeViewController.m */,
				CB7CF4FF1CE4BB4100716F5D /* FYHomeWebViewVC.h */,
				CB7CF5001CE4BB4100716F5D /* FYHomeWebViewVC.m */,
				CB741F2E1CE4D744002FA686 /* FYLookMoreCityVC.h */,
				CB741F2F1CE4D744002FA686 /* FYLookMoreCityVC.m */,
				CB0A768E1CE5B6E700EB6E7D /* FYCityHouseListVC.h */,
				CB0A768F1CE5B6E700EB6E7D /* FYCityHouseListVC.m */,
				CBF61C011CEDF12500311C3F /* FYMoreChooseVC.h */,
				CBF61C021CEDF12500311C3F /* FYMoreChooseVC.m */,
				CBF61C031CEDF12500311C3F /* FYMoreChooseVC.xib */,
				CBDF7DEA1CEB4C7100762867 /* FYCityHouseMapVC.h */,
				CBDF7DEB1CEB4C7100762867 /* FYCityHouseMapVC.m */,
			);
			path = Controller;
			sourceTree = "<group>";
		};
		CBD6548B1CE3582A00499922 /* View */ = {
			isa = PBXGroup;
			children = (
				CB4EF9611CE388DD008046EF /* FYHomeViewCell.h */,
				CB4EF9621CE388DD008046EF /* FYHomeViewCell.m */,
				CB4EF9631CE388DD008046EF /* FYHomeViewCell.xib */,
				CB6BAC881CE4584A006457BC /* FYCollectionHeader.h */,
				CB6BAC891CE4584A006457BC /* FYCollectionHeader.m */,
				CB6BAC8B1CE45912006457BC /* FYHeaderViewCell.h */,
				CB6BAC8C1CE45912006457BC /* FYHeaderViewCell.m */,
				CB6BAC8D1CE45912006457BC /* FYHeaderViewCell.xib */,
				CB6BAC801CE4461B006457BC /* FYCollectionFooter.h */,
				CB6BAC811CE4461B006457BC /* FYCollectionFooter.m */,
				CB2503361CE58F2C007004AB /* FYSearchedCityTableView.h */,
				CB2503371CE58F2C007004AB /* FYSearchedCityTableView.m */,
				CB120DAF1CE73F99007D71C6 /* FYCityHouseListCell.h */,
				CB120DB01CE73F99007D71C6 /* FYCityHouseListCell.m */,
				CB120DB11CE73F99007D71C6 /* FYCityHouseListCell.xib */,
				CBDF7DE51CEB4C3300762867 /* FYCityHouseMapCell.h */,
				CBDF7DE61CEB4C3300762867 /* FYCityHouseMapCell.m */,
				CBDF7DE71CEB4C3300762867 /* FYCityHouseMapCell.xib */,
				CBF61BFE1CEDE7CE00311C3F /* FYMoreChoose.h */,
				CBF61BFF1CEDE7CF00311C3F /* FYMoreChoose.m */,
			);
			path = View;
			sourceTree = "<group>";
		};
		CBD6548C1CE3583100499922 /* Model */ = {
			isa = PBXGroup;
			children = (
				CBD6548D1CE3591500499922 /* FYHomeViewData.h */,
				CBD6548E1CE3591500499922 /* FYHomeViewData.m */,
				CBD654901CE35A9B00499922 /* FYHomeViewBannerData.h */,
				CBD654911CE35A9B00499922 /* FYHomeViewBannerData.m */,
				CBD654931CE35B4B00499922 /* FYHomeViewCityData.h */,
				CBD654941CE35B4B00499922 /* FYHomeViewCityData.m */,
				CB2503301CE579FF007004AB /* FYLookMoreCityData.h */,
				CB2503311CE579FF007004AB /* FYLookMoreCityData.m */,
				CB2503331CE57CA2007004AB /* FYSingleCityData.h */,
				CB2503341CE57CA2007004AB /* FYSingleCityData.m */,
				CB038E451CE717780090839D /* FYCityHouseListData.h */,
				CB038E461CE717780090839D /* FYCityHouseListData.m */,
				CBDF7DE21CEB4BDC00762867 /* FYCityHouseMapData.h */,
				CBDF7DE31CEB4BDC00762867 /* FYCityHouseMapData.m */,
			);
			path = Model;
			sourceTree = "<group>";
		};
		CBE1DA961CE1FAB600B36A18 /* 其他 */ = {
			isa = PBXGroup;
			children = (
				2B97A1301CDC264700B4989C /* AppDelegate.h */,
				2B97A1311CDC264700B4989C /* AppDelegate.m */,
				CB902C5B1CE2DDA500DCE806 /* Assets.xcassets */,
				2B97A13B1CDC264700B4989C /* LaunchScreen.storyboard */,
			);
			path = "其他";
			sourceTree = "<group>";
		};
		CBE1DA991CE2191C00B36A18 /* 功能模块 */ = {
			isa = PBXGroup;
			children = (
				CB038E3E1CE6F9B40090839D /* 轮播图 */,
				CBE1DA9A1CE2196800B36A18 /* 网络 */,
				CBE1DA9B1CE2197E00B36A18 /* 数据库 */,
			);
			path = "功能模块";
			sourceTree = "<group>";
		};
		CBE1DA9A1CE2196800B36A18 /* 网络 */ = {
			isa = PBXGroup;
			children = (
				CBE1DA9C1CE21A5E00B36A18 /* FYAFNetworkingManager.h */,
				CBE1DA9D1CE21A5E00B36A18 /* FYAFNetworkingManager.m */,
			);
			path = "网络";
			sourceTree = "<group>";
		};
		CBE1DA9B1CE2197E00B36A18 /* 数据库 */ = {
			isa = PBXGroup;
			children = (
			);
			path = "数据库";
			sourceTree = "<group>";
		};
/* End PBXGroup section */

/* Begin PBXNativeTarget section */
		2B97A1291CDC264700B4989C /* banlv */ = {
			isa = PBXNativeTarget;
			buildConfigurationList = 2B97A1571CDC264700B4989C /* Build configuration list for PBXNativeTarget "banlv" */;
			buildPhases = (
				C0E0C1C954B9EB28235C74BB /* Check Pods Manifest.lock */,
				2B97A1261CDC264700B4989C /* Sources */,
				2B97A1271CDC264700B4989C /* Frameworks */,
				2B97A1281CDC264700B4989C /* Resources */,
				2584ED7F71F4CBD60A9CAF5E /* Embed Pods Frameworks */,
				B69C2C4EA4D3F680BD85D1C2 /* Copy Pods Resources */,
			);
			buildRules = (
			);
			dependencies = (
			);
			name = banlv;
			productName = banlv;
			productReference = 2B97A12A1CDC264700B4989C /* banlv.app */;
			productType = "com.apple.product-type.application";
		};
		2B97A1421CDC264700B4989C /* banlvTests */ = {
			isa = PBXNativeTarget;
			buildConfigurationList = 2B97A15A1CDC264700B4989C /* Build configuration list for PBXNativeTarget "banlvTests" */;
			buildPhases = (
				2B97A13F1CDC264700B4989C /* Sources */,
				2B97A1401CDC264700B4989C /* Frameworks */,
				2B97A1411CDC264700B4989C /* Resources */,
			);
			buildRules = (
			);
			dependencies = (
				2B97A1451CDC264700B4989C /* PBXTargetDependency */,
			);
			name = banlvTests;
			productName = banlvTests;
			productReference = 2B97A1431CDC264700B4989C /* banlvTests.xctest */;
			productType = "com.apple.product-type.bundle.unit-test";
		};
		2B97A14D1CDC264700B4989C /* banlvUITests */ = {
			isa = PBXNativeTarget;
			buildConfigurationList = 2B97A15D1CDC264700B4989C /* Build configuration list for PBXNativeTarget "banlvUITests" */;
			buildPhases = (
				2B97A14A1CDC264700B4989C /* Sources */,
				2B97A14B1CDC264700B4989C /* Frameworks */,
				2B97A14C1CDC264700B4989C /* Resources */,
			);
			buildRules = (
			);
			dependencies = (
				2B97A1501CDC264700B4989C /* PBXTargetDependency */,
			);
			name = banlvUITests;
			productName = banlvUITests;
			productReference = 2B97A14E1CDC264700B4989C /* banlvUITests.xctest */;
			productType = "com.apple.product-type.bundle.ui-testing";
		};
/* End PBXNativeTarget section */

/* Begin PBXProject section */
		2B97A1221CDC264700B4989C /* Project object */ = {
			isa = PBXProject;
			attributes = {
				LastUpgradeCheck = 0730;
				ORGANIZATIONNAME = llz;
				TargetAttributes = {
					2B97A1291CDC264700B4989C = {
						CreatedOnToolsVersion = 7.3;
						DevelopmentTeam = 272JFN8P2D;
					};
					2B97A1421CDC264700B4989C = {
						CreatedOnToolsVersion = 7.3;
						TestTargetID = 2B97A1291CDC264700B4989C;
					};
					2B97A14D1CDC264700B4989C = {
						CreatedOnToolsVersion = 7.3;
						TestTargetID = 2B97A1291CDC264700B4989C;
					};
				};
			};
			buildConfigurationList = 2B97A1251CDC264700B4989C /* Build configuration list for PBXProject "banlv" */;
			compatibilityVersion = "Xcode 3.2";
			developmentRegion = English;
			hasScannedForEncodings = 0;
			knownRegions = (
				en,
				Base,
			);
			mainGroup = 2B97A1211CDC264700B4989C;
			productRefGroup = 2B97A12B1CDC264700B4989C /* Products */;
			projectDirPath = "";
			projectRoot = "";
			targets = (
				2B97A1291CDC264700B4989C /* banlv */,
				2B97A1421CDC264700B4989C /* banlvTests */,
				2B97A14D1CDC264700B4989C /* banlvUITests */,
			);
		};
/* End PBXProject section */

/* Begin PBXResourcesBuildPhase section */
		2B97A1281CDC264700B4989C /* Resources */ = {
			isa = PBXResourcesBuildPhase;
			buildActionMask = 2147483647;
			files = (
				7A2FD8391CE86E330049267C /* BLIconView.xib in Resources */,
				7A2FD8311CE86E330049267C /* BLMyCollectController.xib in Resources */,
				CB6BAC8F1CE45912006457BC /* FYHeaderViewCell.xib in Resources */,
				CBF61C051CEDF12500311C3F /* FYMoreChooseVC.xib in Resources */,
				CB4EF9651CE388DD008046EF /* FYHomeViewCell.xib in Resources */,
				7A2FD8421CE86E330049267C /* BLMyWalletController.xib in Resources */,
				2B9946AB1CEC992000D21942 /* CYPoHeaderView.xib in Resources */,
				7A2FD8401CE86E330049267C /* BLBannerView.xib in Resources */,
				7A2FD83E1CE86E330049267C /* BLBannerCell.xib in Resources */,
				CBDF7DE91CEB4C3300762867 /* FYCityHouseMapCell.xib in Resources */,
				CB902C5C1CE2DDA500DCE806 /* Assets.xcassets in Resources */,
				2B9B48591CEDEA1400FB2169 /* CYDoDizhuView.xib in Resources */,
				2B8D54311CEA18E400AF43CA /* CYPartyCell.xib in Resources */,
				CB120DB31CE73F99007D71C6 /* FYCityHouseListCell.xib in Resources */,
				7A2FD83B1CE86E330049267C /* BLLogoView.xib in Resources */,
				2B97A13D1CDC264700B4989C /* LaunchScreen.storyboard in Resources */,
				CB1AA75E1CEC3339009C18E2 /* mapapi.bundle in Resources */,
				2B8D54251CEA18E400AF43CA /* CYXuanfuView.xib in Resources */,
				2B8D542A1CEA18E400AF43CA /* CYDizhuCell.xib in Resources */,
			);
			runOnlyForDeploymentPostprocessing = 0;
		};
		2B97A1411CDC264700B4989C /* Resources */ = {
			isa = PBXResourcesBuildPhase;
			buildActionMask = 2147483647;
			files = (
			);
			runOnlyForDeploymentPostprocessing = 0;
		};
		2B97A14C1CDC264700B4989C /* Resources */ = {
			isa = PBXResourcesBuildPhase;
			buildActionMask = 2147483647;
			files = (
			);
			runOnlyForDeploymentPostprocessing = 0;
		};
/* End PBXResourcesBuildPhase section */

/* Begin PBXShellScriptBuildPhase section */
		2584ED7F71F4CBD60A9CAF5E /* Embed Pods Frameworks */ = {
			isa = PBXShellScriptBuildPhase;
			buildActionMask = 2147483647;
			files = (
			);
			inputPaths = (
			);
			name = "Embed Pods Frameworks";
			outputPaths = (
			);
			runOnlyForDeploymentPostprocessing = 0;
			shellPath = /bin/sh;
			shellScript = "\"${SRCROOT}/Pods/Target Support Files/Pods/Pods-frameworks.sh\"\n";
			showEnvVarsInLog = 0;
		};
		B69C2C4EA4D3F680BD85D1C2 /* Copy Pods Resources */ = {
			isa = PBXShellScriptBuildPhase;
			buildActionMask = 2147483647;
			files = (
			);
			inputPaths = (
			);
			name = "Copy Pods Resources";
			outputPaths = (
			);
			runOnlyForDeploymentPostprocessing = 0;
			shellPath = /bin/sh;
			shellScript = "\"${SRCROOT}/Pods/Target Support Files/Pods/Pods-resources.sh\"\n";
			showEnvVarsInLog = 0;
		};
		C0E0C1C954B9EB28235C74BB /* Check Pods Manifest.lock */ = {
			isa = PBXShellScriptBuildPhase;
			buildActionMask = 2147483647;
			files = (
			);
			inputPaths = (
			);
			name = "Check Pods Manifest.lock";
			outputPaths = (
			);
			runOnlyForDeploymentPostprocessing = 0;
			shellPath = /bin/sh;
			shellScript = "diff \"${PODS_ROOT}/../Podfile.lock\" \"${PODS_ROOT}/Manifest.lock\" > /dev/null\nif [[ $? != 0 ]] ; then\n    cat << EOM\nerror: The sandbox is not in sync with the Podfile.lock. Run 'pod install' or update your CocoaPods installation.\nEOM\n    exit 1\nfi\n";
			showEnvVarsInLog = 0;
		};
/* End PBXShellScriptBuildPhase section */

/* Begin PBXSourcesBuildPhase section */
		2B97A1261CDC264700B4989C /* Sources */ = {
			isa = PBXSourcesBuildPhase;
			buildActionMask = 2147483647;
			files = (
				CBD6E4051CEF29C9003BFA5F /* FYMoreChooseVC.m in Sources */,
				CB6BAC8E1CE45912006457BC /* FYHeaderViewCell.m in Sources */,
				7A2FD83A1CE86E330049267C /* BLLogoView.m in Sources */,
				7A2FD84E1CE870470049267C /* MMDrawerController.m in Sources */,
				CBDF7DE41CEB4BDC00762867 /* FYCityHouseMapData.m in Sources */,
				CBDF7DEC1CEB4C7100762867 /* FYCityHouseMapVC.m in Sources */,
				2B8D54301CEA18E400AF43CA /* CYPartyCell.m in Sources */,
				7A2FD8351CE86E330049267C /* BLSetController.m in Sources */,
				2B97A1931CDC2C4B00B4989C /* OrderViewController.m in Sources */,
				7A2FD8341CE86E330049267C /* BLMineViewController.m in Sources */,
				CB741F301CE4D744002FA686 /* FYLookMoreCityVC.m in Sources */,
				2B8D54321CEA18E400AF43CA /* CYPartyCellData.m in Sources */,
				2B8D54291CEA18E400AF43CA /* CYDizhuCell.m in Sources */,
				7A2FD8371CE86E330049267C /* BLAboutUsView.m in Sources */,
				2B97A17D1CDC2B0400B4989C /* UINavigationController+Jump.m in Sources */,
				CB038E441CE6FD910090839D /* FYCarouselCell.m in Sources */,
				2B8D54241CEA18E400AF43CA /* CYXuanfuView.m in Sources */,
				7A2FD8321CE86E330049267C /* BLEditProfilesController.m in Sources */,
				CBDF7DE81CEB4C3300762867 /* FYCityHouseMapCell.m in Sources */,
				7A2FD83C1CE86E330049267C /* BLProfilesController.m in Sources */,
				7A2FD8381CE86E330049267C /* BLIconView.m in Sources */,
				CBF61BFD1CEDD57400311C3F /* BLNavigationController.m in Sources */,
				CB2503321CE579FF007004AB /* FYLookMoreCityData.m in Sources */,
				2B97A1661CDC2A6300B4989C /* CYMyTabBar.m in Sources */,
				CBE1DA9E1CE21A5E00B36A18 /* FYAFNetworkingManager.m in Sources */,
				2B8D54331CEA18E400AF43CA /* CYPartyTableView.m in Sources */,
				2B8D542D1CEA18E400AF43CA /* CYDizhuResultData.m in Sources */,
				CB2503381CE58F2C007004AB /* FYSearchedCityTableView.m in Sources */,
				2B97A1671CDC2A6300B4989C /* CYTabBarController.m in Sources */,
				2B8D54281CEA18E400AF43CA /* CYPoViewController.m in Sources */,
				CBD6548F1CE3591500499922 /* FYHomeViewData.m in Sources */,
				7A2FD83F1CE86E330049267C /* BLBannerView.m in Sources */,
				CB7CF5021CE4BB4100716F5D /* FYHomeWebViewVC.m in Sources */,
				2B9946A91CEC98F500D21942 /* CYPoHeaderView.m in Sources */,
				2BB006181CEB39A00076485D /* CYMySegment.m in Sources */,
				2B97A17C1CDC2B0400B4989C /* UIStoryboard+IndentifierVC.m in Sources */,
				2B97A1321CDC264700B4989C /* AppDelegate.m in Sources */,
				7A2FD8301CE86E330049267C /* BLMyCollectController.m in Sources */,
				CB6BAC821CE4461B006457BC /* FYCollectionFooter.m in Sources */,
				CB038E3D1CE6F0F30090839D /* NSString+FYURLEncode.m in Sources */,
				2B8D54261CEA18E400AF43CA /* FindViewController.m in Sources */,
				2B8D54271CEA18E400AF43CA /* CYDoDiViewController.m in Sources */,
				CB038E471CE717780090839D /* FYCityHouseListData.m in Sources */,
				CB038E411CE6FA100090839D /* FYCarouselPic.m in Sources */,
				CB120DB21CE73F99007D71C6 /* FYCityHouseListCell.m in Sources */,
				2B9B48571CEDE9F900FB2169 /* CYDoDizhuView.m in Sources */,
				2B97A12F1CDC264700B4989C /* main.m in Sources */,
				CB0A76901CE5B6E700EB6E7D /* FYCityHouseListVC.m in Sources */,
				CBD654921CE35A9B00499922 /* FYHomeViewBannerData.m in Sources */,
				7A2FD8501CE870470049267C /* UIViewController+MMDrawerController.m in Sources */,
				CB4EF9641CE388DD008046EF /* FYHomeViewCell.m in Sources */,
				2B97A17B1CDC2B0400B4989C /* UIBarButtonItem+CustomButton.m in Sources */,
				2B97A17F1CDC2B0400B4989C /* UIView+frame.m in Sources */,
				7A2FD7EF1CE86DE40049267C /* BLOrdersViewController.m in Sources */,
				2B97A18A1CDC2BE200B4989C /* SearchViewController.m in Sources */,
				CB2503351CE57CA2007004AB /* FYSingleCityData.m in Sources */,
				2B8D542F1CEA18E400AF43CA /* CYJoinedViewController.m in Sources */,
				2B97A1901CDC2C0E00B4989C /* MainViewController.m in Sources */,
				CBF61C001CEDE7CF00311C3F /* FYMoreChoose.m in Sources */,
				7A2FD8361CE86E330049267C /* BLTempController.m in Sources */,
				2B9946A61CEC943A00D21942 /* CYTableViewData.m in Sources */,
				7A2FD84D1CE870470049267C /* MMDrawerBarButtonItem.m in Sources */,
				CB6BAC8A1CE4584A006457BC /* FYCollectionHeader.m in Sources */,
				2B8D542E1CEA18E400AF43CA /* CYDizhuTableView.m in Sources */,
				7A2FD8411CE86E330049267C /* BLMyWalletController.m in Sources */,
				7A2FD8331CE86E330049267C /* BLFeedbackController.m in Sources */,
				CBD654951CE35B4B00499922 /* FYHomeViewCityData.m in Sources */,
				7A2FD83D1CE86E330049267C /* BLBannerCell.m in Sources */,
				7A2FD84F1CE870470049267C /* MMDrawerVisualState.m in Sources */,
				2B97A17E1CDC2B0400B4989C /* UIView+GroupAnimation.m in Sources */,
				2B97A18D1CDC2BF900B4989C /* HomeViewController.m in Sources */,
			);
			runOnlyForDeploymentPostprocessing = 0;
		};
		2B97A13F1CDC264700B4989C /* Sources */ = {
			isa = PBXSourcesBuildPhase;
			buildActionMask = 2147483647;
			files = (
				2B97A1481CDC264700B4989C /* banlvTests.m in Sources */,
			);
			runOnlyForDeploymentPostprocessing = 0;
		};
		2B97A14A1CDC264700B4989C /* Sources */ = {
			isa = PBXSourcesBuildPhase;
			buildActionMask = 2147483647;
			files = (
				2B97A1531CDC264700B4989C /* banlvUITests.m in Sources */,
			);
			runOnlyForDeploymentPostprocessing = 0;
		};
/* End PBXSourcesBuildPhase section */

/* Begin PBXTargetDependency section */
		2B97A1451CDC264700B4989C /* PBXTargetDependency */ = {
			isa = PBXTargetDependency;
			target = 2B97A1291CDC264700B4989C /* banlv */;
			targetProxy = 2B97A1441CDC264700B4989C /* PBXContainerItemProxy */;
		};
		2B97A1501CDC264700B4989C /* PBXTargetDependency */ = {
			isa = PBXTargetDependency;
			target = 2B97A1291CDC264700B4989C /* banlv */;
			targetProxy = 2B97A14F1CDC264700B4989C /* PBXContainerItemProxy */;
		};
/* End PBXTargetDependency section */

/* Begin PBXVariantGroup section */
		2B97A13B1CDC264700B4989C /* LaunchScreen.storyboard */ = {
			isa = PBXVariantGroup;
			children = (
				2B97A13C1CDC264700B4989C /* Base */,
			);
			name = LaunchScreen.storyboard;
			sourceTree = "<group>";
		};
/* End PBXVariantGroup section */

/* Begin XCBuildConfiguration section */
		2B97A1551CDC264700B4989C /* Debug */ = {
			isa = XCBuildConfiguration;
			buildSettings = {
				ALWAYS_SEARCH_USER_PATHS = NO;
				CLANG_ANALYZER_NONNULL = YES;
				CLANG_CXX_LANGUAGE_STANDARD = "gnu++0x";
				CLANG_CXX_LIBRARY = "libc++";
				CLANG_ENABLE_MODULES = YES;
				CLANG_ENABLE_OBJC_ARC = YES;
				CLANG_WARN_BOOL_CONVERSION = YES;
				CLANG_WARN_CONSTANT_CONVERSION = YES;
				CLANG_WARN_DIRECT_OBJC_ISA_USAGE = YES_ERROR;
				CLANG_WARN_EMPTY_BODY = YES;
				CLANG_WARN_ENUM_CONVERSION = YES;
				CLANG_WARN_INT_CONVERSION = YES;
				CLANG_WARN_OBJC_ROOT_CLASS = YES_ERROR;
				CLANG_WARN_UNREACHABLE_CODE = YES;
				CLANG_WARN__DUPLICATE_METHOD_MATCH = YES;
				"CODE_SIGN_IDENTITY[sdk=iphoneos*]" = "iPhone Developer";
				COPY_PHASE_STRIP = NO;
				DEBUG_INFORMATION_FORMAT = dwarf;
				ENABLE_STRICT_OBJC_MSGSEND = YES;
				ENABLE_TESTABILITY = YES;
				GCC_C_LANGUAGE_STANDARD = gnu99;
				GCC_DYNAMIC_NO_PIC = NO;
				GCC_NO_COMMON_BLOCKS = YES;
				GCC_OPTIMIZATION_LEVEL = 0;
				GCC_PREPROCESSOR_DEFINITIONS = (
					"DEBUG=1",
					"$(inherited)",
				);
				GCC_WARN_64_TO_32_BIT_CONVERSION = YES;
				GCC_WARN_ABOUT_RETURN_TYPE = YES_ERROR;
				GCC_WARN_UNDECLARED_SELECTOR = YES;
				GCC_WARN_UNINITIALIZED_AUTOS = YES_AGGRESSIVE;
				GCC_WARN_UNUSED_FUNCTION = YES;
				GCC_WARN_UNUSED_VARIABLE = YES;
				IPHONEOS_DEPLOYMENT_TARGET = 9.3;
				MTL_ENABLE_DEBUG_INFO = YES;
				ONLY_ACTIVE_ARCH = YES;
				SDKROOT = iphoneos;
				TARGETED_DEVICE_FAMILY = "1,2";
			};
			name = Debug;
		};
		2B97A1561CDC264700B4989C /* Release */ = {
			isa = XCBuildConfiguration;
			buildSettings = {
				ALWAYS_SEARCH_USER_PATHS = NO;
				CLANG_ANALYZER_NONNULL = YES;
				CLANG_CXX_LANGUAGE_STANDARD = "gnu++0x";
				CLANG_CXX_LIBRARY = "libc++";
				CLANG_ENABLE_MODULES = YES;
				CLANG_ENABLE_OBJC_ARC = YES;
				CLANG_WARN_BOOL_CONVERSION = YES;
				CLANG_WARN_CONSTANT_CONVERSION = YES;
				CLANG_WARN_DIRECT_OBJC_ISA_USAGE = YES_ERROR;
				CLANG_WARN_EMPTY_BODY = YES;
				CLANG_WARN_ENUM_CONVERSION = YES;
				CLANG_WARN_INT_CONVERSION = YES;
				CLANG_WARN_OBJC_ROOT_CLASS = YES_ERROR;
				CLANG_WARN_UNREACHABLE_CODE = YES;
				CLANG_WARN__DUPLICATE_METHOD_MATCH = YES;
				"CODE_SIGN_IDENTITY[sdk=iphoneos*]" = "iPhone Developer";
				COPY_PHASE_STRIP = NO;
				DEBUG_INFORMATION_FORMAT = "dwarf-with-dsym";
				ENABLE_NS_ASSERTIONS = NO;
				ENABLE_STRICT_OBJC_MSGSEND = YES;
				GCC_C_LANGUAGE_STANDARD = gnu99;
				GCC_NO_COMMON_BLOCKS = YES;
				GCC_WARN_64_TO_32_BIT_CONVERSION = YES;
				GCC_WARN_ABOUT_RETURN_TYPE = YES_ERROR;
				GCC_WARN_UNDECLARED_SELECTOR = YES;
				GCC_WARN_UNINITIALIZED_AUTOS = YES_AGGRESSIVE;
				GCC_WARN_UNUSED_FUNCTION = YES;
				GCC_WARN_UNUSED_VARIABLE = YES;
				IPHONEOS_DEPLOYMENT_TARGET = 9.3;
				MTL_ENABLE_DEBUG_INFO = NO;
				SDKROOT = iphoneos;
				TARGETED_DEVICE_FAMILY = "1,2";
				VALIDATE_PRODUCT = YES;
			};
			name = Release;
		};
		2B97A1581CDC264700B4989C /* Debug */ = {
			isa = XCBuildConfiguration;
			baseConfigurationReference = 84B32E114A75699846B69112 /* Pods.debug.xcconfig */;
			buildSettings = {
				ASSETCATALOG_COMPILER_APPICON_NAME = AppIcon;
				CODE_SIGN_IDENTITY = "iPhone Developer";
				"CODE_SIGN_IDENTITY[sdk=iphoneos*]" = "iPhone Developer";
				FRAMEWORK_SEARCH_PATHS = (
					"$(inherited)",
					"$(PROJECT_DIR)",
				);
				GCC_PREFIX_HEADER = "$(SRCROOT)/banlv/CYGlobal.pch";
				INFOPLIST_FILE = banlv/Info.plist;
				LD_RUNPATH_SEARCH_PATHS = "$(inherited) @executable_path/Frameworks";
				PRODUCT_BUNDLE_IDENTIFIER = com.banlv.ios;
				PRODUCT_NAME = "$(TARGET_NAME)";
				PROVISIONING_PROFILE = "";
			};
			name = Debug;
		};
		2B97A1591CDC264700B4989C /* Release */ = {
			isa = XCBuildConfiguration;
			baseConfigurationReference = F0AFC9F2EE209C0A3A7F964C /* Pods.release.xcconfig */;
			buildSettings = {
				ASSETCATALOG_COMPILER_APPICON_NAME = AppIcon;
				CODE_SIGN_IDENTITY = "iPhone Developer";
				"CODE_SIGN_IDENTITY[sdk=iphoneos*]" = "iPhone Developer";
				FRAMEWORK_SEARCH_PATHS = (
					"$(inherited)",
					"$(PROJECT_DIR)",
				);
				GCC_PREFIX_HEADER = "$(SRCROOT)/banlv/CYGlobal.pch";
				INFOPLIST_FILE = banlv/Info.plist;
				LD_RUNPATH_SEARCH_PATHS = "$(inherited) @executable_path/Frameworks";
				PRODUCT_BUNDLE_IDENTIFIER = com.banlv.ios;
				PRODUCT_NAME = "$(TARGET_NAME)";
				PROVISIONING_PROFILE = "";
			};
			name = Release;
		};
		2B97A15B1CDC264700B4989C /* Debug */ = {
			isa = XCBuildConfiguration;
			buildSettings = {
				BUNDLE_LOADER = "$(TEST_HOST)";
				INFOPLIST_FILE = banlvTests/Info.plist;
				LD_RUNPATH_SEARCH_PATHS = "$(inherited) @executable_path/Frameworks @loader_path/Frameworks";
				PRODUCT_BUNDLE_IDENTIFIER = llz.banlvTests;
				PRODUCT_NAME = "$(TARGET_NAME)";
				TEST_HOST = "$(BUILT_PRODUCTS_DIR)/banlv.app/banlv";
			};
			name = Debug;
		};
		2B97A15C1CDC264700B4989C /* Release */ = {
			isa = XCBuildConfiguration;
			buildSettings = {
				BUNDLE_LOADER = "$(TEST_HOST)";
				INFOPLIST_FILE = banlvTests/Info.plist;
				LD_RUNPATH_SEARCH_PATHS = "$(inherited) @executable_path/Frameworks @loader_path/Frameworks";
				PRODUCT_BUNDLE_IDENTIFIER = llz.banlvTests;
				PRODUCT_NAME = "$(TARGET_NAME)";
				TEST_HOST = "$(BUILT_PRODUCTS_DIR)/banlv.app/banlv";
			};
			name = Release;
		};
		2B97A15E1CDC264700B4989C /* Debug */ = {
			isa = XCBuildConfiguration;
			buildSettings = {
				INFOPLIST_FILE = banlvUITests/Info.plist;
				LD_RUNPATH_SEARCH_PATHS = "$(inherited) @executable_path/Frameworks @loader_path/Frameworks";
				PRODUCT_BUNDLE_IDENTIFIER = llz.banlvUITests;
				PRODUCT_NAME = "$(TARGET_NAME)";
				TEST_TARGET_NAME = banlv;
			};
			name = Debug;
		};
		2B97A15F1CDC264700B4989C /* Release */ = {
			isa = XCBuildConfiguration;
			buildSettings = {
				INFOPLIST_FILE = banlvUITests/Info.plist;
				LD_RUNPATH_SEARCH_PATHS = "$(inherited) @executable_path/Frameworks @loader_path/Frameworks";
				PRODUCT_BUNDLE_IDENTIFIER = llz.banlvUITests;
				PRODUCT_NAME = "$(TARGET_NAME)";
				TEST_TARGET_NAME = banlv;
			};
			name = Release;
		};
/* End XCBuildConfiguration section */

/* Begin XCConfigurationList section */
		2B97A1251CDC264700B4989C /* Build configuration list for PBXProject "banlv" */ = {
			isa = XCConfigurationList;
			buildConfigurations = (
				2B97A1551CDC264700B4989C /* Debug */,
				2B97A1561CDC264700B4989C /* Release */,
			);
			defaultConfigurationIsVisible = 0;
			defaultConfigurationName = Release;
		};
		2B97A1571CDC264700B4989C /* Build configuration list for PBXNativeTarget "banlv" */ = {
			isa = XCConfigurationList;
			buildConfigurations = (
				2B97A1581CDC264700B4989C /* Debug */,
				2B97A1591CDC264700B4989C /* Release */,
			);
			defaultConfigurationIsVisible = 0;
			defaultConfigurationName = Release;
		};
		2B97A15A1CDC264700B4989C /* Build configuration list for PBXNativeTarget "banlvTests" */ = {
			isa = XCConfigurationList;
			buildConfigurations = (
				2B97A15B1CDC264700B4989C /* Debug */,
				2B97A15C1CDC264700B4989C /* Release */,
			);
			defaultConfigurationIsVisible = 0;
			defaultConfigurationName = Release;
		};
		2B97A15D1CDC264700B4989C /* Build configuration list for PBXNativeTarget "banlvUITests" */ = {
			isa = XCConfigurationList;
			buildConfigurations = (
				2B97A15E1CDC264700B4989C /* Debug */,
				2B97A15F1CDC264700B4989C /* Release */,
			);
			defaultConfigurationIsVisible = 0;
			defaultConfigurationName = Release;
		};
/* End XCConfigurationList section */
	};
	rootObject = 2B97A1221CDC264700B4989C /* Project object */;
}
