<?xml version="1.0" encoding="UTF-8"?>
<!DOCTYPE plist PUBLIC "-//Apple//DTD PLIST 1.0//EN" "http://www.apple.com/DTDs/PropertyList-1.0.dtd">
<plist version="1.0">
<dict>
	<key>archiveVersion</key>
	<string>1</string>
	<key>classes</key>
	<dict/>
	<key>objectVersion</key>
	<string>46</string>
	<key>objects</key>
	<dict>
		<key>127437573AB123E2BCE39558</key>
		<dict>
			<key>fileRef</key>
			<string>32E8EF9BBE4402875978F035</string>
			<key>isa</key>
			<string>PBXBuildFile</string>
		</dict>
		<key>2584ED7F71F4CBD60A9CAF5E</key>
		<dict>
			<key>buildActionMask</key>
			<string>2147483647</string>
			<key>files</key>
			<array/>
			<key>inputPaths</key>
			<array/>
			<key>isa</key>
			<string>PBXShellScriptBuildPhase</string>
			<key>name</key>
			<string>Embed Pods Frameworks</string>
			<key>outputPaths</key>
			<array/>
			<key>runOnlyForDeploymentPostprocessing</key>
			<string>0</string>
			<key>shellPath</key>
			<string>/bin/sh</string>
			<key>shellScript</key>
			<string>"${SRCROOT}/Pods/Target Support Files/Pods/Pods-frameworks.sh"
</string>
			<key>showEnvVarsInLog</key>
			<string>0</string>
		</dict>
		<key>2B97A1211CDC264700B4989C</key>
		<dict>
			<key>children</key>
			<array>
				<string>2B97A12C1CDC264700B4989C</string>
				<string>2B97A1461CDC264700B4989C</string>
				<string>2B97A1511CDC264700B4989C</string>
				<string>2B97A12B1CDC264700B4989C</string>
				<string>C147FA287A0943B1762168F1</string>
				<string>938E96DF1B047757F4B0CBE1</string>
			</array>
			<key>isa</key>
			<string>PBXGroup</string>
			<key>sourceTree</key>
			<string>&lt;group&gt;</string>
		</dict>
		<key>2B97A1221CDC264700B4989C</key>
		<dict>
			<key>attributes</key>
			<dict>
				<key>LastUpgradeCheck</key>
				<string>0730</string>
				<key>ORGANIZATIONNAME</key>
				<string>llz</string>
				<key>TargetAttributes</key>
				<dict>
					<key>2B97A1291CDC264700B4989C</key>
					<dict>
						<key>CreatedOnToolsVersion</key>
						<string>7.3</string>
					</dict>
					<key>2B97A1421CDC264700B4989C</key>
					<dict>
						<key>CreatedOnToolsVersion</key>
						<string>7.3</string>
						<key>TestTargetID</key>
						<string>2B97A1291CDC264700B4989C</string>
					</dict>
					<key>2B97A14D1CDC264700B4989C</key>
					<dict>
						<key>CreatedOnToolsVersion</key>
						<string>7.3</string>
						<key>TestTargetID</key>
						<string>2B97A1291CDC264700B4989C</string>
					</dict>
				</dict>
			</dict>
			<key>buildConfigurationList</key>
			<string>2B97A1251CDC264700B4989C</string>
			<key>compatibilityVersion</key>
			<string>Xcode 3.2</string>
			<key>developmentRegion</key>
			<string>English</string>
			<key>hasScannedForEncodings</key>
			<string>0</string>
			<key>isa</key>
			<string>PBXProject</string>
			<key>knownRegions</key>
			<array>
				<string>en</string>
				<string>Base</string>
			</array>
			<key>mainGroup</key>
			<string>2B97A1211CDC264700B4989C</string>
			<key>productRefGroup</key>
			<string>2B97A12B1CDC264700B4989C</string>
			<key>projectDirPath</key>
			<string></string>
			<key>projectReferences</key>
			<array/>
			<key>projectRoot</key>
			<string></string>
			<key>targets</key>
			<array>
				<string>2B97A1291CDC264700B4989C</string>
				<string>2B97A1421CDC264700B4989C</string>
				<string>2B97A14D1CDC264700B4989C</string>
			</array>
		</dict>
		<key>2B97A1251CDC264700B4989C</key>
		<dict>
			<key>buildConfigurations</key>
			<array>
				<string>2B97A1551CDC264700B4989C</string>
				<string>2B97A1561CDC264700B4989C</string>
			</array>
			<key>defaultConfigurationIsVisible</key>
			<string>0</string>
			<key>defaultConfigurationName</key>
			<string>Release</string>
			<key>isa</key>
			<string>XCConfigurationList</string>
		</dict>
		<key>2B97A1261CDC264700B4989C</key>
		<dict>
			<key>buildActionMask</key>
			<string>2147483647</string>
			<key>files</key>
			<array>
				<string>2B97A1931CDC2C4B00B4989C</string>
				<string>2B97A17D1CDC2B0400B4989C</string>
				<string>2B97A1661CDC2A6300B4989C</string>
				<string>2B97A1871CDC2BC000B4989C</string>
				<string>2B97A1671CDC2A6300B4989C</string>
				<string>2B97A17C1CDC2B0400B4989C</string>
				<string>2B97A1321CDC264700B4989C</string>
				<string>2B97A12F1CDC264700B4989C</string>
				<string>2B97A19C1CDC38CD00B4989C</string>
				<string>2B97A17B1CDC2B0400B4989C</string>
				<string>2B97A17F1CDC2B0400B4989C</string>
				<string>2B97A18A1CDC2BE200B4989C</string>
				<string>2B97A1901CDC2C0E00B4989C</string>
				<string>2B97A1991CDC361500B4989C</string>
				<string>2B97A17E1CDC2B0400B4989C</string>
				<string>2B97A18D1CDC2BF900B4989C</string>
			</array>
			<key>isa</key>
			<string>PBXSourcesBuildPhase</string>
			<key>runOnlyForDeploymentPostprocessing</key>
			<string>0</string>
		</dict>
		<key>2B97A1271CDC264700B4989C</key>
		<dict>
			<key>buildActionMask</key>
			<string>2147483647</string>
			<key>files</key>
			<array>
				<string>127437573AB123E2BCE39558</string>
			</array>
			<key>isa</key>
			<string>PBXFrameworksBuildPhase</string>
			<key>runOnlyForDeploymentPostprocessing</key>
			<string>0</string>
		</dict>
		<key>2B97A1281CDC264700B4989C</key>
		<dict>
			<key>buildActionMask</key>
			<string>2147483647</string>
			<key>files</key>
			<array>
				<string>2B97A19E1CDC4E2200B4989C</string>
				<string>2B97A13D1CDC264700B4989C</string>
			</array>
			<key>isa</key>
			<string>PBXResourcesBuildPhase</string>
			<key>runOnlyForDeploymentPostprocessing</key>
			<string>0</string>
		</dict>
		<key>2B97A1291CDC264700B4989C</key>
		<dict>
			<key>buildConfigurationList</key>
			<string>2B97A1571CDC264700B4989C</string>
			<key>buildPhases</key>
			<array>
				<string>C0E0C1C954B9EB28235C74BB</string>
				<string>2B97A1261CDC264700B4989C</string>
				<string>2B97A1271CDC264700B4989C</string>
				<string>2B97A1281CDC264700B4989C</string>
				<string>2584ED7F71F4CBD60A9CAF5E</string>
				<string>B69C2C4EA4D3F680BD85D1C2</string>
			</array>
			<key>buildRules</key>
			<array/>
			<key>dependencies</key>
			<array/>
			<key>isa</key>
			<string>PBXNativeTarget</string>
			<key>name</key>
			<string>banlv</string>
			<key>productName</key>
			<string>banlv</string>
			<key>productReference</key>
			<string>2B97A12A1CDC264700B4989C</string>
			<key>productType</key>
			<string>com.apple.product-type.application</string>
		</dict>
		<key>2B97A12A1CDC264700B4989C</key>
		<dict>
			<key>explicitFileType</key>
			<string>wrapper.application</string>
			<key>includeInIndex</key>
			<string>0</string>
			<key>isa</key>
			<string>PBXFileReference</string>
			<key>path</key>
			<string>banlv.app</string>
			<key>sourceTree</key>
			<string>BUILT_PRODUCTS_DIR</string>
		</dict>
		<key>2B97A12B1CDC264700B4989C</key>
		<dict>
			<key>children</key>
			<array>
				<string>2B97A12A1CDC264700B4989C</string>
				<string>2B97A1431CDC264700B4989C</string>
				<string>2B97A14E1CDC264700B4989C</string>
			</array>
			<key>isa</key>
			<string>PBXGroup</string>
			<key>name</key>
			<string>Products</string>
			<key>sourceTree</key>
			<string>&lt;group&gt;</string>
		</dict>
		<key>2B97A12C1CDC264700B4989C</key>
		<dict>
			<key>children</key>
			<array>
				<string>2B97A1841CDC2B5900B4989C</string>
				<string>2B97A1831CDC2B5200B4989C</string>
				<string>2B97A1821CDC2B4D00B4989C</string>
				<string>2B97A1811CDC2B4900B4989C</string>
				<string>2B97A1801CDC2B3100B4989C</string>
				<string>2B97A16B1CDC2B0400B4989C</string>
				<string>2B97A1611CDC2A4700B4989C</string>
				<string>2B97A1601CDC270600B4989C</string>
				<string>2B97A1301CDC264700B4989C</string>
				<string>2B97A19D1CDC4E2200B4989C</string>
				<string>2B97A1311CDC264700B4989C</string>
				<string>2B97A13B1CDC264700B4989C</string>
				<string>2B97A13E1CDC264700B4989C</string>
				<string>2B97A12D1CDC264700B4989C</string>
			</array>
			<key>isa</key>
			<string>PBXGroup</string>
			<key>path</key>
			<string>banlv</string>
			<key>sourceTree</key>
			<string>&lt;group&gt;</string>
		</dict>
		<key>2B97A12D1CDC264700B4989C</key>
		<dict>
			<key>children</key>
			<array>
				<string>2B97A12E1CDC264700B4989C</string>
			</array>
			<key>isa</key>
			<string>PBXGroup</string>
			<key>name</key>
			<string>Supporting Files</string>
			<key>sourceTree</key>
			<string>&lt;group&gt;</string>
		</dict>
		<key>2B97A12E1CDC264700B4989C</key>
		<dict>
			<key>isa</key>
			<string>PBXFileReference</string>
			<key>lastKnownFileType</key>
			<string>sourcecode.c.objc</string>
			<key>path</key>
			<string>main.m</string>
			<key>sourceTree</key>
			<string>&lt;group&gt;</string>
		</dict>
		<key>2B97A12F1CDC264700B4989C</key>
		<dict>
			<key>fileRef</key>
			<string>2B97A12E1CDC264700B4989C</string>
			<key>isa</key>
			<string>PBXBuildFile</string>
		</dict>
		<key>2B97A1301CDC264700B4989C</key>
		<dict>
			<key>isa</key>
			<string>PBXFileReference</string>
			<key>lastKnownFileType</key>
			<string>sourcecode.c.h</string>
			<key>path</key>
			<string>AppDelegate.h</string>
			<key>sourceTree</key>
			<string>&lt;group&gt;</string>
		</dict>
		<key>2B97A1311CDC264700B4989C</key>
		<dict>
			<key>isa</key>
			<string>PBXFileReference</string>
			<key>lastKnownFileType</key>
			<string>sourcecode.c.objc</string>
			<key>path</key>
			<string>AppDelegate.m</string>
			<key>sourceTree</key>
			<string>&lt;group&gt;</string>
		</dict>
		<key>2B97A1321CDC264700B4989C</key>
		<dict>
			<key>fileRef</key>
			<string>2B97A1311CDC264700B4989C</string>
			<key>isa</key>
			<string>PBXBuildFile</string>
		</dict>
		<key>2B97A13B1CDC264700B4989C</key>
		<dict>
			<key>children</key>
			<array>
				<string>2B97A13C1CDC264700B4989C</string>
			</array>
			<key>isa</key>
			<string>PBXVariantGroup</string>
			<key>name</key>
			<string>LaunchScreen.storyboard</string>
			<key>sourceTree</key>
			<string>&lt;group&gt;</string>
		</dict>
		<key>2B97A13C1CDC264700B4989C</key>
		<dict>
			<key>isa</key>
			<string>PBXFileReference</string>
			<key>lastKnownFileType</key>
			<string>file.storyboard</string>
			<key>name</key>
			<string>Base</string>
			<key>path</key>
			<string>Base.lproj/LaunchScreen.storyboard</string>
			<key>sourceTree</key>
			<string>&lt;group&gt;</string>
		</dict>
		<key>2B97A13D1CDC264700B4989C</key>
		<dict>
			<key>fileRef</key>
			<string>2B97A13B1CDC264700B4989C</string>
			<key>isa</key>
			<string>PBXBuildFile</string>
		</dict>
		<key>2B97A13E1CDC264700B4989C</key>
		<dict>
			<key>isa</key>
			<string>PBXFileReference</string>
			<key>lastKnownFileType</key>
			<string>text.plist.xml</string>
			<key>path</key>
			<string>Info.plist</string>
			<key>sourceTree</key>
			<string>&lt;group&gt;</string>
		</dict>
		<key>2B97A13F1CDC264700B4989C</key>
		<dict>
			<key>buildActionMask</key>
			<string>2147483647</string>
			<key>files</key>
			<array>
				<string>2B97A1481CDC264700B4989C</string>
			</array>
			<key>isa</key>
			<string>PBXSourcesBuildPhase</string>
			<key>runOnlyForDeploymentPostprocessing</key>
			<string>0</string>
		</dict>
		<key>2B97A1401CDC264700B4989C</key>
		<dict>
			<key>buildActionMask</key>
			<string>2147483647</string>
			<key>files</key>
			<array/>
			<key>isa</key>
			<string>PBXFrameworksBuildPhase</string>
			<key>runOnlyForDeploymentPostprocessing</key>
			<string>0</string>
		</dict>
		<key>2B97A1411CDC264700B4989C</key>
		<dict>
			<key>buildActionMask</key>
			<string>2147483647</string>
			<key>files</key>
			<array/>
			<key>isa</key>
			<string>PBXResourcesBuildPhase</string>
			<key>runOnlyForDeploymentPostprocessing</key>
			<string>0</string>
		</dict>
		<key>2B97A1421CDC264700B4989C</key>
		<dict>
			<key>buildConfigurationList</key>
			<string>2B97A15A1CDC264700B4989C</string>
			<key>buildPhases</key>
			<array>
				<string>2B97A13F1CDC264700B4989C</string>
				<string>2B97A1401CDC264700B4989C</string>
				<string>2B97A1411CDC264700B4989C</string>
			</array>
			<key>buildRules</key>
			<array/>
			<key>dependencies</key>
			<array>
				<string>2B97A1451CDC264700B4989C</string>
			</array>
			<key>isa</key>
			<string>PBXNativeTarget</string>
			<key>name</key>
			<string>banlvTests</string>
			<key>productName</key>
			<string>banlvTests</string>
			<key>productReference</key>
			<string>2B97A1431CDC264700B4989C</string>
			<key>productType</key>
			<string>com.apple.product-type.bundle.unit-test</string>
		</dict>
		<key>2B97A1431CDC264700B4989C</key>
		<dict>
			<key>explicitFileType</key>
			<string>wrapper.cfbundle</string>
			<key>includeInIndex</key>
			<string>0</string>
			<key>isa</key>
			<string>PBXFileReference</string>
			<key>path</key>
			<string>banlvTests.xctest</string>
			<key>sourceTree</key>
			<string>BUILT_PRODUCTS_DIR</string>
		</dict>
		<key>2B97A1441CDC264700B4989C</key>
		<dict>
			<key>containerPortal</key>
			<string>2B97A1221CDC264700B4989C</string>
			<key>isa</key>
			<string>PBXContainerItemProxy</string>
			<key>proxyType</key>
			<string>1</string>
			<key>remoteGlobalIDString</key>
			<string>2B97A1291CDC264700B4989C</string>
			<key>remoteInfo</key>
			<string>banlv</string>
		</dict>
		<key>2B97A1451CDC264700B4989C</key>
		<dict>
			<key>isa</key>
			<string>PBXTargetDependency</string>
			<key>target</key>
			<string>2B97A1291CDC264700B4989C</string>
			<key>targetProxy</key>
			<string>2B97A1441CDC264700B4989C</string>
		</dict>
		<key>2B97A1461CDC264700B4989C</key>
		<dict>
			<key>children</key>
			<array>
				<string>2B97A1471CDC264700B4989C</string>
				<string>2B97A1491CDC264700B4989C</string>
			</array>
			<key>isa</key>
			<string>PBXGroup</string>
			<key>path</key>
			<string>banlvTests</string>
			<key>sourceTree</key>
			<string>&lt;group&gt;</string>
		</dict>
		<key>2B97A1471CDC264700B4989C</key>
		<dict>
			<key>isa</key>
			<string>PBXFileReference</string>
			<key>lastKnownFileType</key>
			<string>sourcecode.c.objc</string>
			<key>path</key>
			<string>banlvTests.m</string>
			<key>sourceTree</key>
			<string>&lt;group&gt;</string>
		</dict>
		<key>2B97A1481CDC264700B4989C</key>
		<dict>
			<key>fileRef</key>
			<string>2B97A1471CDC264700B4989C</string>
			<key>isa</key>
			<string>PBXBuildFile</string>
		</dict>
		<key>2B97A1491CDC264700B4989C</key>
		<dict>
			<key>isa</key>
			<string>PBXFileReference</string>
			<key>lastKnownFileType</key>
			<string>text.plist.xml</string>
			<key>path</key>
			<string>Info.plist</string>
			<key>sourceTree</key>
			<string>&lt;group&gt;</string>
		</dict>
		<key>2B97A14A1CDC264700B4989C</key>
		<dict>
			<key>buildActionMask</key>
			<string>2147483647</string>
			<key>files</key>
			<array>
				<string>2B97A1531CDC264700B4989C</string>
			</array>
			<key>isa</key>
			<string>PBXSourcesBuildPhase</string>
			<key>runOnlyForDeploymentPostprocessing</key>
			<string>0</string>
		</dict>
		<key>2B97A14B1CDC264700B4989C</key>
		<dict>
			<key>buildActionMask</key>
			<string>2147483647</string>
			<key>files</key>
			<array/>
			<key>isa</key>
			<string>PBXFrameworksBuildPhase</string>
			<key>runOnlyForDeploymentPostprocessing</key>
			<string>0</string>
		</dict>
		<key>2B97A14C1CDC264700B4989C</key>
		<dict>
			<key>buildActionMask</key>
			<string>2147483647</string>
			<key>files</key>
			<array/>
			<key>isa</key>
			<string>PBXResourcesBuildPhase</string>
			<key>runOnlyForDeploymentPostprocessing</key>
			<string>0</string>
		</dict>
		<key>2B97A14D1CDC264700B4989C</key>
		<dict>
			<key>buildConfigurationList</key>
			<string>2B97A15D1CDC264700B4989C</string>
			<key>buildPhases</key>
			<array>
				<string>2B97A14A1CDC264700B4989C</string>
				<string>2B97A14B1CDC264700B4989C</string>
				<string>2B97A14C1CDC264700B4989C</string>
			</array>
			<key>buildRules</key>
			<array/>
			<key>dependencies</key>
			<array>
				<string>2B97A1501CDC264700B4989C</string>
			</array>
			<key>isa</key>
			<string>PBXNativeTarget</string>
			<key>name</key>
			<string>banlvUITests</string>
			<key>productName</key>
			<string>banlvUITests</string>
			<key>productReference</key>
			<string>2B97A14E1CDC264700B4989C</string>
			<key>productType</key>
			<string>com.apple.product-type.bundle.ui-testing</string>
		</dict>
		<key>2B97A14E1CDC264700B4989C</key>
		<dict>
			<key>explicitFileType</key>
			<string>wrapper.cfbundle</string>
			<key>includeInIndex</key>
			<string>0</string>
			<key>isa</key>
			<string>PBXFileReference</string>
			<key>path</key>
			<string>banlvUITests.xctest</string>
			<key>sourceTree</key>
			<string>BUILT_PRODUCTS_DIR</string>
		</dict>
		<key>2B97A14F1CDC264700B4989C</key>
		<dict>
			<key>containerPortal</key>
			<string>2B97A1221CDC264700B4989C</string>
			<key>isa</key>
			<string>PBXContainerItemProxy</string>
			<key>proxyType</key>
			<string>1</string>
			<key>remoteGlobalIDString</key>
			<string>2B97A1291CDC264700B4989C</string>
			<key>remoteInfo</key>
			<string>banlv</string>
		</dict>
		<key>2B97A1501CDC264700B4989C</key>
		<dict>
			<key>isa</key>
			<string>PBXTargetDependency</string>
			<key>target</key>
			<string>2B97A1291CDC264700B4989C</string>
			<key>targetProxy</key>
			<string>2B97A14F1CDC264700B4989C</string>
		</dict>
		<key>2B97A1511CDC264700B4989C</key>
		<dict>
			<key>children</key>
			<array>
				<string>2B97A1521CDC264700B4989C</string>
				<string>2B97A1541CDC264700B4989C</string>
			</array>
			<key>isa</key>
			<string>PBXGroup</string>
			<key>path</key>
			<string>banlvUITests</string>
			<key>sourceTree</key>
			<string>&lt;group&gt;</string>
		</dict>
		<key>2B97A1521CDC264700B4989C</key>
		<dict>
			<key>isa</key>
			<string>PBXFileReference</string>
			<key>lastKnownFileType</key>
			<string>sourcecode.c.objc</string>
			<key>path</key>
			<string>banlvUITests.m</string>
			<key>sourceTree</key>
			<string>&lt;group&gt;</string>
		</dict>
		<key>2B97A1531CDC264700B4989C</key>
		<dict>
			<key>fileRef</key>
			<string>2B97A1521CDC264700B4989C</string>
			<key>isa</key>
			<string>PBXBuildFile</string>
		</dict>
		<key>2B97A1541CDC264700B4989C</key>
		<dict>
			<key>isa</key>
			<string>PBXFileReference</string>
			<key>lastKnownFileType</key>
			<string>text.plist.xml</string>
			<key>path</key>
			<string>Info.plist</string>
			<key>sourceTree</key>
			<string>&lt;group&gt;</string>
		</dict>
		<key>2B97A1551CDC264700B4989C</key>
		<dict>
			<key>buildSettings</key>
			<dict>
				<key>ALWAYS_SEARCH_USER_PATHS</key>
				<string>NO</string>
				<key>CLANG_ANALYZER_NONNULL</key>
				<string>YES</string>
				<key>CLANG_CXX_LANGUAGE_STANDARD</key>
				<string>gnu++0x</string>
				<key>CLANG_CXX_LIBRARY</key>
				<string>libc++</string>
				<key>CLANG_ENABLE_MODULES</key>
				<string>YES</string>
				<key>CLANG_ENABLE_OBJC_ARC</key>
				<string>YES</string>
				<key>CLANG_WARN_BOOL_CONVERSION</key>
				<string>YES</string>
				<key>CLANG_WARN_CONSTANT_CONVERSION</key>
				<string>YES</string>
				<key>CLANG_WARN_DIRECT_OBJC_ISA_USAGE</key>
				<string>YES_ERROR</string>
				<key>CLANG_WARN_EMPTY_BODY</key>
				<string>YES</string>
				<key>CLANG_WARN_ENUM_CONVERSION</key>
				<string>YES</string>
				<key>CLANG_WARN_INT_CONVERSION</key>
				<string>YES</string>
				<key>CLANG_WARN_OBJC_ROOT_CLASS</key>
				<string>YES_ERROR</string>
				<key>CLANG_WARN_UNREACHABLE_CODE</key>
				<string>YES</string>
				<key>CLANG_WARN__DUPLICATE_METHOD_MATCH</key>
				<string>YES</string>
				<key>CODE_SIGN_IDENTITY[sdk=iphoneos*]</key>
				<string>iPhone Developer</string>
				<key>COPY_PHASE_STRIP</key>
				<string>NO</string>
				<key>DEBUG_INFORMATION_FORMAT</key>
				<string>dwarf</string>
				<key>ENABLE_STRICT_OBJC_MSGSEND</key>
				<string>YES</string>
				<key>ENABLE_TESTABILITY</key>
				<string>YES</string>
				<key>GCC_C_LANGUAGE_STANDARD</key>
				<string>gnu99</string>
				<key>GCC_DYNAMIC_NO_PIC</key>
				<string>NO</string>
				<key>GCC_NO_COMMON_BLOCKS</key>
				<string>YES</string>
				<key>GCC_OPTIMIZATION_LEVEL</key>
				<string>0</string>
				<key>GCC_PREPROCESSOR_DEFINITIONS</key>
				<array>
					<string>DEBUG=1</string>
					<string>$(inherited)</string>
				</array>
				<key>GCC_WARN_64_TO_32_BIT_CONVERSION</key>
				<string>YES</string>
				<key>GCC_WARN_ABOUT_RETURN_TYPE</key>
				<string>YES_ERROR</string>
				<key>GCC_WARN_UNDECLARED_SELECTOR</key>
				<string>YES</string>
				<key>GCC_WARN_UNINITIALIZED_AUTOS</key>
				<string>YES_AGGRESSIVE</string>
				<key>GCC_WARN_UNUSED_FUNCTION</key>
				<string>YES</string>
				<key>GCC_WARN_UNUSED_VARIABLE</key>
				<string>YES</string>
				<key>IPHONEOS_DEPLOYMENT_TARGET</key>
				<string>9.3</string>
				<key>MTL_ENABLE_DEBUG_INFO</key>
				<string>YES</string>
				<key>ONLY_ACTIVE_ARCH</key>
				<string>YES</string>
				<key>SDKROOT</key>
				<string>iphoneos</string>
				<key>TARGETED_DEVICE_FAMILY</key>
				<string>1,2</string>
			</dict>
			<key>isa</key>
			<string>XCBuildConfiguration</string>
			<key>name</key>
			<string>Debug</string>
		</dict>
		<key>2B97A1561CDC264700B4989C</key>
		<dict>
			<key>buildSettings</key>
			<dict>
				<key>ALWAYS_SEARCH_USER_PATHS</key>
				<string>NO</string>
				<key>CLANG_ANALYZER_NONNULL</key>
				<string>YES</string>
				<key>CLANG_CXX_LANGUAGE_STANDARD</key>
				<string>gnu++0x</string>
				<key>CLANG_CXX_LIBRARY</key>
				<string>libc++</string>
				<key>CLANG_ENABLE_MODULES</key>
				<string>YES</string>
				<key>CLANG_ENABLE_OBJC_ARC</key>
				<string>YES</string>
				<key>CLANG_WARN_BOOL_CONVERSION</key>
				<string>YES</string>
				<key>CLANG_WARN_CONSTANT_CONVERSION</key>
				<string>YES</string>
				<key>CLANG_WARN_DIRECT_OBJC_ISA_USAGE</key>
				<string>YES_ERROR</string>
				<key>CLANG_WARN_EMPTY_BODY</key>
				<string>YES</string>
				<key>CLANG_WARN_ENUM_CONVERSION</key>
				<string>YES</string>
				<key>CLANG_WARN_INT_CONVERSION</key>
				<string>YES</string>
				<key>CLANG_WARN_OBJC_ROOT_CLASS</key>
				<string>YES_ERROR</string>
				<key>CLANG_WARN_UNREACHABLE_CODE</key>
				<string>YES</string>
				<key>CLANG_WARN__DUPLICATE_METHOD_MATCH</key>
				<string>YES</string>
				<key>CODE_SIGN_IDENTITY[sdk=iphoneos*]</key>
				<string>iPhone Developer</string>
				<key>COPY_PHASE_STRIP</key>
				<string>NO</string>
				<key>DEBUG_INFORMATION_FORMAT</key>
				<string>dwarf-with-dsym</string>
				<key>ENABLE_NS_ASSERTIONS</key>
				<string>NO</string>
				<key>ENABLE_STRICT_OBJC_MSGSEND</key>
				<string>YES</string>
				<key>GCC_C_LANGUAGE_STANDARD</key>
				<string>gnu99</string>
				<key>GCC_NO_COMMON_BLOCKS</key>
				<string>YES</string>
				<key>GCC_WARN_64_TO_32_BIT_CONVERSION</key>
				<string>YES</string>
				<key>GCC_WARN_ABOUT_RETURN_TYPE</key>
				<string>YES_ERROR</string>
				<key>GCC_WARN_UNDECLARED_SELECTOR</key>
				<string>YES</string>
				<key>GCC_WARN_UNINITIALIZED_AUTOS</key>
				<string>YES_AGGRESSIVE</string>
				<key>GCC_WARN_UNUSED_FUNCTION</key>
				<string>YES</string>
				<key>GCC_WARN_UNUSED_VARIABLE</key>
				<string>YES</string>
				<key>IPHONEOS_DEPLOYMENT_TARGET</key>
				<string>9.3</string>
				<key>MTL_ENABLE_DEBUG_INFO</key>
				<string>NO</string>
				<key>SDKROOT</key>
				<string>iphoneos</string>
				<key>TARGETED_DEVICE_FAMILY</key>
				<string>1,2</string>
				<key>VALIDATE_PRODUCT</key>
				<string>YES</string>
			</dict>
			<key>isa</key>
			<string>XCBuildConfiguration</string>
			<key>name</key>
			<string>Release</string>
		</dict>
		<key>2B97A1571CDC264700B4989C</key>
		<dict>
			<key>buildConfigurations</key>
			<array>
				<string>2B97A1581CDC264700B4989C</string>
				<string>2B97A1591CDC264700B4989C</string>
			</array>
			<key>defaultConfigurationIsVisible</key>
			<string>0</string>
			<key>defaultConfigurationName</key>
			<string>Release</string>
			<key>isa</key>
			<string>XCConfigurationList</string>
		</dict>
		<key>2B97A1581CDC264700B4989C</key>
		<dict>
			<key>baseConfigurationReference</key>
			<string>84B32E114A75699846B69112</string>
			<key>buildSettings</key>
			<dict>
				<key>ASSETCATALOG_COMPILER_APPICON_NAME</key>
				<string>AppIcon</string>
				<key>GCC_PREFIX_HEADER</key>
				<string>$(SRCROOT)/banlv/CYGlobal.pch</string>
				<key>INFOPLIST_FILE</key>
				<string>banlv/Info.plist</string>
				<key>LD_RUNPATH_SEARCH_PATHS</key>
				<string>$(inherited) @executable_path/Frameworks</string>
				<key>PRODUCT_BUNDLE_IDENTIFIER</key>
				<string>llz.banlv</string>
				<key>PRODUCT_NAME</key>
				<string>$(TARGET_NAME)</string>
			</dict>
			<key>isa</key>
			<string>XCBuildConfiguration</string>
			<key>name</key>
			<string>Debug</string>
		</dict>
		<key>2B97A1591CDC264700B4989C</key>
		<dict>
			<key>baseConfigurationReference</key>
			<string>F0AFC9F2EE209C0A3A7F964C</string>
			<key>buildSettings</key>
			<dict>
				<key>ASSETCATALOG_COMPILER_APPICON_NAME</key>
				<string>AppIcon</string>
				<key>GCC_PREFIX_HEADER</key>
				<string>$(SRCROOT)/banlv/CYGlobal.pch</string>
				<key>INFOPLIST_FILE</key>
				<string>banlv/Info.plist</string>
				<key>LD_RUNPATH_SEARCH_PATHS</key>
				<string>$(inherited) @executable_path/Frameworks</string>
				<key>PRODUCT_BUNDLE_IDENTIFIER</key>
				<string>llz.banlv</string>
				<key>PRODUCT_NAME</key>
				<string>$(TARGET_NAME)</string>
			</dict>
			<key>isa</key>
			<string>XCBuildConfiguration</string>
			<key>name</key>
			<string>Release</string>
		</dict>
		<key>2B97A15A1CDC264700B4989C</key>
		<dict>
			<key>buildConfigurations</key>
			<array>
				<string>2B97A15B1CDC264700B4989C</string>
				<string>2B97A15C1CDC264700B4989C</string>
			</array>
			<key>defaultConfigurationIsVisible</key>
			<string>0</string>
			<key>defaultConfigurationName</key>
			<string>Release</string>
			<key>isa</key>
			<string>XCConfigurationList</string>
		</dict>
		<key>2B97A15B1CDC264700B4989C</key>
		<dict>
			<key>buildSettings</key>
			<dict>
				<key>BUNDLE_LOADER</key>
				<string>$(TEST_HOST)</string>
				<key>INFOPLIST_FILE</key>
				<string>banlvTests/Info.plist</string>
				<key>LD_RUNPATH_SEARCH_PATHS</key>
				<string>$(inherited) @executable_path/Frameworks @loader_path/Frameworks</string>
				<key>PRODUCT_BUNDLE_IDENTIFIER</key>
				<string>llz.banlvTests</string>
				<key>PRODUCT_NAME</key>
				<string>$(TARGET_NAME)</string>
				<key>TEST_HOST</key>
				<string>$(BUILT_PRODUCTS_DIR)/banlv.app/banlv</string>
			</dict>
			<key>isa</key>
			<string>XCBuildConfiguration</string>
			<key>name</key>
			<string>Debug</string>
		</dict>
		<key>2B97A15C1CDC264700B4989C</key>
		<dict>
			<key>buildSettings</key>
			<dict>
				<key>BUNDLE_LOADER</key>
				<string>$(TEST_HOST)</string>
				<key>INFOPLIST_FILE</key>
				<string>banlvTests/Info.plist</string>
				<key>LD_RUNPATH_SEARCH_PATHS</key>
				<string>$(inherited) @executable_path/Frameworks @loader_path/Frameworks</string>
				<key>PRODUCT_BUNDLE_IDENTIFIER</key>
				<string>llz.banlvTests</string>
				<key>PRODUCT_NAME</key>
				<string>$(TARGET_NAME)</string>
				<key>TEST_HOST</key>
				<string>$(BUILT_PRODUCTS_DIR)/banlv.app/banlv</string>
			</dict>
			<key>isa</key>
			<string>XCBuildConfiguration</string>
			<key>name</key>
			<string>Release</string>
		</dict>
		<key>2B97A15D1CDC264700B4989C</key>
		<dict>
			<key>buildConfigurations</key>
			<array>
				<string>2B97A15E1CDC264700B4989C</string>
				<string>2B97A15F1CDC264700B4989C</string>
			</array>
			<key>defaultConfigurationIsVisible</key>
			<string>0</string>
			<key>defaultConfigurationName</key>
			<string>Release</string>
			<key>isa</key>
			<string>XCConfigurationList</string>
		</dict>
		<key>2B97A15E1CDC264700B4989C</key>
		<dict>
			<key>buildSettings</key>
			<dict>
				<key>INFOPLIST_FILE</key>
				<string>banlvUITests/Info.plist</string>
				<key>LD_RUNPATH_SEARCH_PATHS</key>
				<string>$(inherited) @executable_path/Frameworks @loader_path/Frameworks</string>
				<key>PRODUCT_BUNDLE_IDENTIFIER</key>
				<string>llz.banlvUITests</string>
				<key>PRODUCT_NAME</key>
				<string>$(TARGET_NAME)</string>
				<key>TEST_TARGET_NAME</key>
				<string>banlv</string>
			</dict>
			<key>isa</key>
			<string>XCBuildConfiguration</string>
			<key>name</key>
			<string>Debug</string>
		</dict>
		<key>2B97A15F1CDC264700B4989C</key>
		<dict>
			<key>buildSettings</key>
			<dict>
				<key>INFOPLIST_FILE</key>
				<string>banlvUITests/Info.plist</string>
				<key>LD_RUNPATH_SEARCH_PATHS</key>
				<string>$(inherited) @executable_path/Frameworks @loader_path/Frameworks</string>
				<key>PRODUCT_BUNDLE_IDENTIFIER</key>
				<string>llz.banlvUITests</string>
				<key>PRODUCT_NAME</key>
				<string>$(TARGET_NAME)</string>
				<key>TEST_TARGET_NAME</key>
				<string>banlv</string>
			</dict>
			<key>isa</key>
			<string>XCBuildConfiguration</string>
			<key>name</key>
			<string>Release</string>
		</dict>
		<key>2B97A1601CDC270600B4989C</key>
		<dict>
			<key>isa</key>
			<string>PBXFileReference</string>
			<key>lastKnownFileType</key>
			<string>sourcecode.c.h</string>
			<key>path</key>
			<string>CYGlobal.pch</string>
			<key>sourceTree</key>
			<string>&lt;group&gt;</string>
		</dict>
		<key>2B97A1611CDC2A4700B4989C</key>
		<dict>
			<key>children</key>
			<array>
				<string>2B97A1681CDC2A7600B4989C</string>
			</array>
			<key>isa</key>
			<string>PBXGroup</string>
			<key>name</key>
			<string>&#31649;&#29702;&#20840;&#23616;&#30340;&#31867;</string>
			<key>sourceTree</key>
			<string>&lt;group&gt;</string>
		</dict>
		<key>2B97A1621CDC2A6300B4989C</key>
		<dict>
			<key>fileEncoding</key>
			<string>4</string>
			<key>isa</key>
			<string>PBXFileReference</string>
			<key>lastKnownFileType</key>
			<string>sourcecode.c.h</string>
			<key>path</key>
			<string>CYMyTabBar.h</string>
			<key>sourceTree</key>
			<string>&lt;group&gt;</string>
		</dict>
		<key>2B97A1631CDC2A6300B4989C</key>
		<dict>
			<key>fileEncoding</key>
			<string>4</string>
			<key>isa</key>
			<string>PBXFileReference</string>
			<key>lastKnownFileType</key>
			<string>sourcecode.c.objc</string>
			<key>path</key>
			<string>CYMyTabBar.m</string>
			<key>sourceTree</key>
			<string>&lt;group&gt;</string>
		</dict>
		<key>2B97A1641CDC2A6300B4989C</key>
		<dict>
			<key>fileEncoding</key>
			<string>4</string>
			<key>isa</key>
			<string>PBXFileReference</string>
			<key>lastKnownFileType</key>
			<string>sourcecode.c.h</string>
			<key>path</key>
			<string>CYTabBarController.h</string>
			<key>sourceTree</key>
			<string>&lt;group&gt;</string>
		</dict>
		<key>2B97A1651CDC2A6300B4989C</key>
		<dict>
			<key>fileEncoding</key>
			<string>4</string>
			<key>isa</key>
			<string>PBXFileReference</string>
			<key>lastKnownFileType</key>
			<string>sourcecode.c.objc</string>
			<key>path</key>
			<string>CYTabBarController.m</string>
			<key>sourceTree</key>
			<string>&lt;group&gt;</string>
		</dict>
		<key>2B97A1661CDC2A6300B4989C</key>
		<dict>
			<key>fileRef</key>
			<string>2B97A1631CDC2A6300B4989C</string>
			<key>isa</key>
			<string>PBXBuildFile</string>
		</dict>
		<key>2B97A1671CDC2A6300B4989C</key>
		<dict>
			<key>fileRef</key>
			<string>2B97A1651CDC2A6300B4989C</string>
			<key>isa</key>
			<string>PBXBuildFile</string>
		</dict>
		<key>2B97A1681CDC2A7600B4989C</key>
		<dict>
			<key>children</key>
			<array>
				<string>2B97A1621CDC2A6300B4989C</string>
				<string>2B97A1631CDC2A6300B4989C</string>
				<string>2B97A1641CDC2A6300B4989C</string>
				<string>2B97A1651CDC2A6300B4989C</string>
			</array>
			<key>isa</key>
			<string>PBXGroup</string>
			<key>name</key>
			<string>tabbar</string>
			<key>sourceTree</key>
			<string>&lt;group&gt;</string>
		</dict>
		<key>2B97A16B1CDC2B0400B4989C</key>
		<dict>
			<key>children</key>
			<array>
				<string>2B97A16C1CDC2B0400B4989C</string>
				<string>2B97A16F1CDC2B0400B4989C</string>
				<string>2B97A1721CDC2B0400B4989C</string>
				<string>2B97A1751CDC2B0400B4989C</string>
				<string>2B97A1781CDC2B0400B4989C</string>
			</array>
			<key>isa</key>
			<string>PBXGroup</string>
			<key>path</key>
			<string>&#31867;&#21035;</string>
			<key>sourceTree</key>
			<string>&lt;group&gt;</string>
		</dict>
		<key>2B97A16C1CDC2B0400B4989C</key>
		<dict>
			<key>children</key>
			<array>
				<string>2B97A16D1CDC2B0400B4989C</string>
				<string>2B97A16E1CDC2B0400B4989C</string>
			</array>
			<key>isa</key>
			<string>PBXGroup</string>
			<key>path</key>
			<string>CustomBarButton</string>
			<key>sourceTree</key>
			<string>&lt;group&gt;</string>
		</dict>
		<key>2B97A16D1CDC2B0400B4989C</key>
		<dict>
			<key>fileEncoding</key>
			<string>4</string>
			<key>isa</key>
			<string>PBXFileReference</string>
			<key>lastKnownFileType</key>
			<string>sourcecode.c.h</string>
			<key>path</key>
			<string>UIBarButtonItem+CustomButton.h</string>
			<key>sourceTree</key>
			<string>&lt;group&gt;</string>
		</dict>
		<key>2B97A16E1CDC2B0400B4989C</key>
		<dict>
			<key>fileEncoding</key>
			<string>4</string>
			<key>isa</key>
			<string>PBXFileReference</string>
			<key>lastKnownFileType</key>
			<string>sourcecode.c.objc</string>
			<key>path</key>
			<string>UIBarButtonItem+CustomButton.m</string>
			<key>sourceTree</key>
			<string>&lt;group&gt;</string>
		</dict>
		<key>2B97A16F1CDC2B0400B4989C</key>
		<dict>
			<key>children</key>
			<array>
				<string>2B97A1701CDC2B0400B4989C</string>
				<string>2B97A1711CDC2B0400B4989C</string>
			</array>
			<key>isa</key>
			<string>PBXGroup</string>
			<key>path</key>
			<string>GetVC-StoryBoard</string>
			<key>sourceTree</key>
			<string>&lt;group&gt;</string>
		</dict>
		<key>2B97A1701CDC2B0400B4989C</key>
		<dict>
			<key>fileEncoding</key>
			<string>4</string>
			<key>isa</key>
			<string>PBXFileReference</string>
			<key>lastKnownFileType</key>
			<string>sourcecode.c.h</string>
			<key>path</key>
			<string>UIStoryboard+IndentifierVC.h</string>
			<key>sourceTree</key>
			<string>&lt;group&gt;</string>
		</dict>
		<key>2B97A1711CDC2B0400B4989C</key>
		<dict>
			<key>fileEncoding</key>
			<string>4</string>
			<key>isa</key>
			<string>PBXFileReference</string>
			<key>lastKnownFileType</key>
			<string>sourcecode.c.objc</string>
			<key>path</key>
			<string>UIStoryboard+IndentifierVC.m</string>
			<key>sourceTree</key>
			<string>&lt;group&gt;</string>
		</dict>
		<key>2B97A1721CDC2B0400B4989C</key>
		<dict>
			<key>children</key>
			<array>
				<string>2B97A1731CDC2B0400B4989C</string>
				<string>2B97A1741CDC2B0400B4989C</string>
			</array>
			<key>isa</key>
			<string>PBXGroup</string>
			<key>path</key>
			<string>NavJump</string>
			<key>sourceTree</key>
			<string>&lt;group&gt;</string>
		</dict>
		<key>2B97A1731CDC2B0400B4989C</key>
		<dict>
			<key>fileEncoding</key>
			<string>4</string>
			<key>isa</key>
			<string>PBXFileReference</string>
			<key>lastKnownFileType</key>
			<string>sourcecode.c.h</string>
			<key>path</key>
			<string>UINavigationController+Jump.h</string>
			<key>sourceTree</key>
			<string>&lt;group&gt;</string>
		</dict>
		<key>2B97A1741CDC2B0400B4989C</key>
		<dict>
			<key>fileEncoding</key>
			<string>4</string>
			<key>isa</key>
			<string>PBXFileReference</string>
			<key>lastKnownFileType</key>
			<string>sourcecode.c.objc</string>
			<key>path</key>
			<string>UINavigationController+Jump.m</string>
			<key>sourceTree</key>
			<string>&lt;group&gt;</string>
		</dict>
		<key>2B97A1751CDC2B0400B4989C</key>
		<dict>
			<key>children</key>
			<array>
				<string>2B97A1761CDC2B0400B4989C</string>
				<string>2B97A1771CDC2B0400B4989C</string>
			</array>
			<key>isa</key>
			<string>PBXGroup</string>
			<key>path</key>
			<string>ViewAnimation</string>
			<key>sourceTree</key>
			<string>&lt;group&gt;</string>
		</dict>
		<key>2B97A1761CDC2B0400B4989C</key>
		<dict>
			<key>fileEncoding</key>
			<string>4</string>
			<key>isa</key>
			<string>PBXFileReference</string>
			<key>lastKnownFileType</key>
			<string>sourcecode.c.h</string>
			<key>path</key>
			<string>UIView+GroupAnimation.h</string>
			<key>sourceTree</key>
			<string>&lt;group&gt;</string>
		</dict>
		<key>2B97A1771CDC2B0400B4989C</key>
		<dict>
			<key>fileEncoding</key>
			<string>4</string>
			<key>isa</key>
			<string>PBXFileReference</string>
			<key>lastKnownFileType</key>
			<string>sourcecode.c.objc</string>
			<key>path</key>
			<string>UIView+GroupAnimation.m</string>
			<key>sourceTree</key>
			<string>&lt;group&gt;</string>
		</dict>
		<key>2B97A1781CDC2B0400B4989C</key>
		<dict>
			<key>children</key>
			<array>
				<string>2B97A1791CDC2B0400B4989C</string>
				<string>2B97A17A1CDC2B0400B4989C</string>
			</array>
			<key>isa</key>
			<string>PBXGroup</string>
			<key>path</key>
			<string>ViewFrame</string>
			<key>sourceTree</key>
			<string>&lt;group&gt;</string>
		</dict>
		<key>2B97A1791CDC2B0400B4989C</key>
		<dict>
			<key>fileEncoding</key>
			<string>4</string>
			<key>isa</key>
			<string>PBXFileReference</string>
			<key>lastKnownFileType</key>
			<string>sourcecode.c.h</string>
			<key>path</key>
			<string>UIView+frame.h</string>
			<key>sourceTree</key>
			<string>&lt;group&gt;</string>
		</dict>
		<key>2B97A17A1CDC2B0400B4989C</key>
		<dict>
			<key>fileEncoding</key>
			<string>4</string>
			<key>isa</key>
			<string>PBXFileReference</string>
			<key>lastKnownFileType</key>
			<string>sourcecode.c.objc</string>
			<key>path</key>
			<string>UIView+frame.m</string>
			<key>sourceTree</key>
			<string>&lt;group&gt;</string>
		</dict>
		<key>2B97A17B1CDC2B0400B4989C</key>
		<dict>
			<key>fileRef</key>
			<string>2B97A16E1CDC2B0400B4989C</string>
			<key>isa</key>
			<string>PBXBuildFile</string>
		</dict>
		<key>2B97A17C1CDC2B0400B4989C</key>
		<dict>
			<key>fileRef</key>
			<string>2B97A1711CDC2B0400B4989C</string>
			<key>isa</key>
			<string>PBXBuildFile</string>
		</dict>
		<key>2B97A17D1CDC2B0400B4989C</key>
		<dict>
			<key>fileRef</key>
			<string>2B97A1741CDC2B0400B4989C</string>
			<key>isa</key>
			<string>PBXBuildFile</string>
		</dict>
		<key>2B97A17E1CDC2B0400B4989C</key>
		<dict>
			<key>fileRef</key>
			<string>2B97A1771CDC2B0400B4989C</string>
			<key>isa</key>
			<string>PBXBuildFile</string>
		</dict>
		<key>2B97A17F1CDC2B0400B4989C</key>
		<dict>
			<key>fileRef</key>
			<string>2B97A17A1CDC2B0400B4989C</string>
			<key>isa</key>
			<string>PBXBuildFile</string>
		</dict>
		<key>2B97A1801CDC2B3100B4989C</key>
		<dict>
			<key>children</key>
			<array>
				<string>2B97A18B1CDC2BF900B4989C</string>
				<string>2B97A18C1CDC2BF900B4989C</string>
			</array>
			<key>isa</key>
			<string>PBXGroup</string>
			<key>name</key>
			<string>&#39318;&#39029;</string>
			<key>sourceTree</key>
			<string>&lt;group&gt;</string>
		</dict>
		<key>2B97A1811CDC2B4900B4989C</key>
		<dict>
			<key>children</key>
			<array>
				<string>2B97A1851CDC2BC000B4989C</string>
				<string>2B97A1861CDC2BC000B4989C</string>
				<string>2B97A1971CDC361500B4989C</string>
				<string>2B97A1981CDC361500B4989C</string>
				<string>2B97A19A1CDC38CD00B4989C</string>
				<string>2B97A19B1CDC38CD00B4989C</string>
			</array>
			<key>isa</key>
			<string>PBXGroup</string>
			<key>name</key>
			<string>&#21457;&#29616;</string>
			<key>sourceTree</key>
			<string>&lt;group&gt;</string>
		</dict>
		<key>2B97A1821CDC2B4D00B4989C</key>
		<dict>
			<key>children</key>
			<array>
				<string>2B97A1881CDC2BE200B4989C</string>
				<string>2B97A1891CDC2BE200B4989C</string>
			</array>
			<key>isa</key>
			<string>PBXGroup</string>
			<key>name</key>
			<string>&#25628;&#32034;</string>
			<key>sourceTree</key>
			<string>&lt;group&gt;</string>
		</dict>
		<key>2B97A1831CDC2B5200B4989C</key>
		<dict>
			<key>children</key>
			<array>
				<string>2B97A1911CDC2C4B00B4989C</string>
				<string>2B97A1921CDC2C4B00B4989C</string>
			</array>
			<key>isa</key>
			<string>PBXGroup</string>
			<key>name</key>
			<string>&#35746;&#21333;</string>
			<key>sourceTree</key>
			<string>&lt;group&gt;</string>
		</dict>
		<key>2B97A1841CDC2B5900B4989C</key>
		<dict>
			<key>children</key>
			<array>
				<string>2B97A18E1CDC2C0E00B4989C</string>
				<string>2B97A18F1CDC2C0E00B4989C</string>
			</array>
			<key>isa</key>
			<string>PBXGroup</string>
			<key>name</key>
			<string>&#25105;&#30340;</string>
			<key>sourceTree</key>
			<string>&lt;group&gt;</string>
		</dict>
		<key>2B97A1851CDC2BC000B4989C</key>
		<dict>
			<key>fileEncoding</key>
			<string>4</string>
			<key>isa</key>
			<string>PBXFileReference</string>
			<key>lastKnownFileType</key>
			<string>sourcecode.c.h</string>
			<key>path</key>
			<string>FindViewController.h</string>
			<key>sourceTree</key>
			<string>&lt;group&gt;</string>
		</dict>
		<key>2B97A1861CDC2BC000B4989C</key>
		<dict>
			<key>fileEncoding</key>
			<string>4</string>
			<key>isa</key>
			<string>PBXFileReference</string>
			<key>lastKnownFileType</key>
			<string>sourcecode.c.objc</string>
			<key>path</key>
			<string>FindViewController.m</string>
			<key>sourceTree</key>
			<string>&lt;group&gt;</string>
		</dict>
		<key>2B97A1871CDC2BC000B4989C</key>
		<dict>
			<key>fileRef</key>
			<string>2B97A1861CDC2BC000B4989C</string>
			<key>isa</key>
			<string>PBXBuildFile</string>
		</dict>
		<key>2B97A1881CDC2BE200B4989C</key>
		<dict>
			<key>fileEncoding</key>
			<string>4</string>
			<key>isa</key>
			<string>PBXFileReference</string>
			<key>lastKnownFileType</key>
			<string>sourcecode.c.h</string>
			<key>path</key>
			<string>SearchViewController.h</string>
			<key>sourceTree</key>
			<string>&lt;group&gt;</string>
		</dict>
		<key>2B97A1891CDC2BE200B4989C</key>
		<dict>
			<key>fileEncoding</key>
			<string>4</string>
			<key>isa</key>
			<string>PBXFileReference</string>
			<key>lastKnownFileType</key>
			<string>sourcecode.c.objc</string>
			<key>path</key>
			<string>SearchViewController.m</string>
			<key>sourceTree</key>
			<string>&lt;group&gt;</string>
		</dict>
		<key>2B97A18A1CDC2BE200B4989C</key>
		<dict>
			<key>fileRef</key>
			<string>2B97A1891CDC2BE200B4989C</string>
			<key>isa</key>
			<string>PBXBuildFile</string>
		</dict>
		<key>2B97A18B1CDC2BF900B4989C</key>
		<dict>
			<key>fileEncoding</key>
			<string>4</string>
			<key>isa</key>
			<string>PBXFileReference</string>
			<key>lastKnownFileType</key>
			<string>sourcecode.c.h</string>
			<key>path</key>
			<string>HomeViewController.h</string>
			<key>sourceTree</key>
			<string>&lt;group&gt;</string>
		</dict>
		<key>2B97A18C1CDC2BF900B4989C</key>
		<dict>
			<key>fileEncoding</key>
			<string>4</string>
			<key>isa</key>
			<string>PBXFileReference</string>
			<key>lastKnownFileType</key>
			<string>sourcecode.c.objc</string>
			<key>path</key>
			<string>HomeViewController.m</string>
			<key>sourceTree</key>
			<string>&lt;group&gt;</string>
		</dict>
		<key>2B97A18D1CDC2BF900B4989C</key>
		<dict>
			<key>fileRef</key>
			<string>2B97A18C1CDC2BF900B4989C</string>
			<key>isa</key>
			<string>PBXBuildFile</string>
		</dict>
		<key>2B97A18E1CDC2C0E00B4989C</key>
		<dict>
			<key>fileEncoding</key>
			<string>4</string>
			<key>isa</key>
			<string>PBXFileReference</string>
			<key>lastKnownFileType</key>
			<string>sourcecode.c.h</string>
			<key>path</key>
			<string>MainViewController.h</string>
			<key>sourceTree</key>
			<string>&lt;group&gt;</string>
		</dict>
		<key>2B97A18F1CDC2C0E00B4989C</key>
		<dict>
			<key>fileEncoding</key>
			<string>4</string>
			<key>isa</key>
			<string>PBXFileReference</string>
			<key>lastKnownFileType</key>
			<string>sourcecode.c.objc</string>
			<key>path</key>
			<string>MainViewController.m</string>
			<key>sourceTree</key>
			<string>&lt;group&gt;</string>
		</dict>
		<key>2B97A1901CDC2C0E00B4989C</key>
		<dict>
			<key>fileRef</key>
			<string>2B97A18F1CDC2C0E00B4989C</string>
			<key>isa</key>
			<string>PBXBuildFile</string>
		</dict>
		<key>2B97A1911CDC2C4B00B4989C</key>
		<dict>
			<key>fileEncoding</key>
			<string>4</string>
			<key>isa</key>
			<string>PBXFileReference</string>
			<key>lastKnownFileType</key>
			<string>sourcecode.c.h</string>
			<key>path</key>
			<string>OrderViewController.h</string>
			<key>sourceTree</key>
			<string>&lt;group&gt;</string>
		</dict>
		<key>2B97A1921CDC2C4B00B4989C</key>
		<dict>
			<key>fileEncoding</key>
			<string>4</string>
			<key>isa</key>
			<string>PBXFileReference</string>
			<key>lastKnownFileType</key>
			<string>sourcecode.c.objc</string>
			<key>path</key>
			<string>OrderViewController.m</string>
			<key>sourceTree</key>
			<string>&lt;group&gt;</string>
		</dict>
		<key>2B97A1931CDC2C4B00B4989C</key>
		<dict>
			<key>fileRef</key>
			<string>2B97A1921CDC2C4B00B4989C</string>
			<key>isa</key>
			<string>PBXBuildFile</string>
		</dict>
		<key>2B97A1971CDC361500B4989C</key>
		<dict>
			<key>fileEncoding</key>
			<string>4</string>
			<key>isa</key>
			<string>PBXFileReference</string>
			<key>lastKnownFileType</key>
			<string>sourcecode.c.h</string>
			<key>path</key>
			<string>CYPartyViewController.h</string>
			<key>sourceTree</key>
			<string>&lt;group&gt;</string>
		</dict>
		<key>2B97A1981CDC361500B4989C</key>
		<dict>
			<key>fileEncoding</key>
			<string>4</string>
			<key>isa</key>
			<string>PBXFileReference</string>
			<key>lastKnownFileType</key>
			<string>sourcecode.c.objc</string>
			<key>path</key>
			<string>CYPartyViewController.m</string>
			<key>sourceTree</key>
			<string>&lt;group&gt;</string>
		</dict>
		<key>2B97A1991CDC361500B4989C</key>
		<dict>
			<key>fileRef</key>
			<string>2B97A1981CDC361500B4989C</string>
			<key>isa</key>
			<string>PBXBuildFile</string>
		</dict>
		<key>2B97A19A1CDC38CD00B4989C</key>
		<dict>
			<key>fileEncoding</key>
			<string>4</string>
			<key>isa</key>
			<string>PBXFileReference</string>
			<key>lastKnownFileType</key>
			<string>sourcecode.c.h</string>
			<key>path</key>
			<string>CYCallViewController.h</string>
			<key>sourceTree</key>
			<string>&lt;group&gt;</string>
		</dict>
		<key>2B97A19B1CDC38CD00B4989C</key>
		<dict>
			<key>fileEncoding</key>
			<string>4</string>
			<key>isa</key>
			<string>PBXFileReference</string>
			<key>lastKnownFileType</key>
			<string>sourcecode.c.objc</string>
			<key>path</key>
			<string>CYCallViewController.m</string>
			<key>sourceTree</key>
			<string>&lt;group&gt;</string>
		</dict>
		<key>2B97A19C1CDC38CD00B4989C</key>
		<dict>
			<key>fileRef</key>
			<string>2B97A19B1CDC38CD00B4989C</string>
			<key>isa</key>
			<string>PBXBuildFile</string>
		</dict>
		<key>2B97A19D1CDC4E2200B4989C</key>
		<dict>
			<key>isa</key>
			<string>PBXFileReference</string>
			<key>lastKnownFileType</key>
			<string>folder.assetcatalog</string>
			<key>path</key>
			<string>Assets.xcassets</string>
			<key>sourceTree</key>
			<string>&lt;group&gt;</string>
		</dict>
		<key>2B97A19E1CDC4E2200B4989C</key>
		<dict>
			<key>fileRef</key>
			<string>2B97A19D1CDC4E2200B4989C</string>
			<key>isa</key>
			<string>PBXBuildFile</string>
		</dict>
		<key>32E8EF9BBE4402875978F035</key>
		<dict>
			<key>explicitFileType</key>
			<string>archive.ar</string>
			<key>includeInIndex</key>
			<string>0</string>
			<key>isa</key>
			<string>PBXFileReference</string>
			<key>path</key>
			<string>libPods.a</string>
			<key>sourceTree</key>
			<string>BUILT_PRODUCTS_DIR</string>
		</dict>
		<key>84B32E114A75699846B69112</key>
		<dict>
			<key>includeInIndex</key>
			<string>1</string>
			<key>isa</key>
			<string>PBXFileReference</string>
			<key>lastKnownFileType</key>
			<string>text.xcconfig</string>
			<key>name</key>
			<string>Pods.debug.xcconfig</string>
			<key>path</key>
			<string>Pods/Target Support Files/Pods/Pods.debug.xcconfig</string>
			<key>sourceTree</key>
			<string>&lt;group&gt;</string>
		</dict>
		<key>938E96DF1B047757F4B0CBE1</key>
		<dict>
			<key>children</key>
			<array>
				<string>32E8EF9BBE4402875978F035</string>
			</array>
			<key>isa</key>
			<string>PBXGroup</string>
			<key>name</key>
			<string>Frameworks</string>
			<key>sourceTree</key>
			<string>&lt;group&gt;</string>
		</dict>
		<key>B69C2C4EA4D3F680BD85D1C2</key>
		<dict>
			<key>buildActionMask</key>
			<string>2147483647</string>
			<key>files</key>
			<array/>
			<key>inputPaths</key>
			<array/>
			<key>isa</key>
			<string>PBXShellScriptBuildPhase</string>
			<key>name</key>
			<string>Copy Pods Resources</string>
			<key>outputPaths</key>
			<array/>
			<key>runOnlyForDeploymentPostprocessing</key>
			<string>0</string>
			<key>shellPath</key>
			<string>/bin/sh</string>
			<key>shellScript</key>
			<string>"${SRCROOT}/Pods/Target Support Files/Pods/Pods-resources.sh"
</string>
			<key>showEnvVarsInLog</key>
			<string>0</string>
		</dict>
		<key>C0E0C1C954B9EB28235C74BB</key>
		<dict>
			<key>buildActionMask</key>
			<string>2147483647</string>
			<key>files</key>
			<array/>
			<key>inputPaths</key>
			<array/>
			<key>isa</key>
			<string>PBXShellScriptBuildPhase</string>
			<key>name</key>
			<string>Check Pods Manifest.lock</string>
			<key>outputPaths</key>
			<array/>
			<key>runOnlyForDeploymentPostprocessing</key>
			<string>0</string>
			<key>shellPath</key>
			<string>/bin/sh</string>
			<key>shellScript</key>
			<string>diff "${PODS_ROOT}/../Podfile.lock" "${PODS_ROOT}/Manifest.lock" &gt; /dev/null
if [[ $? != 0 ]] ; then
    cat &lt;&lt; EOM
error: The sandbox is not in sync with the Podfile.lock. Run 'pod install' or update your CocoaPods installation.
EOM
    exit 1
fi
</string>
			<key>showEnvVarsInLog</key>
			<string>0</string>
		</dict>
		<key>C147FA287A0943B1762168F1</key>
		<dict>
			<key>children</key>
			<array>
				<string>84B32E114A75699846B69112</string>
				<string>F0AFC9F2EE209C0A3A7F964C</string>
			</array>
			<key>isa</key>
			<string>PBXGroup</string>
			<key>name</key>
			<string>Pods</string>
			<key>sourceTree</key>
			<string>&lt;group&gt;</string>
		</dict>
		<key>F0AFC9F2EE209C0A3A7F964C</key>
		<dict>
			<key>includeInIndex</key>
			<string>1</string>
			<key>isa</key>
			<string>PBXFileReference</string>
			<key>lastKnownFileType</key>
			<string>text.xcconfig</string>
			<key>name</key>
			<string>Pods.release.xcconfig</string>
			<key>path</key>
			<string>Pods/Target Support Files/Pods/Pods.release.xcconfig</string>
			<key>sourceTree</key>
			<string>&lt;group&gt;</string>
		</dict>
	</dict>
	<key>rootObject</key>
	<string>2B97A1221CDC264700B4989C</string>
</dict>
</plist>
