// !$*UTF8*$!
{
	archiveVersion = 1;
	classes = {
	};
	objectVersion = 46;
	objects = {

/* Begin PBXBuildFile section */
		D28F2E9A1CDA18EA00AF605E /* main.m in Sources */ = {isa = PBXBuildFile; fileRef = D28F2E991CDA18EA00AF605E /* main.m */; };
		D28F2E9D1CDA18EA00AF605E /* AppDelegate.m in Sources */ = {isa = PBXBuildFile; fileRef = D28F2E9C1CDA18EA00AF605E /* AppDelegate.m */; };
		D28F2EA01CDA18EA00AF605E /* ViewController.m in Sources */ = {isa = PBXBuildFile; fileRef = D28F2E9F1CDA18EA00AF605E /* ViewController.m */; };
		D28F2EA31CDA18EA00AF605E /* Main.storyboard in Resources */ = {isa = PBXBuildFile; fileRef = D28F2EA11CDA18EA00AF605E /* Main.storyboard */; };
		D28F2EA51CDA18EA00AF605E /* Assets.xcassets in Resources */ = {isa = PBXBuildFile; fileRef = D28F2EA41CDA18EA00AF605E /* Assets.xcassets */; };
		D28F2EA81CDA18EA00AF605E /* LaunchScreen.storyboard in Resources */ = {isa = PBXBuildFile; fileRef = D28F2EA61CDA18EA00AF605E /* LaunchScreen.storyboard */; };
		D28F2EB31CDA18EB00AF605E /* zhengtuTests.m in Sources */ = {isa = PBXBuildFile; fileRef = D28F2EB21CDA18EB00AF605E /* zhengtuTests.m */; };
		D28F2EBE1CDA18EB00AF605E /* zhengtuUITests.m in Sources */ = {isa = PBXBuildFile; fileRef = D28F2EBD1CDA18EB00AF605E /* zhengtuUITests.m */; };
/* End PBXBuildFile section */

/* Begin PBXContainerItemProxy section */
		D28F2EAF1CDA18EB00AF605E /* PBXContainerItemProxy */ = {
			isa = PBXContainerItemProxy;
			containerPortal = D28F2E8D1CDA18EA00AF605E /* Project object */;
			proxyType = 1;
			remoteGlobalIDString = D28F2E941CDA18EA00AF605E;
			remoteInfo = zhengtu;
		};
		D28F2EBA1CDA18EB00AF605E /* PBXContainerItemProxy */ = {
			isa = PBXContainerItemProxy;
			containerPortal = D28F2E8D1CDA18EA00AF605E /* Project object */;
			proxyType = 1;
			remoteGlobalIDString = D28F2E941CDA18EA00AF605E;
			remoteInfo = zhengtu;
		};
/* End PBXContainerItemProxy section */

/* Begin PBXFileReference section */
		D28F2E951CDA18EA00AF605E /* zhengtu.app */ = {isa = PBXFileReference; explicitFileType = wrapper.application; includeInIndex = 0; path = zhengtu.app; sourceTree = BUILT_PRODUCTS_DIR; };
		D28F2E991CDA18EA00AF605E /* main.m */ = {isa = PBXFileReference; lastKnownFileType = sourcecode.c.objc; path = main.m; sourceTree = "<group>"; };
		D28F2E9B1CDA18EA00AF605E /* AppDelegate.h */ = {isa = PBXFileReference; lastKnownFileType = sourcecode.c.h; path = AppDelegate.h; sourceTree = "<group>"; };
		D28F2E9C1CDA18EA00AF605E /* AppDelegate.m */ = {isa = PBXFileReference; lastKnownFileType = sourcecode.c.objc; path = AppDelegate.m; sourceTree = "<group>"; };
		D28F2E9E1CDA18EA00AF605E /* ViewController.h */ = {isa = PBXFileReference; lastKnownFileType = sourcecode.c.h; path = ViewController.h; sourceTree = "<group>"; };
		D28F2E9F1CDA18EA00AF605E /* ViewController.m */ = {isa = PBXFileReference; lastKnownFileType = sourcecode.c.objc; path = ViewController.m; sourceTree = "<group>"; };
		D28F2EA21CDA18EA00AF605E /* Base */ = {isa = PBXFileReference; lastKnownFileType = file.storyboard; name = Base; path = Base.lproj/Main.storyboard; sourceTree = "<group>"; };
		D28F2EA41CDA18EA00AF605E /* Assets.xcassets */ = {isa = PBXFileReference; lastKnownFileType = folder.assetcatalog; path = Assets.xcassets; sourceTree = "<group>"; };
		D28F2EA71CDA18EA00AF605E /* Base */ = {isa = PBXFileReference; lastKnownFileType = file.storyboard; name = Base; path = Base.lproj/LaunchScreen.storyboard; sourceTree = "<group>"; };
		D28F2EA91CDA18EA00AF605E /* Info.plist */ = {isa = PBXFileReference; lastKnownFileType = text.plist.xml; path = Info.plist; sourceTree = "<group>"; };
		D28F2EAE1CDA18EB00AF605E /* zhengtuTests.xctest */ = {isa = PBXFileReference; explicitFileType = wrapper.cfbundle; includeInIndex = 0; path = zhengtuTests.xctest; sourceTree = BUILT_PRODUCTS_DIR; };
		D28F2EB21CDA18EB00AF605E /* zhengtuTests.m */ = {isa = PBXFileReference; lastKnownFileType = sourcecode.c.objc; path = zhengtuTests.m; sourceTree = "<group>"; };
		D28F2EB41CDA18EB00AF605E /* Info.plist */ = {isa = PBXFileReference; lastKnownFileType = text.plist.xml; path = Info.plist; sourceTree = "<group>"; };
		D28F2EB91CDA18EB00AF605E /* zhengtuUITests.xctest */ = {isa = PBXFileReference; explicitFileType = wrapper.cfbundle; includeInIndex = 0; path = zhengtuUITests.xctest; sourceTree = BUILT_PRODUCTS_DIR; };
		D28F2EBD1CDA18EB00AF605E /* zhengtuUITests.m */ = {isa = PBXFileReference; lastKnownFileType = sourcecode.c.objc; path = zhengtuUITests.m; sourceTree = "<group>"; };
		D28F2EBF1CDA18EB00AF605E /* Info.plist */ = {isa = PBXFileReference; lastKnownFileType = text.plist.xml; path = Info.plist; sourceTree = "<group>"; };
/* End PBXFileReference section */

/* Begin PBXFrameworksBuildPhase section */
		D28F2E921CDA18EA00AF605E /* Frameworks */ = {
			isa = PBXFrameworksBuildPhase;
			buildActionMask = 2147483647;
			files = (
			);
			runOnlyForDeploymentPostprocessing = 0;
		};
		D28F2EAB1CDA18EB00AF605E /* Frameworks */ = {
			isa = PBXFrameworksBuildPhase;
			buildActionMask = 2147483647;
			files = (
			);
			runOnlyForDeploymentPostprocessing = 0;
		};
		D28F2EB61CDA18EB00AF605E /* Frameworks */ = {
			isa = PBXFrameworksBuildPhase;
			buildActionMask = 2147483647;
			files = (
			);
			runOnlyForDeploymentPostprocessing = 0;
		};
/* End PBXFrameworksBuildPhase section */

/* Begin PBXGroup section */
		D28F2E8C1CDA18EA00AF605E = {
			isa = PBXGroup;
			children = (
				D28F2E971CDA18EA00AF605E /* zhengtu */,
				D28F2EB11CDA18EB00AF605E /* zhengtuTests */,
				D28F2EBC1CDA18EB00AF605E /* zhengtuUITests */,
				D28F2E961CDA18EA00AF605E /* Products */,
			);
			sourceTree = "<group>";
		};
		D28F2E961CDA18EA00AF605E /* Products */ = {
			isa = PBXGroup;
			children = (
				D28F2E951CDA18EA00AF605E /* zhengtu.app */,
				D28F2EAE1CDA18EB00AF605E /* zhengtuTests.xctest */,
				D28F2EB91CDA18EB00AF605E /* zhengtuUITests.xctest */,
			);
			name = Products;
			sourceTree = "<group>";
		};
		D28F2E971CDA18EA00AF605E /* zhengtu */ = {
			isa = PBXGroup;
			children = (
				D28F2E9B1CDA18EA00AF605E /* AppDelegate.h */,
				D28F2E9C1CDA18EA00AF605E /* AppDelegate.m */,
				D28F2E9E1CDA18EA00AF605E /* ViewController.h */,
				D28F2E9F1CDA18EA00AF605E /* ViewController.m */,
				D28F2EA11CDA18EA00AF605E /* Main.storyboard */,
				D28F2EA41CDA18EA00AF605E /* Assets.xcassets */,
				D28F2EA61CDA18EA00AF605E /* LaunchScreen.storyboard */,
				D28F2EA91CDA18EA00AF605E /* Info.plist */,
				D28F2E981CDA18EA00AF605E /* Supporting Files */,
			);
			path = zhengtu;
			sourceTree = "<group>";
		};
		D28F2E981CDA18EA00AF605E /* Supporting Files */ = {
			isa = PBXGroup;
			children = (
				D28F2E991CDA18EA00AF605E /* main.m */,
			);
			name = "Supporting Files";
			sourceTree = "<group>";
		};
		D28F2EB11CDA18EB00AF605E /* zhengtuTests */ = {
			isa = PBXGroup;
			children = (
				D28F2EB21CDA18EB00AF605E /* zhengtuTests.m */,
				D28F2EB41CDA18EB00AF605E /* Info.plist */,
			);
			path = zhengtuTests;
			sourceTree = "<group>";
		};
		D28F2EBC1CDA18EB00AF605E /* zhengtuUITests */ = {
			isa = PBXGroup;
			children = (
				D28F2EBD1CDA18EB00AF605E /* zhengtuUITests.m */,
				D28F2EBF1CDA18EB00AF605E /* Info.plist */,
			);
			path = zhengtuUITests;
			sourceTree = "<group>";
		};
/* End PBXGroup section */

/* Begin PBXNativeTarget section */
		D28F2E941CDA18EA00AF605E /* zhengtu */ = {
			isa = PBXNativeTarget;
			buildConfigurationList = D28F2EC21CDA18EB00AF605E /* Build configuration list for PBXNativeTarget "zhengtu" */;
			buildPhases = (
				D28F2E911CDA18EA00AF605E /* Sources */,
				D28F2E921CDA18EA00AF605E /* Frameworks */,
				D28F2E931CDA18EA00AF605E /* Resources */,
			);
			buildRules = (
			);
			dependencies = (
			);
			name = zhengtu;
			productName = zhengtu;
			productReference = D28F2E951CDA18EA00AF605E /* zhengtu.app */;
			productType = "com.apple.product-type.application";
		};
		D28F2EAD1CDA18EB00AF605E /* zhengtuTests */ = {
			isa = PBXNativeTarget;
			buildConfigurationList = D28F2EC51CDA18EB00AF605E /* Build configuration list for PBXNativeTarget "zhengtuTests" */;
			buildPhases = (
				D28F2EAA1CDA18EB00AF605E /* Sources */,
				D28F2EAB1CDA18EB00AF605E /* Frameworks */,
				D28F2EAC1CDA18EB00AF605E /* Resources */,
			);
			buildRules = (
			);
			dependencies = (
				D28F2EB01CDA18EB00AF605E /* PBXTargetDependency */,
			);
			name = zhengtuTests;
			productName = zhengtuTests;
			productReference = D28F2EAE1CDA18EB00AF605E /* zhengtuTests.xctest */;
			productType = "com.apple.product-type.bundle.unit-test";
		};
		D28F2EB81CDA18EB00AF605E /* zhengtuUITests */ = {
			isa = PBXNativeTarget;
			buildConfigurationList = D28F2EC81CDA18EB00AF605E /* Build configuration list for PBXNativeTarget "zhengtuUITests" */;
			buildPhases = (
				D28F2EB51CDA18EB00AF605E /* Sources */,
				D28F2EB61CDA18EB00AF605E /* Frameworks */,
				D28F2EB71CDA18EB00AF605E /* Resources */,
			);
			buildRules = (
			);
			dependencies = (
				D28F2EBB1CDA18EB00AF605E /* PBXTargetDependency */,
			);
			name = zhengtuUITests;
			productName = zhengtuUITests;
			productReference = D28F2EB91CDA18EB00AF605E /* zhengtuUITests.xctest */;
			productType = "com.apple.product-type.bundle.ui-testing";
		};
/* End PBXNativeTarget section */

/* Begin PBXProject section */
		D28F2E8D1CDA18EA00AF605E /* Project object */ = {
			isa = PBXProject;
			attributes = {
				LastUpgradeCheck = 0730;
				ORGANIZATIONNAME = llz;
				TargetAttributes = {
					D28F2E941CDA18EA00AF605E = {
						CreatedOnToolsVersion = 7.3;
					};
					D28F2EAD1CDA18EB00AF605E = {
						CreatedOnToolsVersion = 7.3;
						TestTargetID = D28F2E941CDA18EA00AF605E;
					};
					D28F2EB81CDA18EB00AF605E = {
						CreatedOnToolsVersion = 7.3;
						TestTargetID = D28F2E941CDA18EA00AF605E;
					};
				};
			};
			buildConfigurationList = D28F2E901CDA18EA00AF605E /* Build configuration list for PBXProject "zhengtu" */;
			compatibilityVersion = "Xcode 3.2";
			developmentRegion = English;
			hasScannedForEncodings = 0;
			knownRegions = (
				en,
				Base,
			);
			mainGroup = D28F2E8C1CDA18EA00AF605E;
			productRefGroup = D28F2E961CDA18EA00AF605E /* Products */;
			projectDirPath = "";
			projectRoot = "";
			targets = (
				D28F2E941CDA18EA00AF605E /* zhengtu */,
				D28F2EAD1CDA18EB00AF605E /* zhengtuTests */,
				D28F2EB81CDA18EB00AF605E /* zhengtuUITests */,
			);
		};
/* End PBXProject section */

/* Begin PBXResourcesBuildPhase section */
		D28F2E931CDA18EA00AF605E /* Resources */ = {
			isa = PBXResourcesBuildPhase;
			buildActionMask = 2147483647;
			files = (
				D28F2EA81CDA18EA00AF605E /* LaunchScreen.storyboard in Resources */,
				D28F2EA51CDA18EA00AF605E /* Assets.xcassets in Resources */,
				D28F2EA31CDA18EA00AF605E /* Main.storyboard in Resources */,
			);
			runOnlyForDeploymentPostprocessing = 0;
		};
		D28F2EAC1CDA18EB00AF605E /* Resources */ = {
			isa = PBXResourcesBuildPhase;
			buildActionMask = 2147483647;
			files = (
			);
			runOnlyForDeploymentPostprocessing = 0;
		};
		D28F2EB71CDA18EB00AF605E /* Resources */ = {
			isa = PBXResourcesBuildPhase;
			buildActionMask = 2147483647;
			files = (
			);
			runOnlyForDeploymentPostprocessing = 0;
		};
/* End PBXResourcesBuildPhase section */

/* Begin PBXSourcesBuildPhase section */
		D28F2E911CDA18EA00AF605E /* Sources */ = {
			isa = PBXSourcesBuildPhase;
			buildActionMask = 2147483647;
			files = (
				D28F2EA01CDA18EA00AF605E /* ViewController.m in Sources */,
				D28F2E9D1CDA18EA00AF605E /* AppDelegate.m in Sources */,
				D28F2E9A1CDA18EA00AF605E /* main.m in Sources */,
			);
			runOnlyForDeploymentPostprocessing = 0;
		};
		D28F2EAA1CDA18EB00AF605E /* Sources */ = {
			isa = PBXSourcesBuildPhase;
			buildActionMask = 2147483647;
			files = (
				D28F2EB31CDA18EB00AF605E /* zhengtuTests.m in Sources */,
			);
			runOnlyForDeploymentPostprocessing = 0;
		};
		D28F2EB51CDA18EB00AF605E /* Sources */ = {
			isa = PBXSourcesBuildPhase;
			buildActionMask = 2147483647;
			files = (
				D28F2EBE1CDA18EB00AF605E /* zhengtuUITests.m in Sources */,
			);
			runOnlyForDeploymentPostprocessing = 0;
		};
/* End PBXSourcesBuildPhase section */

/* Begin PBXTargetDependency section */
		D28F2EB01CDA18EB00AF605E /* PBXTargetDependency */ = {
			isa = PBXTargetDependency;
			target = D28F2E941CDA18EA00AF605E /* zhengtu */;
			targetProxy = D28F2EAF1CDA18EB00AF605E /* PBXContainerItemProxy */;
		};
		D28F2EBB1CDA18EB00AF605E /* PBXTargetDependency */ = {
			isa = PBXTargetDependency;
			target = D28F2E941CDA18EA00AF605E /* zhengtu */;
			targetProxy = D28F2EBA1CDA18EB00AF605E /* PBXContainerItemProxy */;
		};
/* End PBXTargetDependency section */

/* Begin PBXVariantGroup section */
		D28F2EA11CDA18EA00AF605E /* Main.storyboard */ = {
			isa = PBXVariantGroup;
			children = (
				D28F2EA21CDA18EA00AF605E /* Base */,
			);
			name = Main.storyboard;
			sourceTree = "<group>";
		};
		D28F2EA61CDA18EA00AF605E /* LaunchScreen.storyboard */ = {
			isa = PBXVariantGroup;
			children = (
				D28F2EA71CDA18EA00AF605E /* Base */,
			);
			name = LaunchScreen.storyboard;
			sourceTree = "<group>";
		};
/* End PBXVariantGroup section */

/* Begin XCBuildConfiguration section */
		D28F2EC01CDA18EB00AF605E /* Debug */ = {
			isa = XCBuildConfiguration;
			buildSettings = {
				ALWAYS_SEARCH_USER_PATHS = NO;
				CLANG_ANALYZER_NONNULL = YES;
				CLANG_CXX_LANGUAGE_STANDARD = "gnu++0x";
				CLANG_CXX_LIBRARY = "libc++";
				CLANG_ENABLE_MODULES = YES;
				CLANG_ENABLE_OBJC_ARC = YES;
				CLANG_WARN_BOOL_CONVERSION = YES;
				CLANG_WARN_CONSTANT_CONVERSION = YES;
				CLANG_WARN_DIRECT_OBJC_ISA_USAGE = YES_ERROR;
				CLANG_WARN_EMPTY_BODY = YES;
				CLANG_WARN_ENUM_CONVERSION = YES;
				CLANG_WARN_INT_CONVERSION = YES;
				CLANG_WARN_OBJC_ROOT_CLASS = YES_ERROR;
				CLANG_WARN_UNREACHABLE_CODE = YES;
				CLANG_WARN__DUPLICATE_METHOD_MATCH = YES;
				"CODE_SIGN_IDENTITY[sdk=iphoneos*]" = "iPhone Developer";
				COPY_PHASE_STRIP = NO;
				DEBUG_INFORMATION_FORMAT = dwarf;
				ENABLE_STRICT_OBJC_MSGSEND = YES;
				ENABLE_TESTABILITY = YES;
				GCC_C_LANGUAGE_STANDARD = gnu99;
				GCC_DYNAMIC_NO_PIC = NO;
				GCC_NO_COMMON_BLOCKS = YES;
				GCC_OPTIMIZATION_LEVEL = 0;
				GCC_PREPROCESSOR_DEFINITIONS = (
					"DEBUG=1",
					"$(inherited)",
				);
				GCC_WARN_64_TO_32_BIT_CONVERSION = YES;
				GCC_WARN_ABOUT_RETURN_TYPE = YES_ERROR;
				GCC_WARN_UNDECLARED_SELECTOR = YES;
				GCC_WARN_UNINITIALIZED_AUTOS = YES_AGGRESSIVE;
				GCC_WARN_UNUSED_FUNCTION = YES;
				GCC_WARN_UNUSED_VARIABLE = YES;
				IPHONEOS_DEPLOYMENT_TARGET = 9.3;
				MTL_ENABLE_DEBUG_INFO = YES;
				ONLY_ACTIVE_ARCH = YES;
				SDKROOT = iphoneos;
			};
			name = Debug;
		};
		D28F2EC11CDA18EB00AF605E /* Release */ = {
			isa = XCBuildConfiguration;
			buildSettings = {
				ALWAYS_SEARCH_USER_PATHS = NO;
				CLANG_ANALYZER_NONNULL = YES;
				CLANG_CXX_LANGUAGE_STANDARD = "gnu++0x";
				CLANG_CXX_LIBRARY = "libc++";
				CLANG_ENABLE_MODULES = YES;
				CLANG_ENABLE_OBJC_ARC = YES;
				CLANG_WARN_BOOL_CONVERSION = YES;
				CLANG_WARN_CONSTANT_CONVERSION = YES;
				CLANG_WARN_DIRECT_OBJC_ISA_USAGE = YES_ERROR;
				CLANG_WARN_EMPTY_BODY = YES;
				CLANG_WARN_ENUM_CONVERSION = YES;
				CLANG_WARN_INT_CONVERSION = YES;
				CLANG_WARN_OBJC_ROOT_CLASS = YES_ERROR;
				CLANG_WARN_UNREACHABLE_CODE = YES;
				CLANG_WARN__DUPLICATE_METHOD_MATCH = YES;
				"CODE_SIGN_IDENTITY[sdk=iphoneos*]" = "iPhone Developer";
				COPY_PHASE_STRIP = NO;
				DEBUG_INFORMATION_FORMAT = "dwarf-with-dsym";
				ENABLE_NS_ASSERTIONS = NO;
				ENABLE_STRICT_OBJC_MSGSEND = YES;
				GCC_C_LANGUAGE_STANDARD = gnu99;
				GCC_NO_COMMON_BLOCKS = YES;
				GCC_WARN_64_TO_32_BIT_CONVERSION = YES;
				GCC_WARN_ABOUT_RETURN_TYPE = YES_ERROR;
				GCC_WARN_UNDECLARED_SELECTOR = YES;
				GCC_WARN_UNINITIALIZED_AUTOS = YES_AGGRESSIVE;
				GCC_WARN_UNUSED_FUNCTION = YES;
				GCC_WARN_UNUSED_VARIABLE = YES;
				IPHONEOS_DEPLOYMENT_TARGET = 9.3;
				MTL_ENABLE_DEBUG_INFO = NO;
				SDKROOT = iphoneos;
				VALIDATE_PRODUCT = YES;
			};
			name = Release;
		};
		D28F2EC31CDA18EB00AF605E /* Debug */ = {
			isa = XCBuildConfiguration;
			buildSettings = {
				ASSETCATALOG_COMPILER_APPICON_NAME = AppIcon;
				INFOPLIST_FILE = zhengtu/Info.plist;
				LD_RUNPATH_SEARCH_PATHS = "$(inherited) @executable_path/Frameworks";
				PRODUCT_BUNDLE_IDENTIFIER = com.llz.net.zhengtu;
				PRODUCT_NAME = "$(TARGET_NAME)";
			};
			name = Debug;
		};
		D28F2EC41CDA18EB00AF605E /* Release */ = {
			isa = XCBuildConfiguration;
			buildSettings = {
				ASSETCATALOG_COMPILER_APPICON_NAME = AppIcon;
				INFOPLIST_FILE = zhengtu/Info.plist;
				LD_RUNPATH_SEARCH_PATHS = "$(inherited) @executable_path/Frameworks";
				PRODUCT_BUNDLE_IDENTIFIER = com.llz.net.zhengtu;
				PRODUCT_NAME = "$(TARGET_NAME)";
			};
			name = Release;
		};
		D28F2EC61CDA18EB00AF605E /* Debug */ = {
			isa = XCBuildConfiguration;
			buildSettings = {
				BUNDLE_LOADER = "$(TEST_HOST)";
				INFOPLIST_FILE = zhengtuTests/Info.plist;
				LD_RUNPATH_SEARCH_PATHS = "$(inherited) @executable_path/Frameworks @loader_path/Frameworks";
				PRODUCT_BUNDLE_IDENTIFIER = com.llz.net.zhengtuTests;
				PRODUCT_NAME = "$(TARGET_NAME)";
				TEST_HOST = "$(BUILT_PRODUCTS_DIR)/zhengtu.app/zhengtu";
			};
			name = Debug;
		};
		D28F2EC71CDA18EB00AF605E /* Release */ = {
			isa = XCBuildConfiguration;
			buildSettings = {
				BUNDLE_LOADER = "$(TEST_HOST)";
				INFOPLIST_FILE = zhengtuTests/Info.plist;
				LD_RUNPATH_SEARCH_PATHS = "$(inherited) @executable_path/Frameworks @loader_path/Frameworks";
				PRODUCT_BUNDLE_IDENTIFIER = com.llz.net.zhengtuTests;
				PRODUCT_NAME = "$(TARGET_NAME)";
				TEST_HOST = "$(BUILT_PRODUCTS_DIR)/zhengtu.app/zhengtu";
			};
			name = Release;
		};
		D28F2EC91CDA18EB00AF605E /* Debug */ = {
			isa = XCBuildConfiguration;
			buildSettings = {
				INFOPLIST_FILE = zhengtuUITests/Info.plist;
				LD_RUNPATH_SEARCH_PATHS = "$(inherited) @executable_path/Frameworks @loader_path/Frameworks";
				PRODUCT_BUNDLE_IDENTIFIER = com.llz.net.zhengtuUITests;
				PRODUCT_NAME = "$(TARGET_NAME)";
				TEST_TARGET_NAME = zhengtu;
			};
			name = Debug;
		};
		D28F2ECA1CDA18EB00AF605E /* Release */ = {
			isa = XCBuildConfiguration;
			buildSettings = {
				INFOPLIST_FILE = zhengtuUITests/Info.plist;
				LD_RUNPATH_SEARCH_PATHS = "$(inherited) @executable_path/Frameworks @loader_path/Frameworks";
				PRODUCT_BUNDLE_IDENTIFIER = com.llz.net.zhengtuUITests;
				PRODUCT_NAME = "$(TARGET_NAME)";
				TEST_TARGET_NAME = zhengtu;
			};
			name = Release;
		};
/* End XCBuildConfiguration section */

/* Begin XCConfigurationList section */
		D28F2E901CDA18EA00AF605E /* Build configuration list for PBXProject "zhengtu" */ = {
			isa = XCConfigurationList;
			buildConfigurations = (
				D28F2EC01CDA18EB00AF605E /* Debug */,
				D28F2EC11CDA18EB00AF605E /* Release */,
			);
			defaultConfigurationIsVisible = 0;
			defaultConfigurationName = Release;
		};
		D28F2EC21CDA18EB00AF605E /* Build configuration list for PBXNativeTarget "zhengtu" */ = {
			isa = XCConfigurationList;
			buildConfigurations = (
				D28F2EC31CDA18EB00AF605E /* Debug */,
				D28F2EC41CDA18EB00AF605E /* Release */,
			);
			defaultConfigurationIsVisible = 0;
		};
		D28F2EC51CDA18EB00AF605E /* Build configuration list for PBXNativeTarget "zhengtuTests" */ = {
			isa = XCConfigurationList;
			buildConfigurations = (
				D28F2EC61CDA18EB00AF605E /* Debug */,
				D28F2EC71CDA18EB00AF605E /* Release */,
			);
			defaultConfigurationIsVisible = 0;
		};
		D28F2EC81CDA18EB00AF605E /* Build configuration list for PBXNativeTarget "zhengtuUITests" */ = {
			isa = XCConfigurationList;
			buildConfigurations = (
				D28F2EC91CDA18EB00AF605E /* Debug */,
				D28F2ECA1CDA18EB00AF605E /* Release */,
			);
			defaultConfigurationIsVisible = 0;
		};
/* End XCConfigurationList section */
	};
	rootObject = D28F2E8D1CDA18EA00AF605E /* Project object */;
}
